
Microsoft Visual Studio Solution File, Format Version 12.00
# Visual Studio Version 17
VisualStudioVersion = 17.9.34407.89
MinimumVisualStudioVersion = 10.0.40219.1
Project("{9A19103F-16F7-4668-BE54-9A1E7A4F7556}") = "OpenXr.Test.Console", "Test\OpenXr.Test.Console\OpenXr.Test.Console.csproj", "{939C0A24-3AFB-4549-BAE2-E3D38A596EF9}"
EndProject
Project("{9A19103F-16F7-4668-BE54-9A1E7A4F7556}") = "Oculus.Platform", "Oculus\Oculus.Platform\Oculus.Platform.csproj", "{7303940D-F639-4B5D-BE7D-43DD416D5695}"
EndProject
Project("{9A19103F-16F7-4668-BE54-9A1E7A4F7556}") = "Oculus.OVRPlugin", "Oculus\Oculus.OVRPlugin\Oculus.OVRPlugin.csproj", "{4F1CDFDA-C61B-4A5A-A6EF-4715054A3819}"
EndProject
Project("{9A19103F-16F7-4668-BE54-9A1E7A4F7556}") = "Oculus.XrPlugin", "Oculus\Oculus.XrPlugin\Oculus.XrPlugin.csproj", "{E6BB6479-B3FD-4667-AF0E-58874042071F}"
EndProject
Project("{9A19103F-16F7-4668-BE54-9A1E7A4F7556}") = "OpenXr.Test.Android", "Test\OpenXr.Test.Android\OpenXr.Test.Android.csproj", "{D0411AF2-3BE4-474C-B945-4343AAAA32BD}"
EndProject
Project("{9A19103F-16F7-4668-BE54-9A1E7A4F7556}") = "OpenXr.Framework", "Framework\OpenXr.Framework\OpenXr.Framework.csproj", "{6EC989A0-9C3B-4995-811C-67AAA0D62518}"
EndProject
Project("{9A19103F-16F7-4668-BE54-9A1E7A4F7556}") = "OpenXr.Framework.Android", "Framework\OpenXr.Framework.Android\OpenXr.Framework.Android.csproj", "{097F45F5-1508-4246-B8E3-A3BEC692F095}"
EndProject
Project("{9A19103F-16F7-4668-BE54-9A1E7A4F7556}") = "OpenXr.Framework.Vulkan", "Framework\OpenXr.Framework.Vulkan\OpenXr.Framework.Vulkan.csproj", "{5D36200C-A06A-4F85-BF4D-2B4EB59BD3D2}"
EndProject
Project("{9A19103F-16F7-4668-BE54-9A1E7A4F7556}") = "OpenXr.Framework.Oculus", "Framework\OpenXr.Framework.Oculus\OpenXr.Framework.Oculus.csproj", "{9D5B205E-A740-41EC-8437-055A2907074B}"
EndProject
Project("{9A19103F-16F7-4668-BE54-9A1E7A4F7556}") = "OpenXr.WebLink", "WebLink\OpenXr.WebLink\OpenXr.WebLink.csproj", "{7B764B8B-9EE1-4C5D-B3CB-7EEF2A40B740}"
EndProject
Project("{2150E333-8FDC-42A3-9474-1A3956D46DE8}") = "Oculus", "Oculus", "{761EFB52-D26A-43E7-ACD5-0CB0162FBCAA}"
EndProject
Project("{9A19103F-16F7-4668-BE54-9A1E7A4F7556}") = "OpenXr.WebLink.Server", "WebLink\OpenXr.WebLink.Server\OpenXr.WebLink.Server.csproj", "{4261866C-1791-4F23-A546-E144276B0F97}"
EndProject
Project("{2150E333-8FDC-42A3-9474-1A3956D46DE8}") = "Test", "Test", "{2F66AE62-56FE-4071-B60E-25D056DA9E91}"
EndProject
Project("{2150E333-8FDC-42A3-9474-1A3956D46DE8}") = "WebLink", "WebLink", "{C285ADD8-71BE-4DD9-AA55-BBAF1C03A77C}"
EndProject
Project("{2150E333-8FDC-42A3-9474-1A3956D46DE8}") = "Framework", "Framework", "{58ED8D02-C682-40C2-A855-A45FD64429F6}"
EndProject
Project("{2150E333-8FDC-42A3-9474-1A3956D46DE8}") = "#Global", "#Global", "{BFA63182-DD48-4C33-B80D-D7F518545D16}"
	ProjectSection(SolutionItems) = preProject
		..\.gitignore = ..\.gitignore
		AspNetCoreMini.props = AspNetCoreMini.props
		Directory.Build.props = Directory.Build.props
		..\readme.md = ..\readme.md
	EndProjectSection
EndProject
Project("{9A19103F-16F7-4668-BE54-9A1E7A4F7556}") = "OpenXr.WebLink.Entities", "WebLink\OpenXr.WebLink.Entities\OpenXr.WebLink.Entities.csproj", "{CE86F573-5553-4276-9098-F2827FB33236}"
EndProject
Project("{9A19103F-16F7-4668-BE54-9A1E7A4F7556}") = "OpenXr.WebLink.Client", "WebLink\OpenXr.WebLink.Client\OpenXr.WebLink.Client.csproj", "{549C1695-99E3-4A75-A285-D8B183950C73}"
EndProject
Project("{9A19103F-16F7-4668-BE54-9A1E7A4F7556}") = "OpenXr.Framework.OpenGL", "Framework\OpenXr.Framework.OpenGL\OpenXr.Framework.OpenGL.csproj", "{696D2042-75EE-4A7E-A58C-D829A9924BC4}"
EndProject
Project("{9A19103F-16F7-4668-BE54-9A1E7A4F7556}") = "OpenXr.Framework.OpenGLES", "Framework\OpenXr.Framework.OpenGLES\OpenXr.Framework.OpenGLES.csproj", "{2A81DC3C-0F93-4C90-98A9-E39134241498}"
EndProject
Project("{2150E333-8FDC-42A3-9474-1A3956D46DE8}") = "Engine", "Engine", "{2070C619-467B-44AB-922D-D9A1FEF633D7}"
EndProject
Project("{9A19103F-16F7-4668-BE54-9A1E7A4F7556}") = "OpenXr.Engine.Core", "Engine\OpenXr.Engine.Core\OpenXr.Engine.Core.csproj", "{BAC85AC9-F3A9-4206-ABE1-02F123EFC7D6}"
EndProject
Project("{9A19103F-16F7-4668-BE54-9A1E7A4F7556}") = "OpenXr.Engine.OpenGL", "Engine\OpenXr.Engine.OpenGL\OpenXr.Engine.OpenGL.csproj", "{0FC112FB-35BB-457F-9AAF-2FA511B449BD}"
EndProject
Project("{9A19103F-16F7-4668-BE54-9A1E7A4F7556}") = "OpenXr.Framework.Engine", "Framework\OpenXr.Framework.Engine\OpenXr.Framework.Engine.csproj", "{12F7BF00-A0EE-41D2-B9C4-A4EAB7C690A1}"
EndProject
Project("{9A19103F-16F7-4668-BE54-9A1E7A4F7556}") = "OpenXr.Engine.OpenGLES", "Engine\OpenXr.Engine.OpenGLES\OpenXr.Engine.OpenGLES.csproj", "{CD7CBAF5-3C8F-4175-A8FC-A44AC8D9851E}"
EndProject
Global
	GlobalSection(SolutionConfigurationPlatforms) = preSolution
		Debug|Any CPU = Debug|Any CPU
		Debug|ARM64 = Debug|ARM64
		Debug|x64 = Debug|x64
		Debug|x86 = Debug|x86
		DebugSign|Any CPU = DebugSign|Any CPU
		DebugSign|ARM64 = DebugSign|ARM64
		DebugSign|x64 = DebugSign|x64
		DebugSign|x86 = DebugSign|x86
		Release|Any CPU = Release|Any CPU
		Release|ARM64 = Release|ARM64
		Release|x64 = Release|x64
		Release|x86 = Release|x86
		ReleaseSign|Any CPU = ReleaseSign|Any CPU
		ReleaseSign|ARM64 = ReleaseSign|ARM64
		ReleaseSign|x64 = ReleaseSign|x64
		ReleaseSign|x86 = ReleaseSign|x86
	EndGlobalSection
	GlobalSection(ProjectConfigurationPlatforms) = postSolution
		{939C0A24-3AFB-4549-BAE2-E3D38A596EF9}.Debug|Any CPU.ActiveCfg = Debug|Any CPU
		{939C0A24-3AFB-4549-BAE2-E3D38A596EF9}.Debug|Any CPU.Build.0 = Debug|Any CPU
		{939C0A24-3AFB-4549-BAE2-E3D38A596EF9}.Debug|ARM64.ActiveCfg = Debug|ARM64
		{939C0A24-3AFB-4549-BAE2-E3D38A596EF9}.Debug|ARM64.Build.0 = Debug|ARM64
		{939C0A24-3AFB-4549-BAE2-E3D38A596EF9}.Debug|x64.ActiveCfg = Debug|x64
		{939C0A24-3AFB-4549-BAE2-E3D38A596EF9}.Debug|x64.Build.0 = Debug|x64
		{939C0A24-3AFB-4549-BAE2-E3D38A596EF9}.Debug|x86.ActiveCfg = Debug|Any CPU
		{939C0A24-3AFB-4549-BAE2-E3D38A596EF9}.Debug|x86.Build.0 = Debug|Any CPU
		{939C0A24-3AFB-4549-BAE2-E3D38A596EF9}.DebugSign|Any CPU.ActiveCfg = DebugSign|Any CPU
		{939C0A24-3AFB-4549-BAE2-E3D38A596EF9}.DebugSign|Any CPU.Build.0 = DebugSign|Any CPU
		{939C0A24-3AFB-4549-BAE2-E3D38A596EF9}.DebugSign|ARM64.ActiveCfg = DebugSign|ARM64
		{939C0A24-3AFB-4549-BAE2-E3D38A596EF9}.DebugSign|ARM64.Build.0 = DebugSign|ARM64
		{939C0A24-3AFB-4549-BAE2-E3D38A596EF9}.DebugSign|x64.ActiveCfg = DebugSign|x64
		{939C0A24-3AFB-4549-BAE2-E3D38A596EF9}.DebugSign|x64.Build.0 = DebugSign|x64
		{939C0A24-3AFB-4549-BAE2-E3D38A596EF9}.DebugSign|x86.ActiveCfg = DebugSign|Any CPU
		{939C0A24-3AFB-4549-BAE2-E3D38A596EF9}.DebugSign|x86.Build.0 = DebugSign|Any CPU
		{939C0A24-3AFB-4549-BAE2-E3D38A596EF9}.Release|Any CPU.ActiveCfg = Release|Any CPU
		{939C0A24-3AFB-4549-BAE2-E3D38A596EF9}.Release|Any CPU.Build.0 = Release|Any CPU
		{939C0A24-3AFB-4549-BAE2-E3D38A596EF9}.Release|ARM64.ActiveCfg = Release|ARM64
		{939C0A24-3AFB-4549-BAE2-E3D38A596EF9}.Release|ARM64.Build.0 = Release|ARM64
		{939C0A24-3AFB-4549-BAE2-E3D38A596EF9}.Release|x64.ActiveCfg = Release|x64
		{939C0A24-3AFB-4549-BAE2-E3D38A596EF9}.Release|x64.Build.0 = Release|x64
		{939C0A24-3AFB-4549-BAE2-E3D38A596EF9}.Release|x86.ActiveCfg = Release|Any CPU
		{939C0A24-3AFB-4549-BAE2-E3D38A596EF9}.Release|x86.Build.0 = Release|Any CPU
		{939C0A24-3AFB-4549-BAE2-E3D38A596EF9}.ReleaseSign|Any CPU.ActiveCfg = ReleaseSign|Any CPU
		{939C0A24-3AFB-4549-BAE2-E3D38A596EF9}.ReleaseSign|Any CPU.Build.0 = ReleaseSign|Any CPU
		{939C0A24-3AFB-4549-BAE2-E3D38A596EF9}.ReleaseSign|ARM64.ActiveCfg = ReleaseSign|ARM64
		{939C0A24-3AFB-4549-BAE2-E3D38A596EF9}.ReleaseSign|ARM64.Build.0 = ReleaseSign|ARM64
		{939C0A24-3AFB-4549-BAE2-E3D38A596EF9}.ReleaseSign|x64.ActiveCfg = ReleaseSign|x64
		{939C0A24-3AFB-4549-BAE2-E3D38A596EF9}.ReleaseSign|x64.Build.0 = ReleaseSign|x64
		{939C0A24-3AFB-4549-BAE2-E3D38A596EF9}.ReleaseSign|x86.ActiveCfg = ReleaseSign|Any CPU
		{939C0A24-3AFB-4549-BAE2-E3D38A596EF9}.ReleaseSign|x86.Build.0 = ReleaseSign|Any CPU
		{7303940D-F639-4B5D-BE7D-43DD416D5695}.Debug|Any CPU.ActiveCfg = Debug|Any CPU
		{7303940D-F639-4B5D-BE7D-43DD416D5695}.Debug|Any CPU.Build.0 = Debug|Any CPU
		{7303940D-F639-4B5D-BE7D-43DD416D5695}.Debug|ARM64.ActiveCfg = Debug|ARM64
		{7303940D-F639-4B5D-BE7D-43DD416D5695}.Debug|ARM64.Build.0 = Debug|ARM64
		{7303940D-F639-4B5D-BE7D-43DD416D5695}.Debug|x64.ActiveCfg = Debug|x64
		{7303940D-F639-4B5D-BE7D-43DD416D5695}.Debug|x64.Build.0 = Debug|x64
		{7303940D-F639-4B5D-BE7D-43DD416D5695}.Debug|x86.ActiveCfg = Debug|Any CPU
		{7303940D-F639-4B5D-BE7D-43DD416D5695}.Debug|x86.Build.0 = Debug|Any CPU
		{7303940D-F639-4B5D-BE7D-43DD416D5695}.DebugSign|Any CPU.ActiveCfg = DebugSign|Any CPU
		{7303940D-F639-4B5D-BE7D-43DD416D5695}.DebugSign|Any CPU.Build.0 = DebugSign|Any CPU
		{7303940D-F639-4B5D-BE7D-43DD416D5695}.DebugSign|ARM64.ActiveCfg = DebugSign|ARM64
		{7303940D-F639-4B5D-BE7D-43DD416D5695}.DebugSign|ARM64.Build.0 = DebugSign|ARM64
		{7303940D-F639-4B5D-BE7D-43DD416D5695}.DebugSign|x64.ActiveCfg = DebugSign|x64
		{7303940D-F639-4B5D-BE7D-43DD416D5695}.DebugSign|x64.Build.0 = DebugSign|x64
		{7303940D-F639-4B5D-BE7D-43DD416D5695}.DebugSign|x86.ActiveCfg = DebugSign|Any CPU
		{7303940D-F639-4B5D-BE7D-43DD416D5695}.DebugSign|x86.Build.0 = DebugSign|Any CPU
		{7303940D-F639-4B5D-BE7D-43DD416D5695}.Release|Any CPU.ActiveCfg = Release|Any CPU
		{7303940D-F639-4B5D-BE7D-43DD416D5695}.Release|Any CPU.Build.0 = Release|Any CPU
		{7303940D-F639-4B5D-BE7D-43DD416D5695}.Release|ARM64.ActiveCfg = Release|ARM64
		{7303940D-F639-4B5D-BE7D-43DD416D5695}.Release|ARM64.Build.0 = Release|ARM64
		{7303940D-F639-4B5D-BE7D-43DD416D5695}.Release|x64.ActiveCfg = Release|x64
		{7303940D-F639-4B5D-BE7D-43DD416D5695}.Release|x64.Build.0 = Release|x64
		{7303940D-F639-4B5D-BE7D-43DD416D5695}.Release|x86.ActiveCfg = Release|Any CPU
		{7303940D-F639-4B5D-BE7D-43DD416D5695}.Release|x86.Build.0 = Release|Any CPU
		{7303940D-F639-4B5D-BE7D-43DD416D5695}.ReleaseSign|Any CPU.ActiveCfg = ReleaseSign|Any CPU
		{7303940D-F639-4B5D-BE7D-43DD416D5695}.ReleaseSign|Any CPU.Build.0 = ReleaseSign|Any CPU
		{7303940D-F639-4B5D-BE7D-43DD416D5695}.ReleaseSign|ARM64.ActiveCfg = ReleaseSign|ARM64
		{7303940D-F639-4B5D-BE7D-43DD416D5695}.ReleaseSign|ARM64.Build.0 = ReleaseSign|ARM64
		{7303940D-F639-4B5D-BE7D-43DD416D5695}.ReleaseSign|x64.ActiveCfg = ReleaseSign|x64
		{7303940D-F639-4B5D-BE7D-43DD416D5695}.ReleaseSign|x64.Build.0 = ReleaseSign|x64
		{7303940D-F639-4B5D-BE7D-43DD416D5695}.ReleaseSign|x86.ActiveCfg = ReleaseSign|Any CPU
		{7303940D-F639-4B5D-BE7D-43DD416D5695}.ReleaseSign|x86.Build.0 = ReleaseSign|Any CPU
		{4F1CDFDA-C61B-4A5A-A6EF-4715054A3819}.Debug|Any CPU.ActiveCfg = Debug|Any CPU
		{4F1CDFDA-C61B-4A5A-A6EF-4715054A3819}.Debug|Any CPU.Build.0 = Debug|Any CPU
		{4F1CDFDA-C61B-4A5A-A6EF-4715054A3819}.Debug|ARM64.ActiveCfg = Debug|ARM64
		{4F1CDFDA-C61B-4A5A-A6EF-4715054A3819}.Debug|ARM64.Build.0 = Debug|ARM64
		{4F1CDFDA-C61B-4A5A-A6EF-4715054A3819}.Debug|x64.ActiveCfg = Debug|x64
		{4F1CDFDA-C61B-4A5A-A6EF-4715054A3819}.Debug|x64.Build.0 = Debug|x64
		{4F1CDFDA-C61B-4A5A-A6EF-4715054A3819}.Debug|x86.ActiveCfg = Debug|Any CPU
		{4F1CDFDA-C61B-4A5A-A6EF-4715054A3819}.Debug|x86.Build.0 = Debug|Any CPU
		{4F1CDFDA-C61B-4A5A-A6EF-4715054A3819}.DebugSign|Any CPU.ActiveCfg = DebugSign|Any CPU
		{4F1CDFDA-C61B-4A5A-A6EF-4715054A3819}.DebugSign|Any CPU.Build.0 = DebugSign|Any CPU
		{4F1CDFDA-C61B-4A5A-A6EF-4715054A3819}.DebugSign|ARM64.ActiveCfg = DebugSign|ARM64
		{4F1CDFDA-C61B-4A5A-A6EF-4715054A3819}.DebugSign|ARM64.Build.0 = DebugSign|ARM64
		{4F1CDFDA-C61B-4A5A-A6EF-4715054A3819}.DebugSign|x64.ActiveCfg = DebugSign|Any CPU
		{4F1CDFDA-C61B-4A5A-A6EF-4715054A3819}.DebugSign|x64.Build.0 = DebugSign|Any CPU
		{4F1CDFDA-C61B-4A5A-A6EF-4715054A3819}.DebugSign|x86.ActiveCfg = DebugSign|Any CPU
		{4F1CDFDA-C61B-4A5A-A6EF-4715054A3819}.DebugSign|x86.Build.0 = DebugSign|Any CPU
		{4F1CDFDA-C61B-4A5A-A6EF-4715054A3819}.Release|Any CPU.ActiveCfg = Release|Any CPU
		{4F1CDFDA-C61B-4A5A-A6EF-4715054A3819}.Release|Any CPU.Build.0 = Release|Any CPU
		{4F1CDFDA-C61B-4A5A-A6EF-4715054A3819}.Release|ARM64.ActiveCfg = Release|ARM64
		{4F1CDFDA-C61B-4A5A-A6EF-4715054A3819}.Release|ARM64.Build.0 = Release|ARM64
		{4F1CDFDA-C61B-4A5A-A6EF-4715054A3819}.Release|x64.ActiveCfg = Release|x64
		{4F1CDFDA-C61B-4A5A-A6EF-4715054A3819}.Release|x64.Build.0 = Release|x64
		{4F1CDFDA-C61B-4A5A-A6EF-4715054A3819}.Release|x86.ActiveCfg = Release|Any CPU
		{4F1CDFDA-C61B-4A5A-A6EF-4715054A3819}.Release|x86.Build.0 = Release|Any CPU
		{4F1CDFDA-C61B-4A5A-A6EF-4715054A3819}.ReleaseSign|Any CPU.ActiveCfg = ReleaseSign|Any CPU
		{4F1CDFDA-C61B-4A5A-A6EF-4715054A3819}.ReleaseSign|Any CPU.Build.0 = ReleaseSign|Any CPU
		{4F1CDFDA-C61B-4A5A-A6EF-4715054A3819}.ReleaseSign|ARM64.ActiveCfg = ReleaseSign|ARM64
		{4F1CDFDA-C61B-4A5A-A6EF-4715054A3819}.ReleaseSign|ARM64.Build.0 = ReleaseSign|ARM64
		{4F1CDFDA-C61B-4A5A-A6EF-4715054A3819}.ReleaseSign|x64.ActiveCfg = ReleaseSign|Any CPU
		{4F1CDFDA-C61B-4A5A-A6EF-4715054A3819}.ReleaseSign|x64.Build.0 = ReleaseSign|Any CPU
		{4F1CDFDA-C61B-4A5A-A6EF-4715054A3819}.ReleaseSign|x86.ActiveCfg = ReleaseSign|Any CPU
		{4F1CDFDA-C61B-4A5A-A6EF-4715054A3819}.ReleaseSign|x86.Build.0 = ReleaseSign|Any CPU
		{E6BB6479-B3FD-4667-AF0E-58874042071F}.Debug|Any CPU.ActiveCfg = Debug|Any CPU
		{E6BB6479-B3FD-4667-AF0E-58874042071F}.Debug|Any CPU.Build.0 = Debug|Any CPU
		{E6BB6479-B3FD-4667-AF0E-58874042071F}.Debug|ARM64.ActiveCfg = Debug|ARM64
		{E6BB6479-B3FD-4667-AF0E-58874042071F}.Debug|ARM64.Build.0 = Debug|ARM64
		{E6BB6479-B3FD-4667-AF0E-58874042071F}.Debug|x64.ActiveCfg = Debug|x64
		{E6BB6479-B3FD-4667-AF0E-58874042071F}.Debug|x64.Build.0 = Debug|x64
		{E6BB6479-B3FD-4667-AF0E-58874042071F}.Debug|x86.ActiveCfg = Debug|Any CPU
		{E6BB6479-B3FD-4667-AF0E-58874042071F}.Debug|x86.Build.0 = Debug|Any CPU
		{E6BB6479-B3FD-4667-AF0E-58874042071F}.DebugSign|Any CPU.ActiveCfg = DebugSign|Any CPU
		{E6BB6479-B3FD-4667-AF0E-58874042071F}.DebugSign|Any CPU.Build.0 = DebugSign|Any CPU
		{E6BB6479-B3FD-4667-AF0E-58874042071F}.DebugSign|ARM64.ActiveCfg = DebugSign|ARM64
		{E6BB6479-B3FD-4667-AF0E-58874042071F}.DebugSign|ARM64.Build.0 = DebugSign|ARM64
		{E6BB6479-B3FD-4667-AF0E-58874042071F}.DebugSign|x64.ActiveCfg = DebugSign|Any CPU
		{E6BB6479-B3FD-4667-AF0E-58874042071F}.DebugSign|x64.Build.0 = DebugSign|Any CPU
		{E6BB6479-B3FD-4667-AF0E-58874042071F}.DebugSign|x86.ActiveCfg = DebugSign|Any CPU
		{E6BB6479-B3FD-4667-AF0E-58874042071F}.DebugSign|x86.Build.0 = DebugSign|Any CPU
		{E6BB6479-B3FD-4667-AF0E-58874042071F}.Release|Any CPU.ActiveCfg = Release|Any CPU
		{E6BB6479-B3FD-4667-AF0E-58874042071F}.Release|Any CPU.Build.0 = Release|Any CPU
		{E6BB6479-B3FD-4667-AF0E-58874042071F}.Release|ARM64.ActiveCfg = Release|ARM64
		{E6BB6479-B3FD-4667-AF0E-58874042071F}.Release|ARM64.Build.0 = Release|ARM64
		{E6BB6479-B3FD-4667-AF0E-58874042071F}.Release|x64.ActiveCfg = Release|x64
		{E6BB6479-B3FD-4667-AF0E-58874042071F}.Release|x64.Build.0 = Release|x64
		{E6BB6479-B3FD-4667-AF0E-58874042071F}.Release|x86.ActiveCfg = Release|Any CPU
		{E6BB6479-B3FD-4667-AF0E-58874042071F}.Release|x86.Build.0 = Release|Any CPU
		{E6BB6479-B3FD-4667-AF0E-58874042071F}.ReleaseSign|Any CPU.ActiveCfg = ReleaseSign|Any CPU
		{E6BB6479-B3FD-4667-AF0E-58874042071F}.ReleaseSign|Any CPU.Build.0 = ReleaseSign|Any CPU
		{E6BB6479-B3FD-4667-AF0E-58874042071F}.ReleaseSign|ARM64.ActiveCfg = ReleaseSign|ARM64
		{E6BB6479-B3FD-4667-AF0E-58874042071F}.ReleaseSign|ARM64.Build.0 = ReleaseSign|ARM64
		{E6BB6479-B3FD-4667-AF0E-58874042071F}.ReleaseSign|x64.ActiveCfg = ReleaseSign|Any CPU
		{E6BB6479-B3FD-4667-AF0E-58874042071F}.ReleaseSign|x64.Build.0 = ReleaseSign|Any CPU
		{E6BB6479-B3FD-4667-AF0E-58874042071F}.ReleaseSign|x86.ActiveCfg = ReleaseSign|Any CPU
		{E6BB6479-B3FD-4667-AF0E-58874042071F}.ReleaseSign|x86.Build.0 = ReleaseSign|Any CPU
		{D0411AF2-3BE4-474C-B945-4343AAAA32BD}.Debug|Any CPU.ActiveCfg = Debug|Any CPU
		{D0411AF2-3BE4-474C-B945-4343AAAA32BD}.Debug|Any CPU.Build.0 = Debug|Any CPU
		{D0411AF2-3BE4-474C-B945-4343AAAA32BD}.Debug|Any CPU.Deploy.0 = Debug|Any CPU
		{D0411AF2-3BE4-474C-B945-4343AAAA32BD}.Debug|ARM64.ActiveCfg = Debug|ARM64
		{D0411AF2-3BE4-474C-B945-4343AAAA32BD}.Debug|ARM64.Build.0 = Debug|ARM64
		{D0411AF2-3BE4-474C-B945-4343AAAA32BD}.Debug|ARM64.Deploy.0 = Debug|ARM64
		{D0411AF2-3BE4-474C-B945-4343AAAA32BD}.Debug|x64.ActiveCfg = Debug|x64
		{D0411AF2-3BE4-474C-B945-4343AAAA32BD}.Debug|x64.Build.0 = Debug|x64
		{D0411AF2-3BE4-474C-B945-4343AAAA32BD}.Debug|x64.Deploy.0 = Debug|x64
		{D0411AF2-3BE4-474C-B945-4343AAAA32BD}.Debug|x86.ActiveCfg = Debug|Any CPU
		{D0411AF2-3BE4-474C-B945-4343AAAA32BD}.Debug|x86.Build.0 = Debug|Any CPU
		{D0411AF2-3BE4-474C-B945-4343AAAA32BD}.Debug|x86.Deploy.0 = Debug|Any CPU
		{D0411AF2-3BE4-474C-B945-4343AAAA32BD}.DebugSign|Any CPU.ActiveCfg = DebugSign|Any CPU
		{D0411AF2-3BE4-474C-B945-4343AAAA32BD}.DebugSign|Any CPU.Build.0 = DebugSign|Any CPU
		{D0411AF2-3BE4-474C-B945-4343AAAA32BD}.DebugSign|Any CPU.Deploy.0 = DebugSign|Any CPU
		{D0411AF2-3BE4-474C-B945-4343AAAA32BD}.DebugSign|ARM64.ActiveCfg = DebugSign|ARM64
		{D0411AF2-3BE4-474C-B945-4343AAAA32BD}.DebugSign|ARM64.Build.0 = DebugSign|ARM64
		{D0411AF2-3BE4-474C-B945-4343AAAA32BD}.DebugSign|ARM64.Deploy.0 = DebugSign|ARM64
		{D0411AF2-3BE4-474C-B945-4343AAAA32BD}.DebugSign|x64.ActiveCfg = DebugSign|Any CPU
		{D0411AF2-3BE4-474C-B945-4343AAAA32BD}.DebugSign|x64.Build.0 = DebugSign|Any CPU
		{D0411AF2-3BE4-474C-B945-4343AAAA32BD}.DebugSign|x86.ActiveCfg = DebugSign|Any CPU
		{D0411AF2-3BE4-474C-B945-4343AAAA32BD}.DebugSign|x86.Build.0 = DebugSign|Any CPU
		{D0411AF2-3BE4-474C-B945-4343AAAA32BD}.DebugSign|x86.Deploy.0 = DebugSign|Any CPU
		{D0411AF2-3BE4-474C-B945-4343AAAA32BD}.Release|Any CPU.ActiveCfg = Release|Any CPU
		{D0411AF2-3BE4-474C-B945-4343AAAA32BD}.Release|Any CPU.Build.0 = Release|Any CPU
		{D0411AF2-3BE4-474C-B945-4343AAAA32BD}.Release|Any CPU.Deploy.0 = Release|Any CPU
		{D0411AF2-3BE4-474C-B945-4343AAAA32BD}.Release|ARM64.ActiveCfg = Release|ARM64
		{D0411AF2-3BE4-474C-B945-4343AAAA32BD}.Release|ARM64.Build.0 = Release|ARM64
		{D0411AF2-3BE4-474C-B945-4343AAAA32BD}.Release|ARM64.Deploy.0 = Release|ARM64
		{D0411AF2-3BE4-474C-B945-4343AAAA32BD}.Release|x64.ActiveCfg = Release|x64
		{D0411AF2-3BE4-474C-B945-4343AAAA32BD}.Release|x64.Build.0 = Release|x64
		{D0411AF2-3BE4-474C-B945-4343AAAA32BD}.Release|x64.Deploy.0 = Release|x64
		{D0411AF2-3BE4-474C-B945-4343AAAA32BD}.Release|x86.ActiveCfg = Release|Any CPU
		{D0411AF2-3BE4-474C-B945-4343AAAA32BD}.Release|x86.Build.0 = Release|Any CPU
		{D0411AF2-3BE4-474C-B945-4343AAAA32BD}.Release|x86.Deploy.0 = Release|Any CPU
		{D0411AF2-3BE4-474C-B945-4343AAAA32BD}.ReleaseSign|Any CPU.ActiveCfg = ReleaseSign|Any CPU
		{D0411AF2-3BE4-474C-B945-4343AAAA32BD}.ReleaseSign|Any CPU.Build.0 = ReleaseSign|Any CPU
		{D0411AF2-3BE4-474C-B945-4343AAAA32BD}.ReleaseSign|Any CPU.Deploy.0 = ReleaseSign|Any CPU
		{D0411AF2-3BE4-474C-B945-4343AAAA32BD}.ReleaseSign|ARM64.ActiveCfg = ReleaseSign|ARM64
		{D0411AF2-3BE4-474C-B945-4343AAAA32BD}.ReleaseSign|ARM64.Build.0 = ReleaseSign|ARM64
		{D0411AF2-3BE4-474C-B945-4343AAAA32BD}.ReleaseSign|ARM64.Deploy.0 = ReleaseSign|ARM64
		{D0411AF2-3BE4-474C-B945-4343AAAA32BD}.ReleaseSign|x64.ActiveCfg = ReleaseSign|Any CPU
		{D0411AF2-3BE4-474C-B945-4343AAAA32BD}.ReleaseSign|x64.Build.0 = ReleaseSign|Any CPU
		{D0411AF2-3BE4-474C-B945-4343AAAA32BD}.ReleaseSign|x86.ActiveCfg = ReleaseSign|Any CPU
		{D0411AF2-3BE4-474C-B945-4343AAAA32BD}.ReleaseSign|x86.Build.0 = ReleaseSign|Any CPU
		{D0411AF2-3BE4-474C-B945-4343AAAA32BD}.ReleaseSign|x86.Deploy.0 = ReleaseSign|Any CPU
		{6EC989A0-9C3B-4995-811C-67AAA0D62518}.Debug|Any CPU.ActiveCfg = Debug|Any CPU
		{6EC989A0-9C3B-4995-811C-67AAA0D62518}.Debug|Any CPU.Build.0 = Debug|Any CPU
		{6EC989A0-9C3B-4995-811C-67AAA0D62518}.Debug|ARM64.ActiveCfg = Debug|ARM64
		{6EC989A0-9C3B-4995-811C-67AAA0D62518}.Debug|ARM64.Build.0 = Debug|ARM64
		{6EC989A0-9C3B-4995-811C-67AAA0D62518}.Debug|x64.ActiveCfg = Debug|x64
		{6EC989A0-9C3B-4995-811C-67AAA0D62518}.Debug|x64.Build.0 = Debug|x64
		{6EC989A0-9C3B-4995-811C-67AAA0D62518}.Debug|x86.ActiveCfg = Debug|Any CPU
		{6EC989A0-9C3B-4995-811C-67AAA0D62518}.Debug|x86.Build.0 = Debug|Any CPU
		{6EC989A0-9C3B-4995-811C-67AAA0D62518}.DebugSign|Any CPU.ActiveCfg = DebugSign|Any CPU
		{6EC989A0-9C3B-4995-811C-67AAA0D62518}.DebugSign|Any CPU.Build.0 = DebugSign|Any CPU
		{6EC989A0-9C3B-4995-811C-67AAA0D62518}.DebugSign|ARM64.ActiveCfg = DebugSign|ARM64
		{6EC989A0-9C3B-4995-811C-67AAA0D62518}.DebugSign|ARM64.Build.0 = DebugSign|ARM64
		{6EC989A0-9C3B-4995-811C-67AAA0D62518}.DebugSign|x64.ActiveCfg = DebugSign|Any CPU
		{6EC989A0-9C3B-4995-811C-67AAA0D62518}.DebugSign|x64.Build.0 = DebugSign|Any CPU
		{6EC989A0-9C3B-4995-811C-67AAA0D62518}.DebugSign|x86.ActiveCfg = DebugSign|Any CPU
		{6EC989A0-9C3B-4995-811C-67AAA0D62518}.DebugSign|x86.Build.0 = DebugSign|Any CPU
		{6EC989A0-9C3B-4995-811C-67AAA0D62518}.Release|Any CPU.ActiveCfg = Release|Any CPU
		{6EC989A0-9C3B-4995-811C-67AAA0D62518}.Release|Any CPU.Build.0 = Release|Any CPU
		{6EC989A0-9C3B-4995-811C-67AAA0D62518}.Release|ARM64.ActiveCfg = Release|ARM64
		{6EC989A0-9C3B-4995-811C-67AAA0D62518}.Release|ARM64.Build.0 = Release|ARM64
		{6EC989A0-9C3B-4995-811C-67AAA0D62518}.Release|x64.ActiveCfg = Release|x64
		{6EC989A0-9C3B-4995-811C-67AAA0D62518}.Release|x64.Build.0 = Release|x64
		{6EC989A0-9C3B-4995-811C-67AAA0D62518}.Release|x86.ActiveCfg = Release|Any CPU
		{6EC989A0-9C3B-4995-811C-67AAA0D62518}.Release|x86.Build.0 = Release|Any CPU
		{6EC989A0-9C3B-4995-811C-67AAA0D62518}.ReleaseSign|Any CPU.ActiveCfg = ReleaseSign|Any CPU
		{6EC989A0-9C3B-4995-811C-67AAA0D62518}.ReleaseSign|Any CPU.Build.0 = ReleaseSign|Any CPU
		{6EC989A0-9C3B-4995-811C-67AAA0D62518}.ReleaseSign|ARM64.ActiveCfg = ReleaseSign|ARM64
		{6EC989A0-9C3B-4995-811C-67AAA0D62518}.ReleaseSign|ARM64.Build.0 = ReleaseSign|ARM64
		{6EC989A0-9C3B-4995-811C-67AAA0D62518}.ReleaseSign|x64.ActiveCfg = ReleaseSign|Any CPU
		{6EC989A0-9C3B-4995-811C-67AAA0D62518}.ReleaseSign|x64.Build.0 = ReleaseSign|Any CPU
		{6EC989A0-9C3B-4995-811C-67AAA0D62518}.ReleaseSign|x86.ActiveCfg = ReleaseSign|Any CPU
		{6EC989A0-9C3B-4995-811C-67AAA0D62518}.ReleaseSign|x86.Build.0 = ReleaseSign|Any CPU
		{097F45F5-1508-4246-B8E3-A3BEC692F095}.Debug|Any CPU.ActiveCfg = Debug|Any CPU
		{097F45F5-1508-4246-B8E3-A3BEC692F095}.Debug|Any CPU.Build.0 = Debug|Any CPU
		{097F45F5-1508-4246-B8E3-A3BEC692F095}.Debug|ARM64.ActiveCfg = Debug|ARM64
		{097F45F5-1508-4246-B8E3-A3BEC692F095}.Debug|ARM64.Build.0 = Debug|ARM64
		{097F45F5-1508-4246-B8E3-A3BEC692F095}.Debug|x64.ActiveCfg = Debug|x64
		{097F45F5-1508-4246-B8E3-A3BEC692F095}.Debug|x64.Build.0 = Debug|x64
		{097F45F5-1508-4246-B8E3-A3BEC692F095}.Debug|x86.ActiveCfg = Debug|x86
		{097F45F5-1508-4246-B8E3-A3BEC692F095}.Debug|x86.Build.0 = Debug|x86
		{097F45F5-1508-4246-B8E3-A3BEC692F095}.DebugSign|Any CPU.ActiveCfg = DebugSign|Any CPU
		{097F45F5-1508-4246-B8E3-A3BEC692F095}.DebugSign|Any CPU.Build.0 = DebugSign|Any CPU
		{097F45F5-1508-4246-B8E3-A3BEC692F095}.DebugSign|ARM64.ActiveCfg = DebugSign|Any CPU
		{097F45F5-1508-4246-B8E3-A3BEC692F095}.DebugSign|ARM64.Build.0 = DebugSign|Any CPU
		{097F45F5-1508-4246-B8E3-A3BEC692F095}.DebugSign|x64.ActiveCfg = DebugSign|x64
		{097F45F5-1508-4246-B8E3-A3BEC692F095}.DebugSign|x64.Build.0 = DebugSign|x64
		{097F45F5-1508-4246-B8E3-A3BEC692F095}.DebugSign|x86.ActiveCfg = DebugSign|x86
		{097F45F5-1508-4246-B8E3-A3BEC692F095}.DebugSign|x86.Build.0 = DebugSign|x86
		{097F45F5-1508-4246-B8E3-A3BEC692F095}.Release|Any CPU.ActiveCfg = Release|Any CPU
		{097F45F5-1508-4246-B8E3-A3BEC692F095}.Release|Any CPU.Build.0 = Release|Any CPU
		{097F45F5-1508-4246-B8E3-A3BEC692F095}.Release|ARM64.ActiveCfg = Release|Any CPU
		{097F45F5-1508-4246-B8E3-A3BEC692F095}.Release|ARM64.Build.0 = Release|Any CPU
		{097F45F5-1508-4246-B8E3-A3BEC692F095}.Release|x64.ActiveCfg = Release|Any CPU
		{097F45F5-1508-4246-B8E3-A3BEC692F095}.Release|x64.Build.0 = Release|Any CPU
		{097F45F5-1508-4246-B8E3-A3BEC692F095}.Release|x86.ActiveCfg = Release|x86
		{097F45F5-1508-4246-B8E3-A3BEC692F095}.Release|x86.Build.0 = Release|x86
		{097F45F5-1508-4246-B8E3-A3BEC692F095}.ReleaseSign|Any CPU.ActiveCfg = ReleaseSign|Any CPU
		{097F45F5-1508-4246-B8E3-A3BEC692F095}.ReleaseSign|Any CPU.Build.0 = ReleaseSign|Any CPU
		{097F45F5-1508-4246-B8E3-A3BEC692F095}.ReleaseSign|ARM64.ActiveCfg = ReleaseSign|Any CPU
		{097F45F5-1508-4246-B8E3-A3BEC692F095}.ReleaseSign|ARM64.Build.0 = ReleaseSign|Any CPU
		{097F45F5-1508-4246-B8E3-A3BEC692F095}.ReleaseSign|x64.ActiveCfg = ReleaseSign|x64
		{097F45F5-1508-4246-B8E3-A3BEC692F095}.ReleaseSign|x64.Build.0 = ReleaseSign|x64
		{097F45F5-1508-4246-B8E3-A3BEC692F095}.ReleaseSign|x86.ActiveCfg = ReleaseSign|x86
		{097F45F5-1508-4246-B8E3-A3BEC692F095}.ReleaseSign|x86.Build.0 = ReleaseSign|x86
		{5D36200C-A06A-4F85-BF4D-2B4EB59BD3D2}.Debug|Any CPU.ActiveCfg = Debug|Any CPU
		{5D36200C-A06A-4F85-BF4D-2B4EB59BD3D2}.Debug|Any CPU.Build.0 = Debug|Any CPU
		{5D36200C-A06A-4F85-BF4D-2B4EB59BD3D2}.Debug|ARM64.ActiveCfg = Debug|ARM64
		{5D36200C-A06A-4F85-BF4D-2B4EB59BD3D2}.Debug|ARM64.Build.0 = Debug|ARM64
		{5D36200C-A06A-4F85-BF4D-2B4EB59BD3D2}.Debug|x64.ActiveCfg = Debug|x64
		{5D36200C-A06A-4F85-BF4D-2B4EB59BD3D2}.Debug|x64.Build.0 = Debug|x64
		{5D36200C-A06A-4F85-BF4D-2B4EB59BD3D2}.Debug|x86.ActiveCfg = Debug|x86
		{5D36200C-A06A-4F85-BF4D-2B4EB59BD3D2}.Debug|x86.Build.0 = Debug|x86
		{5D36200C-A06A-4F85-BF4D-2B4EB59BD3D2}.DebugSign|Any CPU.ActiveCfg = DebugSign|Any CPU
		{5D36200C-A06A-4F85-BF4D-2B4EB59BD3D2}.DebugSign|Any CPU.Build.0 = DebugSign|Any CPU
		{5D36200C-A06A-4F85-BF4D-2B4EB59BD3D2}.DebugSign|ARM64.ActiveCfg = DebugSign|Any CPU
		{5D36200C-A06A-4F85-BF4D-2B4EB59BD3D2}.DebugSign|ARM64.Build.0 = DebugSign|Any CPU
		{5D36200C-A06A-4F85-BF4D-2B4EB59BD3D2}.DebugSign|x64.ActiveCfg = DebugSign|x64
		{5D36200C-A06A-4F85-BF4D-2B4EB59BD3D2}.DebugSign|x64.Build.0 = DebugSign|x64
		{5D36200C-A06A-4F85-BF4D-2B4EB59BD3D2}.DebugSign|x86.ActiveCfg = DebugSign|x86
		{5D36200C-A06A-4F85-BF4D-2B4EB59BD3D2}.DebugSign|x86.Build.0 = DebugSign|x86
		{5D36200C-A06A-4F85-BF4D-2B4EB59BD3D2}.Release|Any CPU.ActiveCfg = Release|Any CPU
		{5D36200C-A06A-4F85-BF4D-2B4EB59BD3D2}.Release|Any CPU.Build.0 = Release|Any CPU
		{5D36200C-A06A-4F85-BF4D-2B4EB59BD3D2}.Release|ARM64.ActiveCfg = Release|Any CPU
		{5D36200C-A06A-4F85-BF4D-2B4EB59BD3D2}.Release|ARM64.Build.0 = Release|Any CPU
		{5D36200C-A06A-4F85-BF4D-2B4EB59BD3D2}.Release|x64.ActiveCfg = Release|Any CPU
		{5D36200C-A06A-4F85-BF4D-2B4EB59BD3D2}.Release|x64.Build.0 = Release|Any CPU
		{5D36200C-A06A-4F85-BF4D-2B4EB59BD3D2}.Release|x86.ActiveCfg = Release|x86
		{5D36200C-A06A-4F85-BF4D-2B4EB59BD3D2}.Release|x86.Build.0 = Release|x86
		{5D36200C-A06A-4F85-BF4D-2B4EB59BD3D2}.ReleaseSign|Any CPU.ActiveCfg = ReleaseSign|Any CPU
		{5D36200C-A06A-4F85-BF4D-2B4EB59BD3D2}.ReleaseSign|Any CPU.Build.0 = ReleaseSign|Any CPU
		{5D36200C-A06A-4F85-BF4D-2B4EB59BD3D2}.ReleaseSign|ARM64.ActiveCfg = ReleaseSign|Any CPU
		{5D36200C-A06A-4F85-BF4D-2B4EB59BD3D2}.ReleaseSign|ARM64.Build.0 = ReleaseSign|Any CPU
		{5D36200C-A06A-4F85-BF4D-2B4EB59BD3D2}.ReleaseSign|x64.ActiveCfg = ReleaseSign|x64
		{5D36200C-A06A-4F85-BF4D-2B4EB59BD3D2}.ReleaseSign|x64.Build.0 = ReleaseSign|x64
		{5D36200C-A06A-4F85-BF4D-2B4EB59BD3D2}.ReleaseSign|x86.ActiveCfg = ReleaseSign|x86
		{5D36200C-A06A-4F85-BF4D-2B4EB59BD3D2}.ReleaseSign|x86.Build.0 = ReleaseSign|x86
		{9D5B205E-A740-41EC-8437-055A2907074B}.Debug|Any CPU.ActiveCfg = Debug|Any CPU
		{9D5B205E-A740-41EC-8437-055A2907074B}.Debug|Any CPU.Build.0 = Debug|Any CPU
		{9D5B205E-A740-41EC-8437-055A2907074B}.Debug|ARM64.ActiveCfg = Debug|ARM64
		{9D5B205E-A740-41EC-8437-055A2907074B}.Debug|ARM64.Build.0 = Debug|ARM64
		{9D5B205E-A740-41EC-8437-055A2907074B}.Debug|x64.ActiveCfg = Debug|x64
		{9D5B205E-A740-41EC-8437-055A2907074B}.Debug|x64.Build.0 = Debug|x64
		{9D5B205E-A740-41EC-8437-055A2907074B}.Debug|x86.ActiveCfg = Debug|x86
		{9D5B205E-A740-41EC-8437-055A2907074B}.Debug|x86.Build.0 = Debug|x86
		{9D5B205E-A740-41EC-8437-055A2907074B}.DebugSign|Any CPU.ActiveCfg = DebugSign|Any CPU
		{9D5B205E-A740-41EC-8437-055A2907074B}.DebugSign|Any CPU.Build.0 = DebugSign|Any CPU
		{9D5B205E-A740-41EC-8437-055A2907074B}.DebugSign|ARM64.ActiveCfg = DebugSign|Any CPU
		{9D5B205E-A740-41EC-8437-055A2907074B}.DebugSign|ARM64.Build.0 = DebugSign|Any CPU
		{9D5B205E-A740-41EC-8437-055A2907074B}.DebugSign|x64.ActiveCfg = DebugSign|x64
		{9D5B205E-A740-41EC-8437-055A2907074B}.DebugSign|x64.Build.0 = DebugSign|x64
		{9D5B205E-A740-41EC-8437-055A2907074B}.DebugSign|x86.ActiveCfg = DebugSign|x86
		{9D5B205E-A740-41EC-8437-055A2907074B}.DebugSign|x86.Build.0 = DebugSign|x86
		{9D5B205E-A740-41EC-8437-055A2907074B}.Release|Any CPU.ActiveCfg = Release|Any CPU
		{9D5B205E-A740-41EC-8437-055A2907074B}.Release|Any CPU.Build.0 = Release|Any CPU
		{9D5B205E-A740-41EC-8437-055A2907074B}.Release|ARM64.ActiveCfg = Release|Any CPU
		{9D5B205E-A740-41EC-8437-055A2907074B}.Release|ARM64.Build.0 = Release|Any CPU
		{9D5B205E-A740-41EC-8437-055A2907074B}.Release|x64.ActiveCfg = Release|x64
		{9D5B205E-A740-41EC-8437-055A2907074B}.Release|x64.Build.0 = Release|x64
		{9D5B205E-A740-41EC-8437-055A2907074B}.Release|x86.ActiveCfg = Release|x86
		{9D5B205E-A740-41EC-8437-055A2907074B}.Release|x86.Build.0 = Release|x86
		{9D5B205E-A740-41EC-8437-055A2907074B}.ReleaseSign|Any CPU.ActiveCfg = ReleaseSign|Any CPU
		{9D5B205E-A740-41EC-8437-055A2907074B}.ReleaseSign|Any CPU.Build.0 = ReleaseSign|Any CPU
		{9D5B205E-A740-41EC-8437-055A2907074B}.ReleaseSign|ARM64.ActiveCfg = ReleaseSign|Any CPU
		{9D5B205E-A740-41EC-8437-055A2907074B}.ReleaseSign|ARM64.Build.0 = ReleaseSign|Any CPU
		{9D5B205E-A740-41EC-8437-055A2907074B}.ReleaseSign|x64.ActiveCfg = ReleaseSign|x64
		{9D5B205E-A740-41EC-8437-055A2907074B}.ReleaseSign|x64.Build.0 = ReleaseSign|x64
		{9D5B205E-A740-41EC-8437-055A2907074B}.ReleaseSign|x86.ActiveCfg = ReleaseSign|x86
		{9D5B205E-A740-41EC-8437-055A2907074B}.ReleaseSign|x86.Build.0 = ReleaseSign|x86
		{7B764B8B-9EE1-4C5D-B3CB-7EEF2A40B740}.Debug|Any CPU.ActiveCfg = Debug|Any CPU
		{7B764B8B-9EE1-4C5D-B3CB-7EEF2A40B740}.Debug|Any CPU.Build.0 = Debug|Any CPU
		{7B764B8B-9EE1-4C5D-B3CB-7EEF2A40B740}.Debug|ARM64.ActiveCfg = Debug|Any CPU
		{7B764B8B-9EE1-4C5D-B3CB-7EEF2A40B740}.Debug|ARM64.Build.0 = Debug|Any CPU
		{7B764B8B-9EE1-4C5D-B3CB-7EEF2A40B740}.Debug|x64.ActiveCfg = Debug|x64
		{7B764B8B-9EE1-4C5D-B3CB-7EEF2A40B740}.Debug|x64.Build.0 = Debug|x64
		{7B764B8B-9EE1-4C5D-B3CB-7EEF2A40B740}.Debug|x86.ActiveCfg = Debug|x86
		{7B764B8B-9EE1-4C5D-B3CB-7EEF2A40B740}.Debug|x86.Build.0 = Debug|x86
		{7B764B8B-9EE1-4C5D-B3CB-7EEF2A40B740}.DebugSign|Any CPU.ActiveCfg = DebugSign|Any CPU
		{7B764B8B-9EE1-4C5D-B3CB-7EEF2A40B740}.DebugSign|Any CPU.Build.0 = DebugSign|Any CPU
		{7B764B8B-9EE1-4C5D-B3CB-7EEF2A40B740}.DebugSign|ARM64.ActiveCfg = DebugSign|Any CPU
		{7B764B8B-9EE1-4C5D-B3CB-7EEF2A40B740}.DebugSign|ARM64.Build.0 = DebugSign|Any CPU
		{7B764B8B-9EE1-4C5D-B3CB-7EEF2A40B740}.DebugSign|x64.ActiveCfg = DebugSign|x64
		{7B764B8B-9EE1-4C5D-B3CB-7EEF2A40B740}.DebugSign|x64.Build.0 = DebugSign|x64
		{7B764B8B-9EE1-4C5D-B3CB-7EEF2A40B740}.DebugSign|x86.ActiveCfg = DebugSign|x86
		{7B764B8B-9EE1-4C5D-B3CB-7EEF2A40B740}.DebugSign|x86.Build.0 = DebugSign|x86
		{7B764B8B-9EE1-4C5D-B3CB-7EEF2A40B740}.Release|Any CPU.ActiveCfg = Release|Any CPU
		{7B764B8B-9EE1-4C5D-B3CB-7EEF2A40B740}.Release|Any CPU.Build.0 = Release|Any CPU
		{7B764B8B-9EE1-4C5D-B3CB-7EEF2A40B740}.Release|ARM64.ActiveCfg = Release|Any CPU
		{7B764B8B-9EE1-4C5D-B3CB-7EEF2A40B740}.Release|ARM64.Build.0 = Release|Any CPU
		{7B764B8B-9EE1-4C5D-B3CB-7EEF2A40B740}.Release|x64.ActiveCfg = Release|x64
		{7B764B8B-9EE1-4C5D-B3CB-7EEF2A40B740}.Release|x64.Build.0 = Release|x64
		{7B764B8B-9EE1-4C5D-B3CB-7EEF2A40B740}.Release|x86.ActiveCfg = Release|x86
		{7B764B8B-9EE1-4C5D-B3CB-7EEF2A40B740}.Release|x86.Build.0 = Release|x86
		{7B764B8B-9EE1-4C5D-B3CB-7EEF2A40B740}.ReleaseSign|Any CPU.ActiveCfg = ReleaseSign|Any CPU
		{7B764B8B-9EE1-4C5D-B3CB-7EEF2A40B740}.ReleaseSign|Any CPU.Build.0 = ReleaseSign|Any CPU
		{7B764B8B-9EE1-4C5D-B3CB-7EEF2A40B740}.ReleaseSign|ARM64.ActiveCfg = ReleaseSign|Any CPU
		{7B764B8B-9EE1-4C5D-B3CB-7EEF2A40B740}.ReleaseSign|ARM64.Build.0 = ReleaseSign|Any CPU
		{7B764B8B-9EE1-4C5D-B3CB-7EEF2A40B740}.ReleaseSign|x64.ActiveCfg = ReleaseSign|x64
		{7B764B8B-9EE1-4C5D-B3CB-7EEF2A40B740}.ReleaseSign|x64.Build.0 = ReleaseSign|x64
		{7B764B8B-9EE1-4C5D-B3CB-7EEF2A40B740}.ReleaseSign|x86.ActiveCfg = ReleaseSign|x86
		{7B764B8B-9EE1-4C5D-B3CB-7EEF2A40B740}.ReleaseSign|x86.Build.0 = ReleaseSign|x86
		{4261866C-1791-4F23-A546-E144276B0F97}.Debug|Any CPU.ActiveCfg = Debug|Any CPU
		{4261866C-1791-4F23-A546-E144276B0F97}.Debug|Any CPU.Build.0 = Debug|Any CPU
		{4261866C-1791-4F23-A546-E144276B0F97}.Debug|ARM64.ActiveCfg = Debug|Any CPU
		{4261866C-1791-4F23-A546-E144276B0F97}.Debug|ARM64.Build.0 = Debug|Any CPU
		{4261866C-1791-4F23-A546-E144276B0F97}.Debug|x64.ActiveCfg = Debug|x64
		{4261866C-1791-4F23-A546-E144276B0F97}.Debug|x64.Build.0 = Debug|x64
		{4261866C-1791-4F23-A546-E144276B0F97}.Debug|x86.ActiveCfg = Debug|x86
		{4261866C-1791-4F23-A546-E144276B0F97}.Debug|x86.Build.0 = Debug|x86
		{4261866C-1791-4F23-A546-E144276B0F97}.DebugSign|Any CPU.ActiveCfg = DebugSign|Any CPU
		{4261866C-1791-4F23-A546-E144276B0F97}.DebugSign|Any CPU.Build.0 = DebugSign|Any CPU
		{4261866C-1791-4F23-A546-E144276B0F97}.DebugSign|ARM64.ActiveCfg = DebugSign|Any CPU
		{4261866C-1791-4F23-A546-E144276B0F97}.DebugSign|ARM64.Build.0 = DebugSign|Any CPU
		{4261866C-1791-4F23-A546-E144276B0F97}.DebugSign|x64.ActiveCfg = DebugSign|x64
		{4261866C-1791-4F23-A546-E144276B0F97}.DebugSign|x64.Build.0 = DebugSign|x64
		{4261866C-1791-4F23-A546-E144276B0F97}.DebugSign|x86.ActiveCfg = DebugSign|x86
		{4261866C-1791-4F23-A546-E144276B0F97}.DebugSign|x86.Build.0 = DebugSign|x86
		{4261866C-1791-4F23-A546-E144276B0F97}.Release|Any CPU.ActiveCfg = Release|Any CPU
		{4261866C-1791-4F23-A546-E144276B0F97}.Release|Any CPU.Build.0 = Release|Any CPU
		{4261866C-1791-4F23-A546-E144276B0F97}.Release|ARM64.ActiveCfg = Release|Any CPU
		{4261866C-1791-4F23-A546-E144276B0F97}.Release|ARM64.Build.0 = Release|Any CPU
		{4261866C-1791-4F23-A546-E144276B0F97}.Release|x64.ActiveCfg = Release|x64
		{4261866C-1791-4F23-A546-E144276B0F97}.Release|x64.Build.0 = Release|x64
		{4261866C-1791-4F23-A546-E144276B0F97}.Release|x86.ActiveCfg = Release|x86
		{4261866C-1791-4F23-A546-E144276B0F97}.Release|x86.Build.0 = Release|x86
		{4261866C-1791-4F23-A546-E144276B0F97}.ReleaseSign|Any CPU.ActiveCfg = ReleaseSign|Any CPU
		{4261866C-1791-4F23-A546-E144276B0F97}.ReleaseSign|Any CPU.Build.0 = ReleaseSign|Any CPU
		{4261866C-1791-4F23-A546-E144276B0F97}.ReleaseSign|ARM64.ActiveCfg = ReleaseSign|Any CPU
		{4261866C-1791-4F23-A546-E144276B0F97}.ReleaseSign|ARM64.Build.0 = ReleaseSign|Any CPU
		{4261866C-1791-4F23-A546-E144276B0F97}.ReleaseSign|x64.ActiveCfg = ReleaseSign|x64
		{4261866C-1791-4F23-A546-E144276B0F97}.ReleaseSign|x64.Build.0 = ReleaseSign|x64
		{4261866C-1791-4F23-A546-E144276B0F97}.ReleaseSign|x86.ActiveCfg = ReleaseSign|x86
		{4261866C-1791-4F23-A546-E144276B0F97}.ReleaseSign|x86.Build.0 = ReleaseSign|x86
		{CE86F573-5553-4276-9098-F2827FB33236}.Debug|Any CPU.ActiveCfg = Debug|Any CPU
		{CE86F573-5553-4276-9098-F2827FB33236}.Debug|Any CPU.Build.0 = Debug|Any CPU
		{CE86F573-5553-4276-9098-F2827FB33236}.Debug|ARM64.ActiveCfg = Debug|ARM64
		{CE86F573-5553-4276-9098-F2827FB33236}.Debug|ARM64.Build.0 = Debug|ARM64
		{CE86F573-5553-4276-9098-F2827FB33236}.Debug|x64.ActiveCfg = Debug|x64
		{CE86F573-5553-4276-9098-F2827FB33236}.Debug|x64.Build.0 = Debug|x64
		{CE86F573-5553-4276-9098-F2827FB33236}.Debug|x86.ActiveCfg = Debug|Any CPU
		{CE86F573-5553-4276-9098-F2827FB33236}.Debug|x86.Build.0 = Debug|Any CPU
		{CE86F573-5553-4276-9098-F2827FB33236}.DebugSign|Any CPU.ActiveCfg = Debug|Any CPU
		{CE86F573-5553-4276-9098-F2827FB33236}.DebugSign|Any CPU.Build.0 = Debug|Any CPU
		{CE86F573-5553-4276-9098-F2827FB33236}.DebugSign|ARM64.ActiveCfg = Debug|ARM64
		{CE86F573-5553-4276-9098-F2827FB33236}.DebugSign|ARM64.Build.0 = Debug|ARM64
		{CE86F573-5553-4276-9098-F2827FB33236}.DebugSign|x64.ActiveCfg = Debug|x64
		{CE86F573-5553-4276-9098-F2827FB33236}.DebugSign|x64.Build.0 = Debug|x64
		{CE86F573-5553-4276-9098-F2827FB33236}.DebugSign|x86.ActiveCfg = Debug|Any CPU
		{CE86F573-5553-4276-9098-F2827FB33236}.DebugSign|x86.Build.0 = Debug|Any CPU
		{CE86F573-5553-4276-9098-F2827FB33236}.Release|Any CPU.ActiveCfg = Release|Any CPU
		{CE86F573-5553-4276-9098-F2827FB33236}.Release|Any CPU.Build.0 = Release|Any CPU
		{CE86F573-5553-4276-9098-F2827FB33236}.Release|ARM64.ActiveCfg = Release|ARM64
		{CE86F573-5553-4276-9098-F2827FB33236}.Release|ARM64.Build.0 = Release|ARM64
		{CE86F573-5553-4276-9098-F2827FB33236}.Release|x64.ActiveCfg = Release|x64
		{CE86F573-5553-4276-9098-F2827FB33236}.Release|x64.Build.0 = Release|x64
		{CE86F573-5553-4276-9098-F2827FB33236}.Release|x86.ActiveCfg = Release|Any CPU
		{CE86F573-5553-4276-9098-F2827FB33236}.Release|x86.Build.0 = Release|Any CPU
		{CE86F573-5553-4276-9098-F2827FB33236}.ReleaseSign|Any CPU.ActiveCfg = Release|Any CPU
		{CE86F573-5553-4276-9098-F2827FB33236}.ReleaseSign|Any CPU.Build.0 = Release|Any CPU
		{CE86F573-5553-4276-9098-F2827FB33236}.ReleaseSign|ARM64.ActiveCfg = Release|ARM64
		{CE86F573-5553-4276-9098-F2827FB33236}.ReleaseSign|ARM64.Build.0 = Release|ARM64
		{CE86F573-5553-4276-9098-F2827FB33236}.ReleaseSign|x64.ActiveCfg = Release|x64
		{CE86F573-5553-4276-9098-F2827FB33236}.ReleaseSign|x64.Build.0 = Release|x64
		{CE86F573-5553-4276-9098-F2827FB33236}.ReleaseSign|x86.ActiveCfg = Release|Any CPU
		{CE86F573-5553-4276-9098-F2827FB33236}.ReleaseSign|x86.Build.0 = Release|Any CPU
		{549C1695-99E3-4A75-A285-D8B183950C73}.Debug|Any CPU.ActiveCfg = Debug|Any CPU
		{549C1695-99E3-4A75-A285-D8B183950C73}.Debug|Any CPU.Build.0 = Debug|Any CPU
		{549C1695-99E3-4A75-A285-D8B183950C73}.Debug|ARM64.ActiveCfg = Debug|ARM64
		{549C1695-99E3-4A75-A285-D8B183950C73}.Debug|ARM64.Build.0 = Debug|ARM64
		{549C1695-99E3-4A75-A285-D8B183950C73}.Debug|x64.ActiveCfg = Debug|x64
		{549C1695-99E3-4A75-A285-D8B183950C73}.Debug|x64.Build.0 = Debug|x64
		{549C1695-99E3-4A75-A285-D8B183950C73}.Debug|x86.ActiveCfg = Debug|Any CPU
		{549C1695-99E3-4A75-A285-D8B183950C73}.Debug|x86.Build.0 = Debug|Any CPU
		{549C1695-99E3-4A75-A285-D8B183950C73}.DebugSign|Any CPU.ActiveCfg = Debug|Any CPU
		{549C1695-99E3-4A75-A285-D8B183950C73}.DebugSign|Any CPU.Build.0 = Debug|Any CPU
		{549C1695-99E3-4A75-A285-D8B183950C73}.DebugSign|ARM64.ActiveCfg = Debug|ARM64
		{549C1695-99E3-4A75-A285-D8B183950C73}.DebugSign|ARM64.Build.0 = Debug|ARM64
		{549C1695-99E3-4A75-A285-D8B183950C73}.DebugSign|x64.ActiveCfg = Debug|x64
		{549C1695-99E3-4A75-A285-D8B183950C73}.DebugSign|x64.Build.0 = Debug|x64
		{549C1695-99E3-4A75-A285-D8B183950C73}.DebugSign|x86.ActiveCfg = Debug|Any CPU
		{549C1695-99E3-4A75-A285-D8B183950C73}.DebugSign|x86.Build.0 = Debug|Any CPU
		{549C1695-99E3-4A75-A285-D8B183950C73}.Release|Any CPU.ActiveCfg = Release|Any CPU
		{549C1695-99E3-4A75-A285-D8B183950C73}.Release|Any CPU.Build.0 = Release|Any CPU
		{549C1695-99E3-4A75-A285-D8B183950C73}.Release|ARM64.ActiveCfg = Release|ARM64
		{549C1695-99E3-4A75-A285-D8B183950C73}.Release|ARM64.Build.0 = Release|ARM64
		{549C1695-99E3-4A75-A285-D8B183950C73}.Release|x64.ActiveCfg = Release|x64
		{549C1695-99E3-4A75-A285-D8B183950C73}.Release|x64.Build.0 = Release|x64
		{549C1695-99E3-4A75-A285-D8B183950C73}.Release|x86.ActiveCfg = Release|Any CPU
		{549C1695-99E3-4A75-A285-D8B183950C73}.Release|x86.Build.0 = Release|Any CPU
		{549C1695-99E3-4A75-A285-D8B183950C73}.ReleaseSign|Any CPU.ActiveCfg = Release|Any CPU
		{549C1695-99E3-4A75-A285-D8B183950C73}.ReleaseSign|Any CPU.Build.0 = Release|Any CPU
		{549C1695-99E3-4A75-A285-D8B183950C73}.ReleaseSign|ARM64.ActiveCfg = Release|ARM64
		{549C1695-99E3-4A75-A285-D8B183950C73}.ReleaseSign|ARM64.Build.0 = Release|ARM64
		{549C1695-99E3-4A75-A285-D8B183950C73}.ReleaseSign|x64.ActiveCfg = Release|x64
		{549C1695-99E3-4A75-A285-D8B183950C73}.ReleaseSign|x64.Build.0 = Release|x64
		{549C1695-99E3-4A75-A285-D8B183950C73}.ReleaseSign|x86.ActiveCfg = Release|Any CPU
		{549C1695-99E3-4A75-A285-D8B183950C73}.ReleaseSign|x86.Build.0 = Release|Any CPU
		{696D2042-75EE-4A7E-A58C-D829A9924BC4}.Debug|Any CPU.ActiveCfg = Debug|Any CPU
		{696D2042-75EE-4A7E-A58C-D829A9924BC4}.Debug|Any CPU.Build.0 = Debug|Any CPU
		{696D2042-75EE-4A7E-A58C-D829A9924BC4}.Debug|ARM64.ActiveCfg = Debug|ARM64
		{696D2042-75EE-4A7E-A58C-D829A9924BC4}.Debug|ARM64.Build.0 = Debug|ARM64
		{696D2042-75EE-4A7E-A58C-D829A9924BC4}.Debug|x64.ActiveCfg = Debug|x64
		{696D2042-75EE-4A7E-A58C-D829A9924BC4}.Debug|x64.Build.0 = Debug|x64
		{696D2042-75EE-4A7E-A58C-D829A9924BC4}.Debug|x86.ActiveCfg = Debug|Any CPU
		{696D2042-75EE-4A7E-A58C-D829A9924BC4}.Debug|x86.Build.0 = Debug|Any CPU
		{696D2042-75EE-4A7E-A58C-D829A9924BC4}.DebugSign|Any CPU.ActiveCfg = Debug|Any CPU
		{696D2042-75EE-4A7E-A58C-D829A9924BC4}.DebugSign|Any CPU.Build.0 = Debug|Any CPU
		{696D2042-75EE-4A7E-A58C-D829A9924BC4}.DebugSign|ARM64.ActiveCfg = Debug|ARM64
		{696D2042-75EE-4A7E-A58C-D829A9924BC4}.DebugSign|ARM64.Build.0 = Debug|ARM64
		{696D2042-75EE-4A7E-A58C-D829A9924BC4}.DebugSign|x64.ActiveCfg = Debug|x64
		{696D2042-75EE-4A7E-A58C-D829A9924BC4}.DebugSign|x64.Build.0 = Debug|x64
		{696D2042-75EE-4A7E-A58C-D829A9924BC4}.DebugSign|x86.ActiveCfg = Debug|Any CPU
		{696D2042-75EE-4A7E-A58C-D829A9924BC4}.DebugSign|x86.Build.0 = Debug|Any CPU
		{696D2042-75EE-4A7E-A58C-D829A9924BC4}.Release|Any CPU.ActiveCfg = Release|Any CPU
		{696D2042-75EE-4A7E-A58C-D829A9924BC4}.Release|Any CPU.Build.0 = Release|Any CPU
		{696D2042-75EE-4A7E-A58C-D829A9924BC4}.Release|ARM64.ActiveCfg = Release|ARM64
		{696D2042-75EE-4A7E-A58C-D829A9924BC4}.Release|ARM64.Build.0 = Release|ARM64
		{696D2042-75EE-4A7E-A58C-D829A9924BC4}.Release|x64.ActiveCfg = Release|x64
		{696D2042-75EE-4A7E-A58C-D829A9924BC4}.Release|x64.Build.0 = Release|x64
		{696D2042-75EE-4A7E-A58C-D829A9924BC4}.Release|x86.ActiveCfg = Release|Any CPU
		{696D2042-75EE-4A7E-A58C-D829A9924BC4}.Release|x86.Build.0 = Release|Any CPU
		{696D2042-75EE-4A7E-A58C-D829A9924BC4}.ReleaseSign|Any CPU.ActiveCfg = Release|Any CPU
		{696D2042-75EE-4A7E-A58C-D829A9924BC4}.ReleaseSign|Any CPU.Build.0 = Release|Any CPU
		{696D2042-75EE-4A7E-A58C-D829A9924BC4}.ReleaseSign|ARM64.ActiveCfg = Release|ARM64
		{696D2042-75EE-4A7E-A58C-D829A9924BC4}.ReleaseSign|ARM64.Build.0 = Release|ARM64
		{696D2042-75EE-4A7E-A58C-D829A9924BC4}.ReleaseSign|x64.ActiveCfg = Release|x64
		{696D2042-75EE-4A7E-A58C-D829A9924BC4}.ReleaseSign|x64.Build.0 = Release|x64
		{696D2042-75EE-4A7E-A58C-D829A9924BC4}.ReleaseSign|x86.ActiveCfg = Release|Any CPU
		{696D2042-75EE-4A7E-A58C-D829A9924BC4}.ReleaseSign|x86.Build.0 = Release|Any CPU
		{2A81DC3C-0F93-4C90-98A9-E39134241498}.Debug|Any CPU.ActiveCfg = Debug|Any CPU
		{2A81DC3C-0F93-4C90-98A9-E39134241498}.Debug|Any CPU.Build.0 = Debug|Any CPU
		{2A81DC3C-0F93-4C90-98A9-E39134241498}.Debug|ARM64.ActiveCfg = Debug|ARM64
		{2A81DC3C-0F93-4C90-98A9-E39134241498}.Debug|ARM64.Build.0 = Debug|ARM64
		{2A81DC3C-0F93-4C90-98A9-E39134241498}.Debug|x64.ActiveCfg = Debug|x64
		{2A81DC3C-0F93-4C90-98A9-E39134241498}.Debug|x64.Build.0 = Debug|x64
		{2A81DC3C-0F93-4C90-98A9-E39134241498}.Debug|x86.ActiveCfg = Debug|Any CPU
		{2A81DC3C-0F93-4C90-98A9-E39134241498}.Debug|x86.Build.0 = Debug|Any CPU
		{2A81DC3C-0F93-4C90-98A9-E39134241498}.DebugSign|Any CPU.ActiveCfg = Debug|Any CPU
		{2A81DC3C-0F93-4C90-98A9-E39134241498}.DebugSign|Any CPU.Build.0 = Debug|Any CPU
		{2A81DC3C-0F93-4C90-98A9-E39134241498}.DebugSign|ARM64.ActiveCfg = Debug|ARM64
		{2A81DC3C-0F93-4C90-98A9-E39134241498}.DebugSign|ARM64.Build.0 = Debug|ARM64
		{2A81DC3C-0F93-4C90-98A9-E39134241498}.DebugSign|x64.ActiveCfg = Debug|x64
		{2A81DC3C-0F93-4C90-98A9-E39134241498}.DebugSign|x64.Build.0 = Debug|x64
		{2A81DC3C-0F93-4C90-98A9-E39134241498}.DebugSign|x86.ActiveCfg = Debug|Any CPU
		{2A81DC3C-0F93-4C90-98A9-E39134241498}.DebugSign|x86.Build.0 = Debug|Any CPU
		{2A81DC3C-0F93-4C90-98A9-E39134241498}.Release|Any CPU.ActiveCfg = Release|Any CPU
		{2A81DC3C-0F93-4C90-98A9-E39134241498}.Release|Any CPU.Build.0 = Release|Any CPU
		{2A81DC3C-0F93-4C90-98A9-E39134241498}.Release|ARM64.ActiveCfg = Release|ARM64
		{2A81DC3C-0F93-4C90-98A9-E39134241498}.Release|ARM64.Build.0 = Release|ARM64
		{2A81DC3C-0F93-4C90-98A9-E39134241498}.Release|x64.ActiveCfg = Release|x64
		{2A81DC3C-0F93-4C90-98A9-E39134241498}.Release|x64.Build.0 = Release|x64
		{2A81DC3C-0F93-4C90-98A9-E39134241498}.Release|x86.ActiveCfg = Release|Any CPU
		{2A81DC3C-0F93-4C90-98A9-E39134241498}.Release|x86.Build.0 = Release|Any CPU
		{2A81DC3C-0F93-4C90-98A9-E39134241498}.ReleaseSign|Any CPU.ActiveCfg = Release|Any CPU
		{2A81DC3C-0F93-4C90-98A9-E39134241498}.ReleaseSign|Any CPU.Build.0 = Release|Any CPU
		{2A81DC3C-0F93-4C90-98A9-E39134241498}.ReleaseSign|ARM64.ActiveCfg = Release|ARM64
		{2A81DC3C-0F93-4C90-98A9-E39134241498}.ReleaseSign|ARM64.Build.0 = Release|ARM64
		{2A81DC3C-0F93-4C90-98A9-E39134241498}.ReleaseSign|x64.ActiveCfg = Release|x64
		{2A81DC3C-0F93-4C90-98A9-E39134241498}.ReleaseSign|x64.Build.0 = Release|x64
		{2A81DC3C-0F93-4C90-98A9-E39134241498}.ReleaseSign|x86.ActiveCfg = Release|Any CPU
		{2A81DC3C-0F93-4C90-98A9-E39134241498}.ReleaseSign|x86.Build.0 = Release|Any CPU
		{BAC85AC9-F3A9-4206-ABE1-02F123EFC7D6}.Debug|Any CPU.ActiveCfg = Debug|Any CPU
		{BAC85AC9-F3A9-4206-ABE1-02F123EFC7D6}.Debug|Any CPU.Build.0 = Debug|Any CPU
		{BAC85AC9-F3A9-4206-ABE1-02F123EFC7D6}.Debug|ARM64.ActiveCfg = Debug|ARM64
		{BAC85AC9-F3A9-4206-ABE1-02F123EFC7D6}.Debug|ARM64.Build.0 = Debug|ARM64
		{BAC85AC9-F3A9-4206-ABE1-02F123EFC7D6}.Debug|x64.ActiveCfg = Debug|x64
		{BAC85AC9-F3A9-4206-ABE1-02F123EFC7D6}.Debug|x64.Build.0 = Debug|x64
		{BAC85AC9-F3A9-4206-ABE1-02F123EFC7D6}.Debug|x86.ActiveCfg = Debug|Any CPU
		{BAC85AC9-F3A9-4206-ABE1-02F123EFC7D6}.Debug|x86.Build.0 = Debug|Any CPU
		{BAC85AC9-F3A9-4206-ABE1-02F123EFC7D6}.DebugSign|Any CPU.ActiveCfg = Debug|Any CPU
		{BAC85AC9-F3A9-4206-ABE1-02F123EFC7D6}.DebugSign|Any CPU.Build.0 = Debug|Any CPU
		{BAC85AC9-F3A9-4206-ABE1-02F123EFC7D6}.DebugSign|ARM64.ActiveCfg = Debug|ARM64
		{BAC85AC9-F3A9-4206-ABE1-02F123EFC7D6}.DebugSign|ARM64.Build.0 = Debug|ARM64
		{BAC85AC9-F3A9-4206-ABE1-02F123EFC7D6}.DebugSign|x64.ActiveCfg = Debug|x64
		{BAC85AC9-F3A9-4206-ABE1-02F123EFC7D6}.DebugSign|x64.Build.0 = Debug|x64
		{BAC85AC9-F3A9-4206-ABE1-02F123EFC7D6}.DebugSign|x86.ActiveCfg = Debug|Any CPU
		{BAC85AC9-F3A9-4206-ABE1-02F123EFC7D6}.DebugSign|x86.Build.0 = Debug|Any CPU
		{BAC85AC9-F3A9-4206-ABE1-02F123EFC7D6}.Release|Any CPU.ActiveCfg = Release|Any CPU
		{BAC85AC9-F3A9-4206-ABE1-02F123EFC7D6}.Release|Any CPU.Build.0 = Release|Any CPU
		{BAC85AC9-F3A9-4206-ABE1-02F123EFC7D6}.Release|ARM64.ActiveCfg = Release|ARM64
		{BAC85AC9-F3A9-4206-ABE1-02F123EFC7D6}.Release|ARM64.Build.0 = Release|ARM64
		{BAC85AC9-F3A9-4206-ABE1-02F123EFC7D6}.Release|x64.ActiveCfg = Release|x64
		{BAC85AC9-F3A9-4206-ABE1-02F123EFC7D6}.Release|x64.Build.0 = Release|x64
		{BAC85AC9-F3A9-4206-ABE1-02F123EFC7D6}.Release|x86.ActiveCfg = Release|Any CPU
		{BAC85AC9-F3A9-4206-ABE1-02F123EFC7D6}.Release|x86.Build.0 = Release|Any CPU
		{BAC85AC9-F3A9-4206-ABE1-02F123EFC7D6}.ReleaseSign|Any CPU.ActiveCfg = Release|Any CPU
		{BAC85AC9-F3A9-4206-ABE1-02F123EFC7D6}.ReleaseSign|Any CPU.Build.0 = Release|Any CPU
		{BAC85AC9-F3A9-4206-ABE1-02F123EFC7D6}.ReleaseSign|ARM64.ActiveCfg = Release|ARM64
		{BAC85AC9-F3A9-4206-ABE1-02F123EFC7D6}.ReleaseSign|ARM64.Build.0 = Release|ARM64
		{BAC85AC9-F3A9-4206-ABE1-02F123EFC7D6}.ReleaseSign|x64.ActiveCfg = Release|x64
		{BAC85AC9-F3A9-4206-ABE1-02F123EFC7D6}.ReleaseSign|x64.Build.0 = Release|x64
		{BAC85AC9-F3A9-4206-ABE1-02F123EFC7D6}.ReleaseSign|x86.ActiveCfg = Release|Any CPU
		{BAC85AC9-F3A9-4206-ABE1-02F123EFC7D6}.ReleaseSign|x86.Build.0 = Release|Any CPU
		{0FC112FB-35BB-457F-9AAF-2FA511B449BD}.Debug|Any CPU.ActiveCfg = Debug|Any CPU
		{0FC112FB-35BB-457F-9AAF-2FA511B449BD}.Debug|Any CPU.Build.0 = Debug|Any CPU
		{0FC112FB-35BB-457F-9AAF-2FA511B449BD}.Debug|ARM64.ActiveCfg = Debug|ARM64
		{0FC112FB-35BB-457F-9AAF-2FA511B449BD}.Debug|ARM64.Build.0 = Debug|ARM64
		{0FC112FB-35BB-457F-9AAF-2FA511B449BD}.Debug|x64.ActiveCfg = Debug|x64
		{0FC112FB-35BB-457F-9AAF-2FA511B449BD}.Debug|x64.Build.0 = Debug|x64
		{0FC112FB-35BB-457F-9AAF-2FA511B449BD}.Debug|x86.ActiveCfg = Debug|Any CPU
		{0FC112FB-35BB-457F-9AAF-2FA511B449BD}.Debug|x86.Build.0 = Debug|Any CPU
		{0FC112FB-35BB-457F-9AAF-2FA511B449BD}.DebugSign|Any CPU.ActiveCfg = Debug|Any CPU
		{0FC112FB-35BB-457F-9AAF-2FA511B449BD}.DebugSign|Any CPU.Build.0 = Debug|Any CPU
		{0FC112FB-35BB-457F-9AAF-2FA511B449BD}.DebugSign|ARM64.ActiveCfg = Debug|ARM64
		{0FC112FB-35BB-457F-9AAF-2FA511B449BD}.DebugSign|ARM64.Build.0 = Debug|ARM64
		{0FC112FB-35BB-457F-9AAF-2FA511B449BD}.DebugSign|x64.ActiveCfg = Debug|x64
		{0FC112FB-35BB-457F-9AAF-2FA511B449BD}.DebugSign|x64.Build.0 = Debug|x64
		{0FC112FB-35BB-457F-9AAF-2FA511B449BD}.DebugSign|x86.ActiveCfg = Debug|Any CPU
		{0FC112FB-35BB-457F-9AAF-2FA511B449BD}.DebugSign|x86.Build.0 = Debug|Any CPU
		{0FC112FB-35BB-457F-9AAF-2FA511B449BD}.Release|Any CPU.ActiveCfg = Release|Any CPU
		{0FC112FB-35BB-457F-9AAF-2FA511B449BD}.Release|Any CPU.Build.0 = Release|Any CPU
		{0FC112FB-35BB-457F-9AAF-2FA511B449BD}.Release|ARM64.ActiveCfg = Release|ARM64
		{0FC112FB-35BB-457F-9AAF-2FA511B449BD}.Release|ARM64.Build.0 = Release|ARM64
		{0FC112FB-35BB-457F-9AAF-2FA511B449BD}.Release|x64.ActiveCfg = Release|x64
		{0FC112FB-35BB-457F-9AAF-2FA511B449BD}.Release|x64.Build.0 = Release|x64
		{0FC112FB-35BB-457F-9AAF-2FA511B449BD}.Release|x86.ActiveCfg = Release|Any CPU
		{0FC112FB-35BB-457F-9AAF-2FA511B449BD}.Release|x86.Build.0 = Release|Any CPU
		{0FC112FB-35BB-457F-9AAF-2FA511B449BD}.ReleaseSign|Any CPU.ActiveCfg = Release|Any CPU
		{0FC112FB-35BB-457F-9AAF-2FA511B449BD}.ReleaseSign|Any CPU.Build.0 = Release|Any CPU
		{0FC112FB-35BB-457F-9AAF-2FA511B449BD}.ReleaseSign|ARM64.ActiveCfg = Release|ARM64
		{0FC112FB-35BB-457F-9AAF-2FA511B449BD}.ReleaseSign|ARM64.Build.0 = Release|ARM64
		{0FC112FB-35BB-457F-9AAF-2FA511B449BD}.ReleaseSign|x64.ActiveCfg = Release|x64
		{0FC112FB-35BB-457F-9AAF-2FA511B449BD}.ReleaseSign|x64.Build.0 = Release|x64
		{0FC112FB-35BB-457F-9AAF-2FA511B449BD}.ReleaseSign|x86.ActiveCfg = Release|Any CPU
		{0FC112FB-35BB-457F-9AAF-2FA511B449BD}.ReleaseSign|x86.Build.0 = Release|Any CPU
		{12F7BF00-A0EE-41D2-B9C4-A4EAB7C690A1}.Debug|Any CPU.ActiveCfg = Debug|Any CPU
		{12F7BF00-A0EE-41D2-B9C4-A4EAB7C690A1}.Debug|Any CPU.Build.0 = Debug|Any CPU
		{12F7BF00-A0EE-41D2-B9C4-A4EAB7C690A1}.Debug|ARM64.ActiveCfg = Debug|ARM64
		{12F7BF00-A0EE-41D2-B9C4-A4EAB7C690A1}.Debug|ARM64.Build.0 = Debug|ARM64
		{12F7BF00-A0EE-41D2-B9C4-A4EAB7C690A1}.Debug|x64.ActiveCfg = Debug|x64
		{12F7BF00-A0EE-41D2-B9C4-A4EAB7C690A1}.Debug|x64.Build.0 = Debug|x64
		{12F7BF00-A0EE-41D2-B9C4-A4EAB7C690A1}.Debug|x86.ActiveCfg = Debug|Any CPU
		{12F7BF00-A0EE-41D2-B9C4-A4EAB7C690A1}.Debug|x86.Build.0 = Debug|Any CPU
		{12F7BF00-A0EE-41D2-B9C4-A4EAB7C690A1}.DebugSign|Any CPU.ActiveCfg = Debug|Any CPU
		{12F7BF00-A0EE-41D2-B9C4-A4EAB7C690A1}.DebugSign|Any CPU.Build.0 = Debug|Any CPU
		{12F7BF00-A0EE-41D2-B9C4-A4EAB7C690A1}.DebugSign|ARM64.ActiveCfg = Debug|ARM64
		{12F7BF00-A0EE-41D2-B9C4-A4EAB7C690A1}.DebugSign|ARM64.Build.0 = Debug|ARM64
		{12F7BF00-A0EE-41D2-B9C4-A4EAB7C690A1}.DebugSign|x64.ActiveCfg = Debug|x64
		{12F7BF00-A0EE-41D2-B9C4-A4EAB7C690A1}.DebugSign|x64.Build.0 = Debug|x64
		{12F7BF00-A0EE-41D2-B9C4-A4EAB7C690A1}.DebugSign|x86.ActiveCfg = Debug|Any CPU
		{12F7BF00-A0EE-41D2-B9C4-A4EAB7C690A1}.DebugSign|x86.Build.0 = Debug|Any CPU
		{12F7BF00-A0EE-41D2-B9C4-A4EAB7C690A1}.Release|Any CPU.ActiveCfg = Release|Any CPU
		{12F7BF00-A0EE-41D2-B9C4-A4EAB7C690A1}.Release|Any CPU.Build.0 = Release|Any CPU
		{12F7BF00-A0EE-41D2-B9C4-A4EAB7C690A1}.Release|ARM64.ActiveCfg = Release|ARM64
		{12F7BF00-A0EE-41D2-B9C4-A4EAB7C690A1}.Release|ARM64.Build.0 = Release|ARM64
		{12F7BF00-A0EE-41D2-B9C4-A4EAB7C690A1}.Release|x64.ActiveCfg = Release|x64
		{12F7BF00-A0EE-41D2-B9C4-A4EAB7C690A1}.Release|x64.Build.0 = Release|x64
		{12F7BF00-A0EE-41D2-B9C4-A4EAB7C690A1}.Release|x86.ActiveCfg = Release|Any CPU
		{12F7BF00-A0EE-41D2-B9C4-A4EAB7C690A1}.Release|x86.Build.0 = Release|Any CPU
		{12F7BF00-A0EE-41D2-B9C4-A4EAB7C690A1}.ReleaseSign|Any CPU.ActiveCfg = Release|Any CPU
		{12F7BF00-A0EE-41D2-B9C4-A4EAB7C690A1}.ReleaseSign|Any CPU.Build.0 = Release|Any CPU
		{12F7BF00-A0EE-41D2-B9C4-A4EAB7C690A1}.ReleaseSign|ARM64.ActiveCfg = Release|ARM64
		{12F7BF00-A0EE-41D2-B9C4-A4EAB7C690A1}.ReleaseSign|ARM64.Build.0 = Release|ARM64
		{12F7BF00-A0EE-41D2-B9C4-A4EAB7C690A1}.ReleaseSign|x64.ActiveCfg = Release|x64
		{12F7BF00-A0EE-41D2-B9C4-A4EAB7C690A1}.ReleaseSign|x64.Build.0 = Release|x64
		{12F7BF00-A0EE-41D2-B9C4-A4EAB7C690A1}.ReleaseSign|x86.ActiveCfg = Release|Any CPU
		{12F7BF00-A0EE-41D2-B9C4-A4EAB7C690A1}.ReleaseSign|x86.Build.0 = Release|Any CPU
		{CD7CBAF5-3C8F-4175-A8FC-A44AC8D9851E}.Debug|Any CPU.ActiveCfg = Debug|Any CPU
		{CD7CBAF5-3C8F-4175-A8FC-A44AC8D9851E}.Debug|Any CPU.Build.0 = Debug|Any CPU
		{CD7CBAF5-3C8F-4175-A8FC-A44AC8D9851E}.Debug|ARM64.ActiveCfg = Debug|ARM64
		{CD7CBAF5-3C8F-4175-A8FC-A44AC8D9851E}.Debug|ARM64.Build.0 = Debug|ARM64
		{CD7CBAF5-3C8F-4175-A8FC-A44AC8D9851E}.Debug|x64.ActiveCfg = Debug|x64
		{CD7CBAF5-3C8F-4175-A8FC-A44AC8D9851E}.Debug|x64.Build.0 = Debug|x64
		{CD7CBAF5-3C8F-4175-A8FC-A44AC8D9851E}.Debug|x86.ActiveCfg = Debug|Any CPU
		{CD7CBAF5-3C8F-4175-A8FC-A44AC8D9851E}.Debug|x86.Build.0 = Debug|Any CPU
		{CD7CBAF5-3C8F-4175-A8FC-A44AC8D9851E}.DebugSign|Any CPU.ActiveCfg = Debug|Any CPU
		{CD7CBAF5-3C8F-4175-A8FC-A44AC8D9851E}.DebugSign|Any CPU.Build.0 = Debug|Any CPU
		{CD7CBAF5-3C8F-4175-A8FC-A44AC8D9851E}.DebugSign|ARM64.ActiveCfg = Debug|ARM64
		{CD7CBAF5-3C8F-4175-A8FC-A44AC8D9851E}.DebugSign|ARM64.Build.0 = Debug|ARM64
		{CD7CBAF5-3C8F-4175-A8FC-A44AC8D9851E}.DebugSign|x64.ActiveCfg = Debug|x64
		{CD7CBAF5-3C8F-4175-A8FC-A44AC8D9851E}.DebugSign|x64.Build.0 = Debug|x64
		{CD7CBAF5-3C8F-4175-A8FC-A44AC8D9851E}.DebugSign|x86.ActiveCfg = Debug|Any CPU
		{CD7CBAF5-3C8F-4175-A8FC-A44AC8D9851E}.DebugSign|x86.Build.0 = Debug|Any CPU
		{CD7CBAF5-3C8F-4175-A8FC-A44AC8D9851E}.Release|Any CPU.ActiveCfg = Release|Any CPU
		{CD7CBAF5-3C8F-4175-A8FC-A44AC8D9851E}.Release|Any CPU.Build.0 = Release|Any CPU
		{CD7CBAF5-3C8F-4175-A8FC-A44AC8D9851E}.Release|ARM64.ActiveCfg = Release|ARM64
		{CD7CBAF5-3C8F-4175-A8FC-A44AC8D9851E}.Release|ARM64.Build.0 = Release|ARM64
		{CD7CBAF5-3C8F-4175-A8FC-A44AC8D9851E}.Release|x64.ActiveCfg = Release|x64
		{CD7CBAF5-3C8F-4175-A8FC-A44AC8D9851E}.Release|x64.Build.0 = Release|x64
		{CD7CBAF5-3C8F-4175-A8FC-A44AC8D9851E}.Release|x86.ActiveCfg = Release|Any CPU
		{CD7CBAF5-3C8F-4175-A8FC-A44AC8D9851E}.Release|x86.Build.0 = Release|Any CPU
		{CD7CBAF5-3C8F-4175-A8FC-A44AC8D9851E}.ReleaseSign|Any CPU.ActiveCfg = Release|Any CPU
		{CD7CBAF5-3C8F-4175-A8FC-A44AC8D9851E}.ReleaseSign|Any CPU.Build.0 = Release|Any CPU
		{CD7CBAF5-3C8F-4175-A8FC-A44AC8D9851E}.ReleaseSign|ARM64.ActiveCfg = Release|ARM64
		{CD7CBAF5-3C8F-4175-A8FC-A44AC8D9851E}.ReleaseSign|ARM64.Build.0 = Release|ARM64
		{CD7CBAF5-3C8F-4175-A8FC-A44AC8D9851E}.ReleaseSign|x64.ActiveCfg = Release|x64
		{CD7CBAF5-3C8F-4175-A8FC-A44AC8D9851E}.ReleaseSign|x64.Build.0 = Release|x64
		{CD7CBAF5-3C8F-4175-A8FC-A44AC8D9851E}.ReleaseSign|x86.ActiveCfg = Release|Any CPU
		{CD7CBAF5-3C8F-4175-A8FC-A44AC8D9851E}.ReleaseSign|x86.Build.0 = Release|Any CPU
	EndGlobalSection
	GlobalSection(SolutionProperties) = preSolution
		HideSolutionNode = FALSE
	EndGlobalSection
	GlobalSection(NestedProjects) = preSolution
		{939C0A24-3AFB-4549-BAE2-E3D38A596EF9} = {2F66AE62-56FE-4071-B60E-25D056DA9E91}
		{7303940D-F639-4B5D-BE7D-43DD416D5695} = {761EFB52-D26A-43E7-ACD5-0CB0162FBCAA}
		{4F1CDFDA-C61B-4A5A-A6EF-4715054A3819} = {761EFB52-D26A-43E7-ACD5-0CB0162FBCAA}
		{E6BB6479-B3FD-4667-AF0E-58874042071F} = {761EFB52-D26A-43E7-ACD5-0CB0162FBCAA}
		{D0411AF2-3BE4-474C-B945-4343AAAA32BD} = {2F66AE62-56FE-4071-B60E-25D056DA9E91}
		{6EC989A0-9C3B-4995-811C-67AAA0D62518} = {58ED8D02-C682-40C2-A855-A45FD64429F6}
		{097F45F5-1508-4246-B8E3-A3BEC692F095} = {58ED8D02-C682-40C2-A855-A45FD64429F6}
		{5D36200C-A06A-4F85-BF4D-2B4EB59BD3D2} = {58ED8D02-C682-40C2-A855-A45FD64429F6}
		{9D5B205E-A740-41EC-8437-055A2907074B} = {58ED8D02-C682-40C2-A855-A45FD64429F6}
		{7B764B8B-9EE1-4C5D-B3CB-7EEF2A40B740} = {C285ADD8-71BE-4DD9-AA55-BBAF1C03A77C}
		{4261866C-1791-4F23-A546-E144276B0F97} = {C285ADD8-71BE-4DD9-AA55-BBAF1C03A77C}
		{CE86F573-5553-4276-9098-F2827FB33236} = {C285ADD8-71BE-4DD9-AA55-BBAF1C03A77C}
		{549C1695-99E3-4A75-A285-D8B183950C73} = {C285ADD8-71BE-4DD9-AA55-BBAF1C03A77C}
		{696D2042-75EE-4A7E-A58C-D829A9924BC4} = {58ED8D02-C682-40C2-A855-A45FD64429F6}
		{2A81DC3C-0F93-4C90-98A9-E39134241498} = {58ED8D02-C682-40C2-A855-A45FD64429F6}
		{BAC85AC9-F3A9-4206-ABE1-02F123EFC7D6} = {2070C619-467B-44AB-922D-D9A1FEF633D7}
		{0FC112FB-35BB-457F-9AAF-2FA511B449BD} = {2070C619-467B-44AB-922D-D9A1FEF633D7}
		{12F7BF00-A0EE-41D2-B9C4-A4EAB7C690A1} = {58ED8D02-C682-40C2-A855-A45FD64429F6}
		{CD7CBAF5-3C8F-4175-A8FC-A44AC8D9851E} = {2070C619-467B-44AB-922D-D9A1FEF633D7}
	EndGlobalSection
	GlobalSection(ExtensibilityGlobals) = postSolution
		SolutionGuid = {9C8DD7BC-85A1-44DB-81ED-5DA8F4312EEA}
	EndGlobalSection
EndGlobal
