
Microsoft Visual Studio Solution File, Format Version 12.00
# Visual Studio Version 17
VisualStudioVersion = 17.9.34407.89
MinimumVisualStudioVersion = 10.0.40219.1
Project("{9A19103F-16F7-4668-BE54-9A1E7A4F7556}") = "XrSamples.Console", "Samples\XrSamples.Console\XrSamples.Console.csproj", "{939C0A24-3AFB-4549-BAE2-E3D38A596EF9}"
EndProject
Project("{9A19103F-16F7-4668-BE54-9A1E7A4F7556}") = "XrSamples.Android", "Samples\XrSamples.Android\XrSamples.Android.csproj", "{D0411AF2-3BE4-474C-B945-4343AAAA32BD}"
EndProject
Project("{9A19103F-16F7-4668-BE54-9A1E7A4F7556}") = "OpenXr.Framework", "Framework\OpenXr.Framework\OpenXr.Framework.csproj", "{6EC989A0-9C3B-4995-811C-67AAA0D62518}"
EndProject
Project("{9A19103F-16F7-4668-BE54-9A1E7A4F7556}") = "OpenXr.Framework.Android", "Framework\OpenXr.Framework.Android\OpenXr.Framework.Android.csproj", "{097F45F5-1508-4246-B8E3-A3BEC692F095}"
EndProject
Project("{9A19103F-16F7-4668-BE54-9A1E7A4F7556}") = "OpenXr.Framework.Vulkan", "Framework\OpenXr.Framework.Vulkan\OpenXr.Framework.Vulkan.csproj", "{5D36200C-A06A-4F85-BF4D-2B4EB59BD3D2}"
EndProject
Project("{9A19103F-16F7-4668-BE54-9A1E7A4F7556}") = "OpenXr.Framework.Oculus", "Framework\OpenXr.Framework.Oculus\OpenXr.Framework.Oculus.csproj", "{9D5B205E-A740-41EC-8437-055A2907074B}"
EndProject
Project("{9A19103F-16F7-4668-BE54-9A1E7A4F7556}") = "XrWebLink", "WebLink\XrWebLink\XrWebLink.csproj", "{7B764B8B-9EE1-4C5D-B3CB-7EEF2A40B740}"
EndProject
Project("{9A19103F-16F7-4668-BE54-9A1E7A4F7556}") = "XrWebLink.Server", "WebLink\XrWebLink.Server\XrWebLink.Server.csproj", "{4261866C-1791-4F23-A546-E144276B0F97}"
EndProject
Project("{2150E333-8FDC-42A3-9474-1A3956D46DE8}") = "Samples", "Samples", "{2F66AE62-56FE-4071-B60E-25D056DA9E91}"
EndProject
Project("{2150E333-8FDC-42A3-9474-1A3956D46DE8}") = "WebLink", "WebLink", "{C285ADD8-71BE-4DD9-AA55-BBAF1C03A77C}"
EndProject
Project("{2150E333-8FDC-42A3-9474-1A3956D46DE8}") = "Framework", "Framework", "{58ED8D02-C682-40C2-A855-A45FD64429F6}"
EndProject
Project("{2150E333-8FDC-42A3-9474-1A3956D46DE8}") = "#Global", "#Global", "{BFA63182-DD48-4C33-B80D-D7F518545D16}"
	ProjectSection(SolutionItems) = preProject
		..\.gitignore = ..\.gitignore
		AspNetCoreMini.props = AspNetCoreMini.props
		Directory.Build.props = Directory.Build.props
		..\readme.md = ..\readme.md
		..\ToDo.docx = ..\ToDo.docx
		XrSDK.vsext = XrSDK.vsext
	EndProjectSection
EndProject
Project("{9A19103F-16F7-4668-BE54-9A1E7A4F7556}") = "XrWebLink.Entities", "WebLink\XrWebLink.Entities\XrWebLink.Entities.csproj", "{CE86F573-5553-4276-9098-F2827FB33236}"
EndProject
Project("{9A19103F-16F7-4668-BE54-9A1E7A4F7556}") = "XrWebLink.Client", "WebLink\XrWebLink.Client\XrWebLink.Client.csproj", "{549C1695-99E3-4A75-A285-D8B183950C73}"
EndProject
Project("{9A19103F-16F7-4668-BE54-9A1E7A4F7556}") = "OpenXr.Framework.OpenGL", "Framework\OpenXr.Framework.OpenGL\OpenXr.Framework.OpenGL.csproj", "{696D2042-75EE-4A7E-A58C-D829A9924BC4}"
EndProject
Project("{2150E333-8FDC-42A3-9474-1A3956D46DE8}") = "Engine", "Engine", "{2070C619-467B-44AB-922D-D9A1FEF633D7}"
EndProject
Project("{9A19103F-16F7-4668-BE54-9A1E7A4F7556}") = "XrEngine.Core", "Engine\XrEngine.Core\XrEngine.Core.csproj", "{BAC85AC9-F3A9-4206-ABE1-02F123EFC7D6}"
EndProject
Project("{9A19103F-16F7-4668-BE54-9A1E7A4F7556}") = "XrEngine.OpenGL", "Engine\XrEngine.OpenGL\XrEngine.OpenGL.csproj", "{0FC112FB-35BB-457F-9AAF-2FA511B449BD}"
EndProject
Project("{9A19103F-16F7-4668-BE54-9A1E7A4F7556}") = "XrEngine.OpenXr", "Engine\XrEngine.OpenXr\XrEngine.OpenXr.csproj", "{12F7BF00-A0EE-41D2-B9C4-A4EAB7C690A1}"
EndProject
Project("{9A19103F-16F7-4668-BE54-9A1E7A4F7556}") = "XrSamples.Common", "Samples\XrSamples.Common\XrSamples.Common.csproj", "{A18071A3-28AF-4394-8A85-29082C6F5CD0}"
EndProject
Project("{9A19103F-16F7-4668-BE54-9A1E7A4F7556}") = "XrWebLink.Android", "WebLink\XrWebLink.Android\XrWebLink.Android.csproj", "{11ED90E9-85B8-4545-94E9-2919ACD51F12}"
EndProject
Project("{9A19103F-16F7-4668-BE54-9A1E7A4F7556}") = "XrEngine.Gltf", "Engine\XrEngine.Glft\XrEngine.Gltf.csproj", "{BAD5CEB8-E157-46F9-B620-1749858CBDD0}"
EndProject
Project("{9A19103F-16F7-4668-BE54-9A1E7A4F7556}") = "OpenXr.Entities", "Framework\OpenXr.Entities\OpenXr.Entities.csproj", "{22346221-F1D6-4093-BE74-E1B7232B3D20}"
EndProject
Project("{8BC9CEB8-8B4A-11D0-8D11-00A0C91BC942}") = "Draco.Native", "Engine\Draco.Native\Draco.Native.vcxproj", "{7637AB55-A272-4390-8222-8397150FE18F}"
EndProject
Project("{9A19103F-16F7-4668-BE54-9A1E7A4F7556}") = "XrEngine.Compression", "Engine\XrEngine.Compression\XrEngine.Compression.csproj", "{41C5F645-689F-49D5-8A77-1C7F1DF963EE}"
EndProject
Project("{9A19103F-16F7-4668-BE54-9A1E7A4F7556}") = "XrEditor.App", "Editor\XrEditor.App\XrEditor.App.csproj", "{5E998D96-93A5-453B-B8EE-D6EBD2967E18}"
EndProject
Project("{8BC9CEB8-8B4A-11D0-8D11-00A0C91BC942}") = "EtcPack", "..\third-party\etcpak\EtcPack.vcxproj", "{151A0D98-7E72-4D78-8C7E-C2BBDBA4D75D}"
EndProject
Project("{2150E333-8FDC-42A3-9474-1A3956D46DE8}") = "#Third", "#Third", "{A0A6CD7F-C9B6-4BB4-9756-AF601CAD6732}"
EndProject
Project("{8BC9CEB8-8B4A-11D0-8D11-00A0C91BC942}") = "Filament.Native", "Engine\Filament.Native\Filament.Native.vcxproj", "{4FF56F83-7124-4975-B086-2F9C4FCC59E4}"
EndProject
Project("{9A19103F-16F7-4668-BE54-9A1E7A4F7556}") = "XrEngine.Filament", "Engine\XrEngine.Filament\XrEngine.Filament.csproj", "{F50A869E-655E-412E-979F-B802FD3AA240}"
EndProject
Project("{2150E333-8FDC-42A3-9474-1A3956D46DE8}") = "Editor", "Editor", "{7630AAE4-5AEB-4543-B918-39CB1DDC2DE0}"
EndProject
Project("{9A19103F-16F7-4668-BE54-9A1E7A4F7556}") = "XrEditor.Core", "Editor\XrEditor.Core\XrEditor.Core.csproj", "{93546599-6988-412F-B4DC-0329E5101FFB}"
EndProject
Project("{9A19103F-16F7-4668-BE54-9A1E7A4F7556}") = "MeshOptimizer", "Engine\MeshOptimizer\MeshOptimizer.csproj", "{11AB8634-1E12-475C-AF8F-B8DDA5088BCF}"
EndProject
Project("{9A19103F-16F7-4668-BE54-9A1E7A4F7556}") = "XrEngine.Physics", "Engine\XrEngine.Physics\XrEngine.Physics.csproj", "{9AE04283-8CE8-4D2F-847F-9123AE5897BB}"
EndProject
Project("{9A19103F-16F7-4668-BE54-9A1E7A4F7556}") = "PhysX", "..\third-party\MagicPhysX\src\MagicPhysX\PhysX.csproj", "{1A6E0A28-0F13-4935-9816-8277350745F3}"
EndProject
Project("{9A19103F-16F7-4668-BE54-9A1E7A4F7556}") = "XrEngine.Audio", "Engine\XrEngine.Audio\XrEngine.Audio.csproj", "{9B7D1E5C-F364-4F2A-A9B8-D502FEED010A}"
EndProject
Project("{2150E333-8FDC-42A3-9474-1A3956D46DE8}") = "Common", "Common", "{060B16F4-E80A-49AD-8696-E40F6B8972CB}"
EndProject
Project("{9A19103F-16F7-4668-BE54-9A1E7A4F7556}") = "XrMath", "Common\XrMath\XrMath.csproj", "{DBE49244-F6A1-46ED-837C-B1F308DB2208}"
EndProject
Project("{9A19103F-16F7-4668-BE54-9A1E7A4F7556}") = "XrMath.Entities", "Common\XrMath.Entities\XrMath.Entities.csproj", "{8127CD8E-D690-4313-8CF3-2862DFF9C6AB}"
EndProject
Project("{9A19103F-16F7-4668-BE54-9A1E7A4F7556}") = "OpenAl.Framework", "Framework\OpenAl.Framework\OpenAl.Framework.csproj", "{B8976F14-8FE9-4EC7-B361-B989F332F9F7}"
EndProject
Project("{9A19103F-16F7-4668-BE54-9A1E7A4F7556}") = "XrEngine.OpenXr.Android", "Engine\XrEngine.OpenXr.Android\XrEngine.OpenXr.Android.csproj", "{FB83EAA4-9995-4E2D-A68F-FCF8198D3474}"
EndProject
Project("{2150E333-8FDC-42A3-9474-1A3956D46DE8}") = "#Filament", "#Filament", "{B9E0214C-4072-4B48-95DE-D8746A1F5863}"
	ProjectSection(SolutionItems) = preProject
		..\third-party\filament\filament\backend\src\opengl\platforms\PlatformWGL.cpp = ..\third-party\filament\filament\backend\src\opengl\platforms\PlatformWGL.cpp
		..\third-party\filament\filament\backend\include\backend\platforms\PlatformWGL.h = ..\third-party\filament\filament\backend\include\backend\platforms\PlatformWGL.h
		..\third-party\filament\filament\backend\src\vulkan\VulkanDriver.cpp = ..\third-party\filament\filament\backend\src\vulkan\VulkanDriver.cpp
		..\third-party\filament\filament\backend\src\vulkan\VulkanHandles.cpp = ..\third-party\filament\filament\backend\src\vulkan\VulkanHandles.cpp
	EndProjectSection
EndProject
Project("{8BC9CEB8-8B4A-11D0-8D11-00A0C91BC942}") = "XrEngine.Native", "Engine\XrEngine.Native\XrEngine.Native.vcxproj", "{842C66E7-4D5D-4B95-B704-A99A18BCFAF3}"
EndProject
Project("{9A19103F-16F7-4668-BE54-9A1E7A4F7556}") = "PhysX.Framework", "Framework\PhysX.Framework\PhysX.Framework.csproj", "{8B3B939C-CD86-453F-B69F-73D3318E91A8}"
EndProject
Project("{9A19103F-16F7-4668-BE54-9A1E7A4F7556}") = "XrEngine.UI", "Engine\XrEngine.UI\XrEngine.UI.csproj", "{B7707B4C-81F0-42FF-BD4D-6034B85BC7D8}"
EndProject
Project("{2150E333-8FDC-42A3-9474-1A3956D46DE8}") = "UI", "UI", "{D2CAB330-1986-4612-928B-645318158099}"
EndProject
Project("{9A19103F-16F7-4668-BE54-9A1E7A4F7556}") = "UI.Canvas", "UI\UI.Canvas\UI.Canvas.csproj", "{933C7A64-CE8A-404D-BA3D-F80820943958}"
EndProject
Project("{9A19103F-16F7-4668-BE54-9A1E7A4F7556}") = "UI.Framework", "UI\UI.Framework\UI.Framework.csproj", "{9C6ED744-1023-4DD9-B3F8-61EBD565DB10}"
EndProject
Project("{9A19103F-16F7-4668-BE54-9A1E7A4F7556}") = "UI.Binding", "UI\UI.Binding\UI.Binding.csproj", "{AC81C2CA-7870-466A-BEF4-D4F6F9B3B731}"
EndProject
Project("{FAE04EC0-301F-11D3-BF4B-00C04F79EFBC}") = "XrEngine.Media.FFmpeg", "Engine\XrEngine.Media.FFmpeg\XrEngine.Media.FFmpeg.csproj", "{46AD1C9E-16E0-4B64-ACF5-D7E5F59C9C75}"
EndProject
Project("{FAE04EC0-301F-11D3-BF4B-00C04F79EFBC}") = "XrEngine.Browser.Win", "Engine\XrEngine.Browser.Win\XrEngine.Browser.Win.csproj", "{BA5EA4E2-F237-4E51-A788-3638B78E4D88}"
EndProject
Project("{FAE04EC0-301F-11D3-BF4B-00C04F79EFBC}") = "XrEngine.Media.Android", "Engine\XrEngine.Media.Android\XrEngine.Media.Android.csproj", "{0EC978D8-8011-402E-A070-EE602F24A744}"
EndProject
Project("{FAE04EC0-301F-11D3-BF4B-00C04F79EFBC}") = "XrEngine.Video", "Engine\XrEngine.Video\XrEngine.Video.csproj", "{413B694C-086A-4359-A3BE-9C90737EC1C8}"
EndProject
Project("{FAE04EC0-301F-11D3-BF4B-00C04F79EFBC}") = "XrInteraction", "Common\XrInteraction\XrInteraction.csproj", "{943D6BD5-E243-4AB8-8923-BFBA60965567}"
EndProject
Project("{2150E333-8FDC-42A3-9474-1A3956D46DE8}") = "RoomDesigner", "RoomDesigner", "{2E782DAE-A4A2-41F4-90BE-54964CB99A50}"
	ProjectSection(SolutionItems) = preProject
		..\..\RoomDesigner\src\Directory.Build.props = ..\..\RoomDesigner\src\Directory.Build.props
	EndProjectSection
EndProject
Project("{FAE04EC0-301F-11D3-BF4B-00C04F79EFBC}") = "RoomDesigner.Game", "..\..\RoomDesigner\src\RoomDesigner.Game\RoomDesigner.Game.csproj", "{9996C2D5-6AA5-4E6C-9B1F-0ADE503652C7}"
EndProject
Project("{FAE04EC0-301F-11D3-BF4B-00C04F79EFBC}") = "RoomDesigner.Game.Android", "..\..\RoomDesigner\src\RoomDesigner.Game.Android\RoomDesigner.Game.Android.csproj", "{3639A75D-F92C-4A2F-9219-C29E928B01E5}"
EndProject
Project("{FAE04EC0-301F-11D3-BF4B-00C04F79EFBC}") = "RoomDesigner.Game.Windows", "..\..\RoomDesigner\src\RoomDesigner.Game.Windows\RoomDesigner.Game.Windows.csproj", "{5EBB7338-D164-473B-9777-5C8E7BA91287}"
EndProject
Project("{FAE04EC0-301F-11D3-BF4B-00C04F79EFBC}") = "XrEngine.OpenXr.Windows", "Engine\XrEngine.OpenXr.Windows\XrEngine.OpenXr.Windows.csproj", "{0F345087-1FF0-498C-B286-3F6479755DF9}"
EndProject
Project("{54A90642-561A-4BB1-A94E-469ADEE60C69}") = "RoomDesigner.Game.UI", "..\..\RoomDesigner\src\RoomDesigner.Game.UI\RoomDesigner.Game.UI.esproj", "{E77383AA-55FB-45E3-A5CF-79CDC9BAD47F}"
EndProject
Project("{FAE04EC0-301F-11D3-BF4B-00C04F79EFBC}") = "XrEngine.UI.Web", "Engine\XrEngine.UI.Web\XrEngine.UI.Web.csproj", "{F1FE651A-5990-497A-89B2-80E9E8871254}"
EndProject
Project("{FAE04EC0-301F-11D3-BF4B-00C04F79EFBC}") = "RoomDesigner.Entities", "..\..\RoomDesigner\src\RoomDesigner.Entities\RoomDesigner.Entities.csproj", "{26633B4D-A22D-4D41-83C9-75C5A44D4CB2}"
EndProject
Project("{2150E333-8FDC-42A3-9474-1A3956D46DE8}") = "#Build", "#Build", "{6E86180E-96AC-44AB-94CA-985652DDE378}"
	ProjectSection(SolutionItems) = preProject
		..\third-party\build-etcpak.cmd = ..\third-party\build-etcpak.cmd
		..\third-party\build-filament-android.sh = ..\third-party\build-filament-android.sh
		..\third-party\build-filament.cmd = ..\third-party\build-filament.cmd
		..\third-party\build-MagicPhysX.cmd = ..\third-party\build-MagicPhysX.cmd
		..\third-party\build-meshoptimizer.cmd = ..\third-party\build-meshoptimizer.cmd
		..\third-party\build-openal.cmd = ..\third-party\build-openal.cmd
		..\third-party\build-turbo-jpeg.cmd = ..\third-party\build-turbo-jpeg.cmd
		..\third-party\vars.cmd = ..\third-party\vars.cmd
	EndProjectSection
EndProject
Project("{FAE04EC0-301F-11D3-BF4B-00C04F79EFBC}") = "TurboJpeg", "Engine\TurboJpeg\TurboJpeg.csproj", "{33EC6DFD-55C3-40BA-A710-74B02D4F9B37}"
EndProject
Project("{FAE04EC0-301F-11D3-BF4B-00C04F79EFBC}") = "XrBuild", "..\build\XrBuild\XrBuild.csproj", "{BA4958B8-5BD5-4396-B305-2588632001D6}"
EndProject
Project("{FAE04EC0-301F-11D3-BF4B-00C04F79EFBC}") = "RoomDesigner.ApiClient", "..\..\RoomDesigner\src\RoomDesigner.ApiClient\RoomDesigner.ApiClient.csproj", "{D76A4E77-55C9-4CAF-9937-244390D48E9D}"
EndProject
Project("{FAE04EC0-301F-11D3-BF4B-00C04F79EFBC}") = "RoomDesigner.Abstraction", "..\..\RoomDesigner\src\RoomDesigner.Abstraction\RoomDesigner.Abstraction.csproj", "{1C2AE7BD-FA40-4334-82B7-E94CE0DF3F66}"
EndProject
Project("{FAE04EC0-301F-11D3-BF4B-00C04F79EFBC}") = "RoomDesigner.Api", "..\..\RoomDesigner\src\RoomDesigner.Api\RoomDesigner.Api.csproj", "{501F1B92-D6F9-4BD2-A902-D0DC35AF5060}"
EndProject
Project("{FAE04EC0-301F-11D3-BF4B-00C04F79EFBC}") = "RoomDesigner.Server", "..\..\RoomDesigner\src\RoomDesigner.Server\RoomDesigner.Server.csproj", "{4A59D552-3ACD-45DB-BF36-D7C79634B72E}"
EndProject
Project("{FAE04EC0-301F-11D3-BF4B-00C04F79EFBC}") = "RoomDesigner.Ikea", "..\..\RoomDesigner\src\RoomDesigner.Ikea\RoomDesigner.Ikea.csproj", "{F8456E53-295C-4727-8F19-3DC9FE529D9D}"
EndProject
Project("{FAE04EC0-301F-11D3-BF4B-00C04F79EFBC}") = "Oculus.GraphApiClient", "..\..\RoomDesigner\src\Oculus.GraphApiClient\Oculus.GraphApiClient.csproj", "{F04C302D-C056-4D7A-B761-9A9156959610}"
EndProject
Project("{2150E333-8FDC-42A3-9474-1A3956D46DE8}") = "Server", "Server", "{543026EC-B403-403C-A7FA-027ABF30133B}"
EndProject
Project("{54A90642-561A-4BB1-A94E-469ADEE60C69}") = "RoomDesigner.WebApp", "..\..\RoomDesigner\src\RoomDesigner.WebApp\RoomDesigner.WebApp.esproj", "{067CE0F4-E18E-4E3A-8E6A-B4BBA20D1025}"
EndProject
Project("{FAE04EC0-301F-11D3-BF4B-00C04F79EFBC}") = "UI.Canvas.Wpf", "UI\UI.Canvas.Wpf\UI.Canvas.Wpf.csproj", "{ABED01CB-E8B0-4B35-AD01-B333AC9D3F8D}"
EndProject
Project("{FAE04EC0-301F-11D3-BF4B-00C04F79EFBC}") = "XrEditor.Plot", "Editor\XrEditor.Plot\XrEditor.Plot.csproj", "{137469D0-5596-4F12-A844-9504BED6ABF6}"
EndProject
Project("{FAE04EC0-301F-11D3-BF4B-00C04F79EFBC}") = "Fftw", "Engine\Fftw\Fftw.csproj", "{5BE24DA3-85FF-4903-A57D-D0B2F3D438E6}"
EndProject
Project("{FAE04EC0-301F-11D3-BF4B-00C04F79EFBC}") = "XrEngine.Audio.Win", "Engine\XrEngine.Audio.Win\XrEngine.Audio.Win.csproj", "{AC371DBF-DD16-4472-A3B8-651AA1674491}"
EndProject
Project("{FAE04EC0-301F-11D3-BF4B-00C04F79EFBC}") = "XrEditor.Audio", "Editor\XrEditor.Audio\XrEditor.Audio.csproj", "{321B242E-3A27-DF11-419B-31C784F5F5D1}"
EndProject
Project("{2150E333-8FDC-42A3-9474-1A3956D46DE8}") = "DrumsVR", "DrumsVR", "{02EA681E-C7D8-13C7-8484-4AC65E1B71E8}"
	ProjectSection(SolutionItems) = preProject
		..\..\DrumsVR\src\Directory.Build.props = ..\..\DrumsVR\src\Directory.Build.props
	EndProjectSection
EndProject
Project("{FAE04EC0-301F-11D3-BF4B-00C04F79EFBC}") = "Common.Interop", "Common\Common.Interop\Common.Interop.csproj", "{A28AE743-00B0-4E57-9ED9-29FB5C7D394B}"
EndProject
Project("{FAE04EC0-301F-11D3-BF4B-00C04F79EFBC}") = "DrumsVR.Game", "..\..\DrumsVR\src\DrumsVR.Game\DrumsVR.Game.csproj", "{B7761AE4-C0A9-2BBC-1773-A7347B8A45BE}"
EndProject
Project("{FAE04EC0-301F-11D3-BF4B-00C04F79EFBC}") = "DrumsVR.Game.Android", "..\..\DrumsVR\src\DrumsVR.Game.Android\DrumsVR.Game.Android.csproj", "{D9F79FDF-DF3C-AA11-74AF-DE2F996C13F7}"
EndProject
Project("{FAE04EC0-301F-11D3-BF4B-00C04F79EFBC}") = "DrumsVR.Game.Windows", "..\..\DrumsVR\src\DrumsVR.Game.Windows\DrumsVR.Game.Windows.csproj", "{AEC85B64-D0CD-ADAE-20B2-3B35475609B0}"
EndProject
Project("{FAE04EC0-301F-11D3-BF4B-00C04F79EFBC}") = "Sfizz", "Engine\Sfizz\Sfizz.csproj", "{DFF36649-6895-4053-97AF-5DAC2A81AF7E}"
EndProject
Global
	GlobalSection(SolutionConfigurationPlatforms) = preSolution
		Debug|Any CPU = Debug|Any CPU
		Debug|x64 = Debug|x64
		Release|Any CPU = Release|Any CPU
		Release|x64 = Release|x64
	EndGlobalSection
	GlobalSection(ProjectConfigurationPlatforms) = postSolution
		{939C0A24-3AFB-4549-BAE2-E3D38A596EF9}.Debug|Any CPU.ActiveCfg = Debug|Any CPU
		{939C0A24-3AFB-4549-BAE2-E3D38A596EF9}.Debug|Any CPU.Build.0 = Debug|Any CPU
		{939C0A24-3AFB-4549-BAE2-E3D38A596EF9}.Debug|x64.ActiveCfg = Debug|x64
		{939C0A24-3AFB-4549-BAE2-E3D38A596EF9}.Debug|x64.Build.0 = Debug|x64
		{939C0A24-3AFB-4549-BAE2-E3D38A596EF9}.Release|Any CPU.ActiveCfg = Release|Any CPU
		{939C0A24-3AFB-4549-BAE2-E3D38A596EF9}.Release|Any CPU.Build.0 = Release|Any CPU
		{939C0A24-3AFB-4549-BAE2-E3D38A596EF9}.Release|x64.ActiveCfg = Release|x64
		{939C0A24-3AFB-4549-BAE2-E3D38A596EF9}.Release|x64.Build.0 = Release|x64
		{D0411AF2-3BE4-474C-B945-4343AAAA32BD}.Debug|Any CPU.ActiveCfg = Debug|Any CPU
		{D0411AF2-3BE4-474C-B945-4343AAAA32BD}.Debug|Any CPU.Build.0 = Debug|Any CPU
		{D0411AF2-3BE4-474C-B945-4343AAAA32BD}.Debug|x64.ActiveCfg = Debug|x64
		{D0411AF2-3BE4-474C-B945-4343AAAA32BD}.Debug|x64.Build.0 = Debug|x64
		{D0411AF2-3BE4-474C-B945-4343AAAA32BD}.Debug|x64.Deploy.0 = Debug|x64
		{D0411AF2-3BE4-474C-B945-4343AAAA32BD}.Release|Any CPU.ActiveCfg = Release|Any CPU
		{D0411AF2-3BE4-474C-B945-4343AAAA32BD}.Release|Any CPU.Build.0 = Release|Any CPU
		{D0411AF2-3BE4-474C-B945-4343AAAA32BD}.Release|x64.ActiveCfg = Release|x64
		{D0411AF2-3BE4-474C-B945-4343AAAA32BD}.Release|x64.Build.0 = Release|x64
		{D0411AF2-3BE4-474C-B945-4343AAAA32BD}.Release|x64.Deploy.0 = Release|x64
		{6EC989A0-9C3B-4995-811C-67AAA0D62518}.Debug|Any CPU.ActiveCfg = Debug|Any CPU
		{6EC989A0-9C3B-4995-811C-67AAA0D62518}.Debug|Any CPU.Build.0 = Debug|Any CPU
		{6EC989A0-9C3B-4995-811C-67AAA0D62518}.Debug|x64.ActiveCfg = Debug|x64
		{6EC989A0-9C3B-4995-811C-67AAA0D62518}.Debug|x64.Build.0 = Debug|x64
		{6EC989A0-9C3B-4995-811C-67AAA0D62518}.Release|Any CPU.ActiveCfg = Release|Any CPU
		{6EC989A0-9C3B-4995-811C-67AAA0D62518}.Release|Any CPU.Build.0 = Release|Any CPU
		{6EC989A0-9C3B-4995-811C-67AAA0D62518}.Release|x64.ActiveCfg = Release|x64
		{6EC989A0-9C3B-4995-811C-67AAA0D62518}.Release|x64.Build.0 = Release|x64
		{097F45F5-1508-4246-B8E3-A3BEC692F095}.Debug|Any CPU.ActiveCfg = Debug|Any CPU
		{097F45F5-1508-4246-B8E3-A3BEC692F095}.Debug|Any CPU.Build.0 = Debug|Any CPU
		{097F45F5-1508-4246-B8E3-A3BEC692F095}.Debug|x64.ActiveCfg = Debug|x64
		{097F45F5-1508-4246-B8E3-A3BEC692F095}.Debug|x64.Build.0 = Debug|x64
		{097F45F5-1508-4246-B8E3-A3BEC692F095}.Release|Any CPU.ActiveCfg = Release|Any CPU
		{097F45F5-1508-4246-B8E3-A3BEC692F095}.Release|Any CPU.Build.0 = Release|Any CPU
		{097F45F5-1508-4246-B8E3-A3BEC692F095}.Release|x64.ActiveCfg = Release|x64
		{097F45F5-1508-4246-B8E3-A3BEC692F095}.Release|x64.Build.0 = Release|x64
		{5D36200C-A06A-4F85-BF4D-2B4EB59BD3D2}.Debug|Any CPU.ActiveCfg = Debug|Any CPU
		{5D36200C-A06A-4F85-BF4D-2B4EB59BD3D2}.Debug|Any CPU.Build.0 = Debug|Any CPU
		{5D36200C-A06A-4F85-BF4D-2B4EB59BD3D2}.Debug|x64.ActiveCfg = Debug|x64
		{5D36200C-A06A-4F85-BF4D-2B4EB59BD3D2}.Debug|x64.Build.0 = Debug|x64
		{5D36200C-A06A-4F85-BF4D-2B4EB59BD3D2}.Release|Any CPU.ActiveCfg = Release|Any CPU
		{5D36200C-A06A-4F85-BF4D-2B4EB59BD3D2}.Release|Any CPU.Build.0 = Release|Any CPU
		{5D36200C-A06A-4F85-BF4D-2B4EB59BD3D2}.Release|x64.ActiveCfg = Release|x64
		{5D36200C-A06A-4F85-BF4D-2B4EB59BD3D2}.Release|x64.Build.0 = Release|x64
		{9D5B205E-A740-41EC-8437-055A2907074B}.Debug|Any CPU.ActiveCfg = Debug|Any CPU
		{9D5B205E-A740-41EC-8437-055A2907074B}.Debug|Any CPU.Build.0 = Debug|Any CPU
		{9D5B205E-A740-41EC-8437-055A2907074B}.Debug|x64.ActiveCfg = Debug|x64
		{9D5B205E-A740-41EC-8437-055A2907074B}.Debug|x64.Build.0 = Debug|x64
		{9D5B205E-A740-41EC-8437-055A2907074B}.Release|Any CPU.ActiveCfg = Release|Any CPU
		{9D5B205E-A740-41EC-8437-055A2907074B}.Release|Any CPU.Build.0 = Release|Any CPU
		{9D5B205E-A740-41EC-8437-055A2907074B}.Release|x64.ActiveCfg = Release|x64
		{9D5B205E-A740-41EC-8437-055A2907074B}.Release|x64.Build.0 = Release|x64
		{7B764B8B-9EE1-4C5D-B3CB-7EEF2A40B740}.Debug|Any CPU.ActiveCfg = Debug|Any CPU
		{7B764B8B-9EE1-4C5D-B3CB-7EEF2A40B740}.Debug|Any CPU.Build.0 = Debug|Any CPU
		{7B764B8B-9EE1-4C5D-B3CB-7EEF2A40B740}.Debug|x64.ActiveCfg = Debug|x64
		{7B764B8B-9EE1-4C5D-B3CB-7EEF2A40B740}.Debug|x64.Build.0 = Debug|x64
		{7B764B8B-9EE1-4C5D-B3CB-7EEF2A40B740}.Release|Any CPU.ActiveCfg = Release|Any CPU
		{7B764B8B-9EE1-4C5D-B3CB-7EEF2A40B740}.Release|Any CPU.Build.0 = Release|Any CPU
		{7B764B8B-9EE1-4C5D-B3CB-7EEF2A40B740}.Release|x64.ActiveCfg = Release|x64
		{7B764B8B-9EE1-4C5D-B3CB-7EEF2A40B740}.Release|x64.Build.0 = Release|x64
		{4261866C-1791-4F23-A546-E144276B0F97}.Debug|Any CPU.ActiveCfg = Debug|Any CPU
		{4261866C-1791-4F23-A546-E144276B0F97}.Debug|Any CPU.Build.0 = Debug|Any CPU
		{4261866C-1791-4F23-A546-E144276B0F97}.Debug|x64.ActiveCfg = Debug|x64
		{4261866C-1791-4F23-A546-E144276B0F97}.Debug|x64.Build.0 = Debug|x64
		{4261866C-1791-4F23-A546-E144276B0F97}.Release|Any CPU.ActiveCfg = Release|Any CPU
		{4261866C-1791-4F23-A546-E144276B0F97}.Release|Any CPU.Build.0 = Release|Any CPU
		{4261866C-1791-4F23-A546-E144276B0F97}.Release|x64.ActiveCfg = Release|x64
		{4261866C-1791-4F23-A546-E144276B0F97}.Release|x64.Build.0 = Release|x64
		{CE86F573-5553-4276-9098-F2827FB33236}.Debug|Any CPU.ActiveCfg = Debug|Any CPU
		{CE86F573-5553-4276-9098-F2827FB33236}.Debug|Any CPU.Build.0 = Debug|Any CPU
		{CE86F573-5553-4276-9098-F2827FB33236}.Debug|x64.ActiveCfg = Debug|x64
		{CE86F573-5553-4276-9098-F2827FB33236}.Debug|x64.Build.0 = Debug|x64
		{CE86F573-5553-4276-9098-F2827FB33236}.Release|Any CPU.ActiveCfg = Release|Any CPU
		{CE86F573-5553-4276-9098-F2827FB33236}.Release|Any CPU.Build.0 = Release|Any CPU
		{CE86F573-5553-4276-9098-F2827FB33236}.Release|x64.ActiveCfg = Release|x64
		{CE86F573-5553-4276-9098-F2827FB33236}.Release|x64.Build.0 = Release|x64
		{549C1695-99E3-4A75-A285-D8B183950C73}.Debug|Any CPU.ActiveCfg = Debug|Any CPU
		{549C1695-99E3-4A75-A285-D8B183950C73}.Debug|Any CPU.Build.0 = Debug|Any CPU
		{549C1695-99E3-4A75-A285-D8B183950C73}.Debug|x64.ActiveCfg = Debug|x64
		{549C1695-99E3-4A75-A285-D8B183950C73}.Debug|x64.Build.0 = Debug|x64
		{549C1695-99E3-4A75-A285-D8B183950C73}.Release|Any CPU.ActiveCfg = Release|Any CPU
		{549C1695-99E3-4A75-A285-D8B183950C73}.Release|Any CPU.Build.0 = Release|Any CPU
		{549C1695-99E3-4A75-A285-D8B183950C73}.Release|x64.ActiveCfg = Release|x64
		{549C1695-99E3-4A75-A285-D8B183950C73}.Release|x64.Build.0 = Release|x64
		{696D2042-75EE-4A7E-A58C-D829A9924BC4}.Debug|Any CPU.ActiveCfg = Debug|Any CPU
		{696D2042-75EE-4A7E-A58C-D829A9924BC4}.Debug|Any CPU.Build.0 = Debug|Any CPU
		{696D2042-75EE-4A7E-A58C-D829A9924BC4}.Debug|x64.ActiveCfg = Debug|x64
		{696D2042-75EE-4A7E-A58C-D829A9924BC4}.Debug|x64.Build.0 = Debug|x64
		{696D2042-75EE-4A7E-A58C-D829A9924BC4}.Release|Any CPU.ActiveCfg = Release|Any CPU
		{696D2042-75EE-4A7E-A58C-D829A9924BC4}.Release|Any CPU.Build.0 = Release|Any CPU
		{696D2042-75EE-4A7E-A58C-D829A9924BC4}.Release|x64.ActiveCfg = Release|x64
		{696D2042-75EE-4A7E-A58C-D829A9924BC4}.Release|x64.Build.0 = Release|x64
		{BAC85AC9-F3A9-4206-ABE1-02F123EFC7D6}.Debug|Any CPU.ActiveCfg = Debug|Any CPU
		{BAC85AC9-F3A9-4206-ABE1-02F123EFC7D6}.Debug|Any CPU.Build.0 = Debug|Any CPU
		{BAC85AC9-F3A9-4206-ABE1-02F123EFC7D6}.Debug|x64.ActiveCfg = Debug|x64
		{BAC85AC9-F3A9-4206-ABE1-02F123EFC7D6}.Debug|x64.Build.0 = Debug|x64
		{BAC85AC9-F3A9-4206-ABE1-02F123EFC7D6}.Release|Any CPU.ActiveCfg = Release|Any CPU
		{BAC85AC9-F3A9-4206-ABE1-02F123EFC7D6}.Release|Any CPU.Build.0 = Release|Any CPU
		{BAC85AC9-F3A9-4206-ABE1-02F123EFC7D6}.Release|x64.ActiveCfg = Release|x64
		{BAC85AC9-F3A9-4206-ABE1-02F123EFC7D6}.Release|x64.Build.0 = Release|x64
		{0FC112FB-35BB-457F-9AAF-2FA511B449BD}.Debug|Any CPU.ActiveCfg = Debug|Any CPU
		{0FC112FB-35BB-457F-9AAF-2FA511B449BD}.Debug|Any CPU.Build.0 = Debug|Any CPU
		{0FC112FB-35BB-457F-9AAF-2FA511B449BD}.Debug|x64.ActiveCfg = Debug|x64
		{0FC112FB-35BB-457F-9AAF-2FA511B449BD}.Debug|x64.Build.0 = Debug|x64
		{0FC112FB-35BB-457F-9AAF-2FA511B449BD}.Release|Any CPU.ActiveCfg = Release|Any CPU
		{0FC112FB-35BB-457F-9AAF-2FA511B449BD}.Release|Any CPU.Build.0 = Release|Any CPU
		{0FC112FB-35BB-457F-9AAF-2FA511B449BD}.Release|x64.ActiveCfg = Release|x64
		{0FC112FB-35BB-457F-9AAF-2FA511B449BD}.Release|x64.Build.0 = Release|x64
		{12F7BF00-A0EE-41D2-B9C4-A4EAB7C690A1}.Debug|Any CPU.ActiveCfg = Debug|Any CPU
		{12F7BF00-A0EE-41D2-B9C4-A4EAB7C690A1}.Debug|Any CPU.Build.0 = Debug|Any CPU
		{12F7BF00-A0EE-41D2-B9C4-A4EAB7C690A1}.Debug|x64.ActiveCfg = Debug|x64
		{12F7BF00-A0EE-41D2-B9C4-A4EAB7C690A1}.Debug|x64.Build.0 = Debug|x64
		{12F7BF00-A0EE-41D2-B9C4-A4EAB7C690A1}.Release|Any CPU.ActiveCfg = Release|Any CPU
		{12F7BF00-A0EE-41D2-B9C4-A4EAB7C690A1}.Release|Any CPU.Build.0 = Release|Any CPU
		{12F7BF00-A0EE-41D2-B9C4-A4EAB7C690A1}.Release|x64.ActiveCfg = Release|x64
		{12F7BF00-A0EE-41D2-B9C4-A4EAB7C690A1}.Release|x64.Build.0 = Release|x64
		{A18071A3-28AF-4394-8A85-29082C6F5CD0}.Debug|Any CPU.ActiveCfg = Debug|Any CPU
		{A18071A3-28AF-4394-8A85-29082C6F5CD0}.Debug|Any CPU.Build.0 = Debug|Any CPU
		{A18071A3-28AF-4394-8A85-29082C6F5CD0}.Debug|x64.ActiveCfg = Debug|x64
		{A18071A3-28AF-4394-8A85-29082C6F5CD0}.Debug|x64.Build.0 = Debug|x64
		{A18071A3-28AF-4394-8A85-29082C6F5CD0}.Release|Any CPU.ActiveCfg = Release|Any CPU
		{A18071A3-28AF-4394-8A85-29082C6F5CD0}.Release|Any CPU.Build.0 = Release|Any CPU
		{A18071A3-28AF-4394-8A85-29082C6F5CD0}.Release|x64.ActiveCfg = Release|x64
		{A18071A3-28AF-4394-8A85-29082C6F5CD0}.Release|x64.Build.0 = Release|x64
		{11ED90E9-85B8-4545-94E9-2919ACD51F12}.Debug|Any CPU.ActiveCfg = Debug|Any CPU
		{11ED90E9-85B8-4545-94E9-2919ACD51F12}.Debug|Any CPU.Build.0 = Debug|Any CPU
		{11ED90E9-85B8-4545-94E9-2919ACD51F12}.Debug|x64.ActiveCfg = Debug|x64
		{11ED90E9-85B8-4545-94E9-2919ACD51F12}.Debug|x64.Build.0 = Debug|x64
		{11ED90E9-85B8-4545-94E9-2919ACD51F12}.Release|Any CPU.ActiveCfg = Release|Any CPU
		{11ED90E9-85B8-4545-94E9-2919ACD51F12}.Release|Any CPU.Build.0 = Release|Any CPU
		{11ED90E9-85B8-4545-94E9-2919ACD51F12}.Release|x64.ActiveCfg = Release|x64
		{11ED90E9-85B8-4545-94E9-2919ACD51F12}.Release|x64.Build.0 = Release|x64
		{BAD5CEB8-E157-46F9-B620-1749858CBDD0}.Debug|Any CPU.ActiveCfg = Debug|Any CPU
		{BAD5CEB8-E157-46F9-B620-1749858CBDD0}.Debug|Any CPU.Build.0 = Debug|Any CPU
		{BAD5CEB8-E157-46F9-B620-1749858CBDD0}.Debug|x64.ActiveCfg = Debug|x64
		{BAD5CEB8-E157-46F9-B620-1749858CBDD0}.Debug|x64.Build.0 = Debug|x64
		{BAD5CEB8-E157-46F9-B620-1749858CBDD0}.Release|Any CPU.ActiveCfg = Release|Any CPU
		{BAD5CEB8-E157-46F9-B620-1749858CBDD0}.Release|Any CPU.Build.0 = Release|Any CPU
		{BAD5CEB8-E157-46F9-B620-1749858CBDD0}.Release|x64.ActiveCfg = Release|x64
		{BAD5CEB8-E157-46F9-B620-1749858CBDD0}.Release|x64.Build.0 = Release|x64
		{22346221-F1D6-4093-BE74-E1B7232B3D20}.Debug|Any CPU.ActiveCfg = Debug|Any CPU
		{22346221-F1D6-4093-BE74-E1B7232B3D20}.Debug|Any CPU.Build.0 = Debug|Any CPU
		{22346221-F1D6-4093-BE74-E1B7232B3D20}.Debug|x64.ActiveCfg = Debug|x64
		{22346221-F1D6-4093-BE74-E1B7232B3D20}.Debug|x64.Build.0 = Debug|x64
		{22346221-F1D6-4093-BE74-E1B7232B3D20}.Release|Any CPU.ActiveCfg = Release|Any CPU
		{22346221-F1D6-4093-BE74-E1B7232B3D20}.Release|Any CPU.Build.0 = Release|Any CPU
		{22346221-F1D6-4093-BE74-E1B7232B3D20}.Release|x64.ActiveCfg = Release|x64
		{22346221-F1D6-4093-BE74-E1B7232B3D20}.Release|x64.Build.0 = Release|x64
		{7637AB55-A272-4390-8222-8397150FE18F}.Debug|Any CPU.ActiveCfg = Debug|x64
		{7637AB55-A272-4390-8222-8397150FE18F}.Debug|Any CPU.Build.0 = Debug|x64
		{7637AB55-A272-4390-8222-8397150FE18F}.Debug|x64.ActiveCfg = Debug|x64
		{7637AB55-A272-4390-8222-8397150FE18F}.Debug|x64.Build.0 = Debug|x64
		{7637AB55-A272-4390-8222-8397150FE18F}.Release|Any CPU.ActiveCfg = Release|x64
		{7637AB55-A272-4390-8222-8397150FE18F}.Release|Any CPU.Build.0 = Release|x64
		{7637AB55-A272-4390-8222-8397150FE18F}.Release|x64.ActiveCfg = Release|x64
		{7637AB55-A272-4390-8222-8397150FE18F}.Release|x64.Build.0 = Release|x64
		{41C5F645-689F-49D5-8A77-1C7F1DF963EE}.Debug|Any CPU.ActiveCfg = Debug|Any CPU
		{41C5F645-689F-49D5-8A77-1C7F1DF963EE}.Debug|Any CPU.Build.0 = Debug|Any CPU
		{41C5F645-689F-49D5-8A77-1C7F1DF963EE}.Debug|x64.ActiveCfg = Debug|x64
		{41C5F645-689F-49D5-8A77-1C7F1DF963EE}.Debug|x64.Build.0 = Debug|x64
		{41C5F645-689F-49D5-8A77-1C7F1DF963EE}.Release|Any CPU.ActiveCfg = Release|Any CPU
		{41C5F645-689F-49D5-8A77-1C7F1DF963EE}.Release|Any CPU.Build.0 = Release|Any CPU
		{41C5F645-689F-49D5-8A77-1C7F1DF963EE}.Release|x64.ActiveCfg = Release|x64
		{41C5F645-689F-49D5-8A77-1C7F1DF963EE}.Release|x64.Build.0 = Release|x64
		{5E998D96-93A5-453B-B8EE-D6EBD2967E18}.Debug|Any CPU.ActiveCfg = Debug|Any CPU
		{5E998D96-93A5-453B-B8EE-D6EBD2967E18}.Debug|Any CPU.Build.0 = Debug|Any CPU
		{5E998D96-93A5-453B-B8EE-D6EBD2967E18}.Debug|x64.ActiveCfg = Debug|x64
		{5E998D96-93A5-453B-B8EE-D6EBD2967E18}.Debug|x64.Build.0 = Debug|x64
		{5E998D96-93A5-453B-B8EE-D6EBD2967E18}.Release|Any CPU.ActiveCfg = Release|Any CPU
		{5E998D96-93A5-453B-B8EE-D6EBD2967E18}.Release|Any CPU.Build.0 = Release|Any CPU
		{5E998D96-93A5-453B-B8EE-D6EBD2967E18}.Release|x64.ActiveCfg = Release|x64
		{5E998D96-93A5-453B-B8EE-D6EBD2967E18}.Release|x64.Build.0 = Release|x64
		{151A0D98-7E72-4D78-8C7E-C2BBDBA4D75D}.Debug|Any CPU.ActiveCfg = Debug|x64
		{151A0D98-7E72-4D78-8C7E-C2BBDBA4D75D}.Debug|Any CPU.Build.0 = Debug|x64
		{151A0D98-7E72-4D78-8C7E-C2BBDBA4D75D}.Debug|x64.ActiveCfg = Debug|x64
		{151A0D98-7E72-4D78-8C7E-C2BBDBA4D75D}.Debug|x64.Build.0 = Debug|x64
		{151A0D98-7E72-4D78-8C7E-C2BBDBA4D75D}.Release|Any CPU.ActiveCfg = Release|x64
		{151A0D98-7E72-4D78-8C7E-C2BBDBA4D75D}.Release|Any CPU.Build.0 = Release|x64
		{151A0D98-7E72-4D78-8C7E-C2BBDBA4D75D}.Release|x64.ActiveCfg = Release|x64
		{151A0D98-7E72-4D78-8C7E-C2BBDBA4D75D}.Release|x64.Build.0 = Release|x64
		{4FF56F83-7124-4975-B086-2F9C4FCC59E4}.Debug|Any CPU.ActiveCfg = Debug|x64
		{4FF56F83-7124-4975-B086-2F9C4FCC59E4}.Debug|Any CPU.Build.0 = Debug|x64
		{4FF56F83-7124-4975-B086-2F9C4FCC59E4}.Debug|x64.ActiveCfg = Release|x64
		{4FF56F83-7124-4975-B086-2F9C4FCC59E4}.Debug|x64.Build.0 = Release|x64
		{4FF56F83-7124-4975-B086-2F9C4FCC59E4}.Release|Any CPU.ActiveCfg = Release|x64
		{4FF56F83-7124-4975-B086-2F9C4FCC59E4}.Release|Any CPU.Build.0 = Release|x64
		{4FF56F83-7124-4975-B086-2F9C4FCC59E4}.Release|x64.ActiveCfg = Release|x64
		{4FF56F83-7124-4975-B086-2F9C4FCC59E4}.Release|x64.Build.0 = Release|x64
		{F50A869E-655E-412E-979F-B802FD3AA240}.Debug|Any CPU.ActiveCfg = Debug|Any CPU
		{F50A869E-655E-412E-979F-B802FD3AA240}.Debug|Any CPU.Build.0 = Debug|Any CPU
		{F50A869E-655E-412E-979F-B802FD3AA240}.Debug|x64.ActiveCfg = Debug|x64
		{F50A869E-655E-412E-979F-B802FD3AA240}.Debug|x64.Build.0 = Debug|x64
		{F50A869E-655E-412E-979F-B802FD3AA240}.Release|Any CPU.ActiveCfg = Release|Any CPU
		{F50A869E-655E-412E-979F-B802FD3AA240}.Release|Any CPU.Build.0 = Release|Any CPU
		{F50A869E-655E-412E-979F-B802FD3AA240}.Release|x64.ActiveCfg = Release|x64
		{F50A869E-655E-412E-979F-B802FD3AA240}.Release|x64.Build.0 = Release|x64
		{93546599-6988-412F-B4DC-0329E5101FFB}.Debug|Any CPU.ActiveCfg = Debug|Any CPU
		{93546599-6988-412F-B4DC-0329E5101FFB}.Debug|Any CPU.Build.0 = Debug|Any CPU
		{93546599-6988-412F-B4DC-0329E5101FFB}.Debug|x64.ActiveCfg = Debug|x64
		{93546599-6988-412F-B4DC-0329E5101FFB}.Debug|x64.Build.0 = Debug|x64
		{93546599-6988-412F-B4DC-0329E5101FFB}.Release|Any CPU.ActiveCfg = Release|Any CPU
		{93546599-6988-412F-B4DC-0329E5101FFB}.Release|Any CPU.Build.0 = Release|Any CPU
		{93546599-6988-412F-B4DC-0329E5101FFB}.Release|x64.ActiveCfg = Release|x64
		{93546599-6988-412F-B4DC-0329E5101FFB}.Release|x64.Build.0 = Release|x64
		{11AB8634-1E12-475C-AF8F-B8DDA5088BCF}.Debug|Any CPU.ActiveCfg = Debug|Any CPU
		{11AB8634-1E12-475C-AF8F-B8DDA5088BCF}.Debug|Any CPU.Build.0 = Debug|Any CPU
		{11AB8634-1E12-475C-AF8F-B8DDA5088BCF}.Debug|x64.ActiveCfg = Debug|x64
		{11AB8634-1E12-475C-AF8F-B8DDA5088BCF}.Debug|x64.Build.0 = Debug|x64
		{11AB8634-1E12-475C-AF8F-B8DDA5088BCF}.Release|Any CPU.ActiveCfg = Release|Any CPU
		{11AB8634-1E12-475C-AF8F-B8DDA5088BCF}.Release|Any CPU.Build.0 = Release|Any CPU
		{11AB8634-1E12-475C-AF8F-B8DDA5088BCF}.Release|x64.ActiveCfg = Release|x64
		{11AB8634-1E12-475C-AF8F-B8DDA5088BCF}.Release|x64.Build.0 = Release|x64
		{9AE04283-8CE8-4D2F-847F-9123AE5897BB}.Debug|Any CPU.ActiveCfg = Debug|Any CPU
		{9AE04283-8CE8-4D2F-847F-9123AE5897BB}.Debug|Any CPU.Build.0 = Debug|Any CPU
		{9AE04283-8CE8-4D2F-847F-9123AE5897BB}.Debug|x64.ActiveCfg = Debug|x64
		{9AE04283-8CE8-4D2F-847F-9123AE5897BB}.Debug|x64.Build.0 = Debug|x64
		{9AE04283-8CE8-4D2F-847F-9123AE5897BB}.Release|Any CPU.ActiveCfg = Release|Any CPU
		{9AE04283-8CE8-4D2F-847F-9123AE5897BB}.Release|Any CPU.Build.0 = Release|Any CPU
		{9AE04283-8CE8-4D2F-847F-9123AE5897BB}.Release|x64.ActiveCfg = Release|x64
		{9AE04283-8CE8-4D2F-847F-9123AE5897BB}.Release|x64.Build.0 = Release|x64
		{1A6E0A28-0F13-4935-9816-8277350745F3}.Debug|Any CPU.ActiveCfg = Debug|Any CPU
		{1A6E0A28-0F13-4935-9816-8277350745F3}.Debug|Any CPU.Build.0 = Debug|Any CPU
		{1A6E0A28-0F13-4935-9816-8277350745F3}.Debug|x64.ActiveCfg = Debug|x64
		{1A6E0A28-0F13-4935-9816-8277350745F3}.Debug|x64.Build.0 = Debug|x64
		{1A6E0A28-0F13-4935-9816-8277350745F3}.Release|Any CPU.ActiveCfg = Release|Any CPU
		{1A6E0A28-0F13-4935-9816-8277350745F3}.Release|Any CPU.Build.0 = Release|Any CPU
		{1A6E0A28-0F13-4935-9816-8277350745F3}.Release|x64.ActiveCfg = Release|x64
		{1A6E0A28-0F13-4935-9816-8277350745F3}.Release|x64.Build.0 = Release|x64
		{9B7D1E5C-F364-4F2A-A9B8-D502FEED010A}.Debug|Any CPU.ActiveCfg = Debug|Any CPU
		{9B7D1E5C-F364-4F2A-A9B8-D502FEED010A}.Debug|Any CPU.Build.0 = Debug|Any CPU
		{9B7D1E5C-F364-4F2A-A9B8-D502FEED010A}.Debug|x64.ActiveCfg = Debug|x64
		{9B7D1E5C-F364-4F2A-A9B8-D502FEED010A}.Debug|x64.Build.0 = Debug|x64
		{9B7D1E5C-F364-4F2A-A9B8-D502FEED010A}.Release|Any CPU.ActiveCfg = Release|Any CPU
		{9B7D1E5C-F364-4F2A-A9B8-D502FEED010A}.Release|Any CPU.Build.0 = Release|Any CPU
		{9B7D1E5C-F364-4F2A-A9B8-D502FEED010A}.Release|x64.ActiveCfg = Release|x64
		{9B7D1E5C-F364-4F2A-A9B8-D502FEED010A}.Release|x64.Build.0 = Release|x64
		{DBE49244-F6A1-46ED-837C-B1F308DB2208}.Debug|Any CPU.ActiveCfg = Debug|Any CPU
		{DBE49244-F6A1-46ED-837C-B1F308DB2208}.Debug|Any CPU.Build.0 = Debug|Any CPU
		{DBE49244-F6A1-46ED-837C-B1F308DB2208}.Debug|x64.ActiveCfg = Debug|x64
		{DBE49244-F6A1-46ED-837C-B1F308DB2208}.Debug|x64.Build.0 = Debug|x64
		{DBE49244-F6A1-46ED-837C-B1F308DB2208}.Release|Any CPU.ActiveCfg = Release|Any CPU
		{DBE49244-F6A1-46ED-837C-B1F308DB2208}.Release|Any CPU.Build.0 = Release|Any CPU
		{DBE49244-F6A1-46ED-837C-B1F308DB2208}.Release|x64.ActiveCfg = Release|x64
		{DBE49244-F6A1-46ED-837C-B1F308DB2208}.Release|x64.Build.0 = Release|x64
		{8127CD8E-D690-4313-8CF3-2862DFF9C6AB}.Debug|Any CPU.ActiveCfg = Debug|Any CPU
		{8127CD8E-D690-4313-8CF3-2862DFF9C6AB}.Debug|Any CPU.Build.0 = Debug|Any CPU
		{8127CD8E-D690-4313-8CF3-2862DFF9C6AB}.Debug|x64.ActiveCfg = Debug|x64
		{8127CD8E-D690-4313-8CF3-2862DFF9C6AB}.Debug|x64.Build.0 = Debug|x64
		{8127CD8E-D690-4313-8CF3-2862DFF9C6AB}.Release|Any CPU.ActiveCfg = Release|Any CPU
		{8127CD8E-D690-4313-8CF3-2862DFF9C6AB}.Release|Any CPU.Build.0 = Release|Any CPU
		{8127CD8E-D690-4313-8CF3-2862DFF9C6AB}.Release|x64.ActiveCfg = Release|x64
		{8127CD8E-D690-4313-8CF3-2862DFF9C6AB}.Release|x64.Build.0 = Release|x64
		{B8976F14-8FE9-4EC7-B361-B989F332F9F7}.Debug|Any CPU.ActiveCfg = Debug|Any CPU
		{B8976F14-8FE9-4EC7-B361-B989F332F9F7}.Debug|Any CPU.Build.0 = Debug|Any CPU
		{B8976F14-8FE9-4EC7-B361-B989F332F9F7}.Debug|x64.ActiveCfg = Debug|x64
		{B8976F14-8FE9-4EC7-B361-B989F332F9F7}.Debug|x64.Build.0 = Debug|x64
		{B8976F14-8FE9-4EC7-B361-B989F332F9F7}.Release|Any CPU.ActiveCfg = Release|Any CPU
		{B8976F14-8FE9-4EC7-B361-B989F332F9F7}.Release|Any CPU.Build.0 = Release|Any CPU
		{B8976F14-8FE9-4EC7-B361-B989F332F9F7}.Release|x64.ActiveCfg = Release|x64
		{B8976F14-8FE9-4EC7-B361-B989F332F9F7}.Release|x64.Build.0 = Release|x64
		{FB83EAA4-9995-4E2D-A68F-FCF8198D3474}.Debug|Any CPU.ActiveCfg = Debug|Any CPU
		{FB83EAA4-9995-4E2D-A68F-FCF8198D3474}.Debug|Any CPU.Build.0 = Debug|Any CPU
		{FB83EAA4-9995-4E2D-A68F-FCF8198D3474}.Debug|x64.ActiveCfg = Debug|x64
		{FB83EAA4-9995-4E2D-A68F-FCF8198D3474}.Debug|x64.Build.0 = Debug|x64
		{FB83EAA4-9995-4E2D-A68F-FCF8198D3474}.Release|Any CPU.ActiveCfg = Release|Any CPU
		{FB83EAA4-9995-4E2D-A68F-FCF8198D3474}.Release|Any CPU.Build.0 = Release|Any CPU
		{FB83EAA4-9995-4E2D-A68F-FCF8198D3474}.Release|x64.ActiveCfg = Release|x64
		{FB83EAA4-9995-4E2D-A68F-FCF8198D3474}.Release|x64.Build.0 = Release|x64
		{842C66E7-4D5D-4B95-B704-A99A18BCFAF3}.Debug|Any CPU.ActiveCfg = Debug|x64
		{842C66E7-4D5D-4B95-B704-A99A18BCFAF3}.Debug|Any CPU.Build.0 = Debug|x64
		{842C66E7-4D5D-4B95-B704-A99A18BCFAF3}.Debug|x64.ActiveCfg = Release|x64
		{842C66E7-4D5D-4B95-B704-A99A18BCFAF3}.Debug|x64.Build.0 = Release|x64
		{842C66E7-4D5D-4B95-B704-A99A18BCFAF3}.Release|Any CPU.ActiveCfg = Release|x64
		{842C66E7-4D5D-4B95-B704-A99A18BCFAF3}.Release|Any CPU.Build.0 = Release|x64
		{842C66E7-4D5D-4B95-B704-A99A18BCFAF3}.Release|x64.ActiveCfg = Release|x64
		{842C66E7-4D5D-4B95-B704-A99A18BCFAF3}.Release|x64.Build.0 = Release|x64
		{8B3B939C-CD86-453F-B69F-73D3318E91A8}.Debug|Any CPU.ActiveCfg = Debug|Any CPU
		{8B3B939C-CD86-453F-B69F-73D3318E91A8}.Debug|Any CPU.Build.0 = Debug|Any CPU
		{8B3B939C-CD86-453F-B69F-73D3318E91A8}.Debug|x64.ActiveCfg = Debug|x64
		{8B3B939C-CD86-453F-B69F-73D3318E91A8}.Debug|x64.Build.0 = Debug|x64
		{8B3B939C-CD86-453F-B69F-73D3318E91A8}.Release|Any CPU.ActiveCfg = Release|Any CPU
		{8B3B939C-CD86-453F-B69F-73D3318E91A8}.Release|Any CPU.Build.0 = Release|Any CPU
		{8B3B939C-CD86-453F-B69F-73D3318E91A8}.Release|x64.ActiveCfg = Release|x64
		{8B3B939C-CD86-453F-B69F-73D3318E91A8}.Release|x64.Build.0 = Release|x64
		{B7707B4C-81F0-42FF-BD4D-6034B85BC7D8}.Debug|Any CPU.ActiveCfg = Debug|Any CPU
		{B7707B4C-81F0-42FF-BD4D-6034B85BC7D8}.Debug|Any CPU.Build.0 = Debug|Any CPU
		{B7707B4C-81F0-42FF-BD4D-6034B85BC7D8}.Debug|x64.ActiveCfg = Debug|x64
		{B7707B4C-81F0-42FF-BD4D-6034B85BC7D8}.Debug|x64.Build.0 = Debug|x64
		{B7707B4C-81F0-42FF-BD4D-6034B85BC7D8}.Release|Any CPU.ActiveCfg = Release|Any CPU
		{B7707B4C-81F0-42FF-BD4D-6034B85BC7D8}.Release|Any CPU.Build.0 = Release|Any CPU
		{B7707B4C-81F0-42FF-BD4D-6034B85BC7D8}.Release|x64.ActiveCfg = Release|x64
		{B7707B4C-81F0-42FF-BD4D-6034B85BC7D8}.Release|x64.Build.0 = Release|x64
		{933C7A64-CE8A-404D-BA3D-F80820943958}.Debug|Any CPU.ActiveCfg = Debug|Any CPU
		{933C7A64-CE8A-404D-BA3D-F80820943958}.Debug|Any CPU.Build.0 = Debug|Any CPU
		{933C7A64-CE8A-404D-BA3D-F80820943958}.Debug|x64.ActiveCfg = Debug|x64
		{933C7A64-CE8A-404D-BA3D-F80820943958}.Debug|x64.Build.0 = Debug|x64
		{933C7A64-CE8A-404D-BA3D-F80820943958}.Release|Any CPU.ActiveCfg = Release|Any CPU
		{933C7A64-CE8A-404D-BA3D-F80820943958}.Release|Any CPU.Build.0 = Release|Any CPU
		{933C7A64-CE8A-404D-BA3D-F80820943958}.Release|x64.ActiveCfg = Release|x64
		{933C7A64-CE8A-404D-BA3D-F80820943958}.Release|x64.Build.0 = Release|x64
		{9C6ED744-1023-4DD9-B3F8-61EBD565DB10}.Debug|Any CPU.ActiveCfg = Debug|Any CPU
		{9C6ED744-1023-4DD9-B3F8-61EBD565DB10}.Debug|Any CPU.Build.0 = Debug|Any CPU
		{9C6ED744-1023-4DD9-B3F8-61EBD565DB10}.Debug|x64.ActiveCfg = Debug|x64
		{9C6ED744-1023-4DD9-B3F8-61EBD565DB10}.Debug|x64.Build.0 = Debug|x64
		{9C6ED744-1023-4DD9-B3F8-61EBD565DB10}.Release|Any CPU.ActiveCfg = Release|Any CPU
		{9C6ED744-1023-4DD9-B3F8-61EBD565DB10}.Release|Any CPU.Build.0 = Release|Any CPU
		{9C6ED744-1023-4DD9-B3F8-61EBD565DB10}.Release|x64.ActiveCfg = Release|x64
		{9C6ED744-1023-4DD9-B3F8-61EBD565DB10}.Release|x64.Build.0 = Release|x64
		{AC81C2CA-7870-466A-BEF4-D4F6F9B3B731}.Debug|Any CPU.ActiveCfg = Debug|Any CPU
		{AC81C2CA-7870-466A-BEF4-D4F6F9B3B731}.Debug|Any CPU.Build.0 = Debug|Any CPU
		{AC81C2CA-7870-466A-BEF4-D4F6F9B3B731}.Debug|x64.ActiveCfg = Debug|x64
		{AC81C2CA-7870-466A-BEF4-D4F6F9B3B731}.Debug|x64.Build.0 = Debug|x64
		{AC81C2CA-7870-466A-BEF4-D4F6F9B3B731}.Release|Any CPU.ActiveCfg = Release|Any CPU
		{AC81C2CA-7870-466A-BEF4-D4F6F9B3B731}.Release|Any CPU.Build.0 = Release|Any CPU
		{AC81C2CA-7870-466A-BEF4-D4F6F9B3B731}.Release|x64.ActiveCfg = Release|x64
		{AC81C2CA-7870-466A-BEF4-D4F6F9B3B731}.Release|x64.Build.0 = Release|x64
		{46AD1C9E-16E0-4B64-ACF5-D7E5F59C9C75}.Debug|Any CPU.ActiveCfg = Debug|Any CPU
		{46AD1C9E-16E0-4B64-ACF5-D7E5F59C9C75}.Debug|Any CPU.Build.0 = Debug|Any CPU
		{46AD1C9E-16E0-4B64-ACF5-D7E5F59C9C75}.Debug|x64.ActiveCfg = Debug|x64
		{46AD1C9E-16E0-4B64-ACF5-D7E5F59C9C75}.Debug|x64.Build.0 = Debug|x64
		{46AD1C9E-16E0-4B64-ACF5-D7E5F59C9C75}.Release|Any CPU.ActiveCfg = Release|Any CPU
		{46AD1C9E-16E0-4B64-ACF5-D7E5F59C9C75}.Release|Any CPU.Build.0 = Release|Any CPU
		{46AD1C9E-16E0-4B64-ACF5-D7E5F59C9C75}.Release|x64.ActiveCfg = Release|x64
		{46AD1C9E-16E0-4B64-ACF5-D7E5F59C9C75}.Release|x64.Build.0 = Release|x64
		{BA5EA4E2-F237-4E51-A788-3638B78E4D88}.Debug|Any CPU.ActiveCfg = Debug|Any CPU
		{BA5EA4E2-F237-4E51-A788-3638B78E4D88}.Debug|Any CPU.Build.0 = Debug|Any CPU
		{BA5EA4E2-F237-4E51-A788-3638B78E4D88}.Debug|x64.ActiveCfg = Debug|x64
		{BA5EA4E2-F237-4E51-A788-3638B78E4D88}.Debug|x64.Build.0 = Debug|x64
		{BA5EA4E2-F237-4E51-A788-3638B78E4D88}.Release|Any CPU.ActiveCfg = Release|Any CPU
		{BA5EA4E2-F237-4E51-A788-3638B78E4D88}.Release|Any CPU.Build.0 = Release|Any CPU
		{BA5EA4E2-F237-4E51-A788-3638B78E4D88}.Release|x64.ActiveCfg = Release|x64
		{BA5EA4E2-F237-4E51-A788-3638B78E4D88}.Release|x64.Build.0 = Release|x64
		{0EC978D8-8011-402E-A070-EE602F24A744}.Debug|Any CPU.ActiveCfg = Debug|Any CPU
		{0EC978D8-8011-402E-A070-EE602F24A744}.Debug|Any CPU.Build.0 = Debug|Any CPU
		{0EC978D8-8011-402E-A070-EE602F24A744}.Debug|x64.ActiveCfg = Debug|x64
		{0EC978D8-8011-402E-A070-EE602F24A744}.Debug|x64.Build.0 = Debug|x64
		{0EC978D8-8011-402E-A070-EE602F24A744}.Release|Any CPU.ActiveCfg = Release|Any CPU
		{0EC978D8-8011-402E-A070-EE602F24A744}.Release|Any CPU.Build.0 = Release|Any CPU
		{0EC978D8-8011-402E-A070-EE602F24A744}.Release|x64.ActiveCfg = Release|x64
		{0EC978D8-8011-402E-A070-EE602F24A744}.Release|x64.Build.0 = Release|x64
		{413B694C-086A-4359-A3BE-9C90737EC1C8}.Debug|Any CPU.ActiveCfg = Debug|Any CPU
		{413B694C-086A-4359-A3BE-9C90737EC1C8}.Debug|Any CPU.Build.0 = Debug|Any CPU
		{413B694C-086A-4359-A3BE-9C90737EC1C8}.Debug|x64.ActiveCfg = Debug|x64
		{413B694C-086A-4359-A3BE-9C90737EC1C8}.Debug|x64.Build.0 = Debug|x64
		{413B694C-086A-4359-A3BE-9C90737EC1C8}.Release|Any CPU.ActiveCfg = Release|Any CPU
		{413B694C-086A-4359-A3BE-9C90737EC1C8}.Release|Any CPU.Build.0 = Release|Any CPU
		{413B694C-086A-4359-A3BE-9C90737EC1C8}.Release|x64.ActiveCfg = Release|x64
		{413B694C-086A-4359-A3BE-9C90737EC1C8}.Release|x64.Build.0 = Release|x64
		{943D6BD5-E243-4AB8-8923-BFBA60965567}.Debug|Any CPU.ActiveCfg = Debug|Any CPU
		{943D6BD5-E243-4AB8-8923-BFBA60965567}.Debug|Any CPU.Build.0 = Debug|Any CPU
		{943D6BD5-E243-4AB8-8923-BFBA60965567}.Debug|x64.ActiveCfg = Debug|x64
		{943D6BD5-E243-4AB8-8923-BFBA60965567}.Debug|x64.Build.0 = Debug|x64
		{943D6BD5-E243-4AB8-8923-BFBA60965567}.Release|Any CPU.ActiveCfg = Release|Any CPU
		{943D6BD5-E243-4AB8-8923-BFBA60965567}.Release|Any CPU.Build.0 = Release|Any CPU
		{943D6BD5-E243-4AB8-8923-BFBA60965567}.Release|x64.ActiveCfg = Release|x64
		{943D6BD5-E243-4AB8-8923-BFBA60965567}.Release|x64.Build.0 = Release|x64
		{9996C2D5-6AA5-4E6C-9B1F-0ADE503652C7}.Debug|Any CPU.ActiveCfg = Debug|Any CPU
		{9996C2D5-6AA5-4E6C-9B1F-0ADE503652C7}.Debug|Any CPU.Build.0 = Debug|Any CPU
		{9996C2D5-6AA5-4E6C-9B1F-0ADE503652C7}.Debug|x64.ActiveCfg = Debug|x64
		{9996C2D5-6AA5-4E6C-9B1F-0ADE503652C7}.Debug|x64.Build.0 = Debug|x64
		{9996C2D5-6AA5-4E6C-9B1F-0ADE503652C7}.Release|Any CPU.ActiveCfg = Release|Any CPU
		{9996C2D5-6AA5-4E6C-9B1F-0ADE503652C7}.Release|Any CPU.Build.0 = Release|Any CPU
		{9996C2D5-6AA5-4E6C-9B1F-0ADE503652C7}.Release|x64.ActiveCfg = Release|x64
		{9996C2D5-6AA5-4E6C-9B1F-0ADE503652C7}.Release|x64.Build.0 = Release|x64
		{3639A75D-F92C-4A2F-9219-C29E928B01E5}.Debug|Any CPU.ActiveCfg = Debug|Any CPU
		{3639A75D-F92C-4A2F-9219-C29E928B01E5}.Debug|Any CPU.Build.0 = Debug|Any CPU
		{3639A75D-F92C-4A2F-9219-C29E928B01E5}.Debug|x64.ActiveCfg = Debug|x64
		{3639A75D-F92C-4A2F-9219-C29E928B01E5}.Debug|x64.Build.0 = Debug|x64
		{3639A75D-F92C-4A2F-9219-C29E928B01E5}.Debug|x64.Deploy.0 = Debug|x64
		{3639A75D-F92C-4A2F-9219-C29E928B01E5}.Release|Any CPU.ActiveCfg = Release|Any CPU
		{3639A75D-F92C-4A2F-9219-C29E928B01E5}.Release|Any CPU.Build.0 = Release|Any CPU
		{3639A75D-F92C-4A2F-9219-C29E928B01E5}.Release|x64.ActiveCfg = Release|x64
		{3639A75D-F92C-4A2F-9219-C29E928B01E5}.Release|x64.Build.0 = Release|x64
		{3639A75D-F92C-4A2F-9219-C29E928B01E5}.Release|x64.Deploy.0 = Release|x64
		{5EBB7338-D164-473B-9777-5C8E7BA91287}.Debug|Any CPU.ActiveCfg = Debug|Any CPU
		{5EBB7338-D164-473B-9777-5C8E7BA91287}.Debug|Any CPU.Build.0 = Debug|Any CPU
		{5EBB7338-D164-473B-9777-5C8E7BA91287}.Debug|x64.ActiveCfg = Debug|x64
		{5EBB7338-D164-473B-9777-5C8E7BA91287}.Debug|x64.Build.0 = Debug|x64
		{5EBB7338-D164-473B-9777-5C8E7BA91287}.Release|Any CPU.ActiveCfg = Release|Any CPU
		{5EBB7338-D164-473B-9777-5C8E7BA91287}.Release|Any CPU.Build.0 = Release|Any CPU
		{5EBB7338-D164-473B-9777-5C8E7BA91287}.Release|x64.ActiveCfg = Release|x64
		{5EBB7338-D164-473B-9777-5C8E7BA91287}.Release|x64.Build.0 = Release|x64
		{0F345087-1FF0-498C-B286-3F6479755DF9}.Debug|Any CPU.ActiveCfg = Debug|Any CPU
		{0F345087-1FF0-498C-B286-3F6479755DF9}.Debug|Any CPU.Build.0 = Debug|Any CPU
		{0F345087-1FF0-498C-B286-3F6479755DF9}.Debug|x64.ActiveCfg = Debug|x64
		{0F345087-1FF0-498C-B286-3F6479755DF9}.Debug|x64.Build.0 = Debug|x64
		{0F345087-1FF0-498C-B286-3F6479755DF9}.Release|Any CPU.ActiveCfg = Release|Any CPU
		{0F345087-1FF0-498C-B286-3F6479755DF9}.Release|Any CPU.Build.0 = Release|Any CPU
		{0F345087-1FF0-498C-B286-3F6479755DF9}.Release|x64.ActiveCfg = Release|x64
		{0F345087-1FF0-498C-B286-3F6479755DF9}.Release|x64.Build.0 = Release|x64
		{E77383AA-55FB-45E3-A5CF-79CDC9BAD47F}.Debug|Any CPU.ActiveCfg = Debug|Any CPU
		{E77383AA-55FB-45E3-A5CF-79CDC9BAD47F}.Debug|Any CPU.Build.0 = Debug|Any CPU
		{E77383AA-55FB-45E3-A5CF-79CDC9BAD47F}.Debug|Any CPU.Deploy.0 = Debug|Any CPU
		{E77383AA-55FB-45E3-A5CF-79CDC9BAD47F}.Debug|x64.ActiveCfg = Debug|x64
		{E77383AA-55FB-45E3-A5CF-79CDC9BAD47F}.Debug|x64.Build.0 = Debug|x64
		{E77383AA-55FB-45E3-A5CF-79CDC9BAD47F}.Debug|x64.Deploy.0 = Debug|x64
		{E77383AA-55FB-45E3-A5CF-79CDC9BAD47F}.Release|Any CPU.ActiveCfg = Release|Any CPU
		{E77383AA-55FB-45E3-A5CF-79CDC9BAD47F}.Release|Any CPU.Build.0 = Release|Any CPU
		{E77383AA-55FB-45E3-A5CF-79CDC9BAD47F}.Release|Any CPU.Deploy.0 = Release|Any CPU
		{E77383AA-55FB-45E3-A5CF-79CDC9BAD47F}.Release|x64.ActiveCfg = Release|x64
		{E77383AA-55FB-45E3-A5CF-79CDC9BAD47F}.Release|x64.Build.0 = Release|x64
		{E77383AA-55FB-45E3-A5CF-79CDC9BAD47F}.Release|x64.Deploy.0 = Release|x64
		{F1FE651A-5990-497A-89B2-80E9E8871254}.Debug|Any CPU.ActiveCfg = Debug|Any CPU
		{F1FE651A-5990-497A-89B2-80E9E8871254}.Debug|Any CPU.Build.0 = Debug|Any CPU
		{F1FE651A-5990-497A-89B2-80E9E8871254}.Debug|x64.ActiveCfg = Debug|x64
		{F1FE651A-5990-497A-89B2-80E9E8871254}.Debug|x64.Build.0 = Debug|x64
		{F1FE651A-5990-497A-89B2-80E9E8871254}.Release|Any CPU.ActiveCfg = Release|Any CPU
		{F1FE651A-5990-497A-89B2-80E9E8871254}.Release|Any CPU.Build.0 = Release|Any CPU
		{F1FE651A-5990-497A-89B2-80E9E8871254}.Release|x64.ActiveCfg = Release|x64
		{F1FE651A-5990-497A-89B2-80E9E8871254}.Release|x64.Build.0 = Release|x64
		{26633B4D-A22D-4D41-83C9-75C5A44D4CB2}.Debug|Any CPU.ActiveCfg = Debug|Any CPU
		{26633B4D-A22D-4D41-83C9-75C5A44D4CB2}.Debug|Any CPU.Build.0 = Debug|Any CPU
		{26633B4D-A22D-4D41-83C9-75C5A44D4CB2}.Debug|x64.ActiveCfg = Debug|x64
		{26633B4D-A22D-4D41-83C9-75C5A44D4CB2}.Debug|x64.Build.0 = Debug|x64
		{26633B4D-A22D-4D41-83C9-75C5A44D4CB2}.Release|Any CPU.ActiveCfg = Release|Any CPU
		{26633B4D-A22D-4D41-83C9-75C5A44D4CB2}.Release|Any CPU.Build.0 = Release|Any CPU
		{26633B4D-A22D-4D41-83C9-75C5A44D4CB2}.Release|x64.ActiveCfg = Release|x64
		{26633B4D-A22D-4D41-83C9-75C5A44D4CB2}.Release|x64.Build.0 = Release|x64
		{33EC6DFD-55C3-40BA-A710-74B02D4F9B37}.Debug|Any CPU.ActiveCfg = Debug|Any CPU
		{33EC6DFD-55C3-40BA-A710-74B02D4F9B37}.Debug|Any CPU.Build.0 = Debug|Any CPU
		{33EC6DFD-55C3-40BA-A710-74B02D4F9B37}.Debug|x64.ActiveCfg = Debug|x64
		{33EC6DFD-55C3-40BA-A710-74B02D4F9B37}.Debug|x64.Build.0 = Debug|x64
		{33EC6DFD-55C3-40BA-A710-74B02D4F9B37}.Release|Any CPU.ActiveCfg = Release|Any CPU
		{33EC6DFD-55C3-40BA-A710-74B02D4F9B37}.Release|Any CPU.Build.0 = Release|Any CPU
		{33EC6DFD-55C3-40BA-A710-74B02D4F9B37}.Release|x64.ActiveCfg = Release|x64
		{33EC6DFD-55C3-40BA-A710-74B02D4F9B37}.Release|x64.Build.0 = Release|x64
		{BA4958B8-5BD5-4396-B305-2588632001D6}.Debug|Any CPU.ActiveCfg = Debug|Any CPU
		{BA4958B8-5BD5-4396-B305-2588632001D6}.Debug|Any CPU.Build.0 = Debug|Any CPU
		{BA4958B8-5BD5-4396-B305-2588632001D6}.Debug|x64.ActiveCfg = Debug|x64
		{BA4958B8-5BD5-4396-B305-2588632001D6}.Debug|x64.Build.0 = Debug|x64
		{BA4958B8-5BD5-4396-B305-2588632001D6}.Release|Any CPU.ActiveCfg = Release|Any CPU
		{BA4958B8-5BD5-4396-B305-2588632001D6}.Release|Any CPU.Build.0 = Release|Any CPU
		{BA4958B8-5BD5-4396-B305-2588632001D6}.Release|x64.ActiveCfg = Release|x64
		{BA4958B8-5BD5-4396-B305-2588632001D6}.Release|x64.Build.0 = Release|x64
		{D76A4E77-55C9-4CAF-9937-244390D48E9D}.Debug|Any CPU.ActiveCfg = Debug|Any CPU
		{D76A4E77-55C9-4CAF-9937-244390D48E9D}.Debug|Any CPU.Build.0 = Debug|Any CPU
		{D76A4E77-55C9-4CAF-9937-244390D48E9D}.Debug|x64.ActiveCfg = Debug|x64
		{D76A4E77-55C9-4CAF-9937-244390D48E9D}.Debug|x64.Build.0 = Debug|x64
		{D76A4E77-55C9-4CAF-9937-244390D48E9D}.Release|Any CPU.ActiveCfg = Release|Any CPU
		{D76A4E77-55C9-4CAF-9937-244390D48E9D}.Release|Any CPU.Build.0 = Release|Any CPU
		{D76A4E77-55C9-4CAF-9937-244390D48E9D}.Release|x64.ActiveCfg = Release|x64
		{D76A4E77-55C9-4CAF-9937-244390D48E9D}.Release|x64.Build.0 = Release|x64
		{1C2AE7BD-FA40-4334-82B7-E94CE0DF3F66}.Debug|Any CPU.ActiveCfg = Debug|Any CPU
		{1C2AE7BD-FA40-4334-82B7-E94CE0DF3F66}.Debug|Any CPU.Build.0 = Debug|Any CPU
		{1C2AE7BD-FA40-4334-82B7-E94CE0DF3F66}.Debug|x64.ActiveCfg = Debug|x64
		{1C2AE7BD-FA40-4334-82B7-E94CE0DF3F66}.Debug|x64.Build.0 = Debug|x64
		{1C2AE7BD-FA40-4334-82B7-E94CE0DF3F66}.Release|Any CPU.ActiveCfg = Release|Any CPU
		{1C2AE7BD-FA40-4334-82B7-E94CE0DF3F66}.Release|Any CPU.Build.0 = Release|Any CPU
		{1C2AE7BD-FA40-4334-82B7-E94CE0DF3F66}.Release|x64.ActiveCfg = Release|x64
		{1C2AE7BD-FA40-4334-82B7-E94CE0DF3F66}.Release|x64.Build.0 = Release|x64
		{501F1B92-D6F9-4BD2-A902-D0DC35AF5060}.Debug|Any CPU.ActiveCfg = Debug|Any CPU
		{501F1B92-D6F9-4BD2-A902-D0DC35AF5060}.Debug|Any CPU.Build.0 = Debug|Any CPU
		{501F1B92-D6F9-4BD2-A902-D0DC35AF5060}.Debug|x64.ActiveCfg = Debug|x64
		{501F1B92-D6F9-4BD2-A902-D0DC35AF5060}.Debug|x64.Build.0 = Debug|x64
		{501F1B92-D6F9-4BD2-A902-D0DC35AF5060}.Release|Any CPU.ActiveCfg = Release|Any CPU
		{501F1B92-D6F9-4BD2-A902-D0DC35AF5060}.Release|Any CPU.Build.0 = Release|Any CPU
		{501F1B92-D6F9-4BD2-A902-D0DC35AF5060}.Release|x64.ActiveCfg = Release|x64
		{501F1B92-D6F9-4BD2-A902-D0DC35AF5060}.Release|x64.Build.0 = Release|x64
		{4A59D552-3ACD-45DB-BF36-D7C79634B72E}.Debug|Any CPU.ActiveCfg = Debug|Any CPU
		{4A59D552-3ACD-45DB-BF36-D7C79634B72E}.Debug|Any CPU.Build.0 = Debug|Any CPU
		{4A59D552-3ACD-45DB-BF36-D7C79634B72E}.Debug|x64.ActiveCfg = Debug|x64
		{4A59D552-3ACD-45DB-BF36-D7C79634B72E}.Debug|x64.Build.0 = Debug|x64
		{4A59D552-3ACD-45DB-BF36-D7C79634B72E}.Release|Any CPU.ActiveCfg = Release|Any CPU
		{4A59D552-3ACD-45DB-BF36-D7C79634B72E}.Release|Any CPU.Build.0 = Release|Any CPU
		{4A59D552-3ACD-45DB-BF36-D7C79634B72E}.Release|x64.ActiveCfg = Release|x64
		{4A59D552-3ACD-45DB-BF36-D7C79634B72E}.Release|x64.Build.0 = Release|x64
		{F8456E53-295C-4727-8F19-3DC9FE529D9D}.Debug|Any CPU.ActiveCfg = Debug|Any CPU
		{F8456E53-295C-4727-8F19-3DC9FE529D9D}.Debug|Any CPU.Build.0 = Debug|Any CPU
		{F8456E53-295C-4727-8F19-3DC9FE529D9D}.Debug|x64.ActiveCfg = Debug|x64
		{F8456E53-295C-4727-8F19-3DC9FE529D9D}.Debug|x64.Build.0 = Debug|x64
		{F8456E53-295C-4727-8F19-3DC9FE529D9D}.Release|Any CPU.ActiveCfg = Release|Any CPU
		{F8456E53-295C-4727-8F19-3DC9FE529D9D}.Release|Any CPU.Build.0 = Release|Any CPU
		{F8456E53-295C-4727-8F19-3DC9FE529D9D}.Release|x64.ActiveCfg = Release|x64
		{F8456E53-295C-4727-8F19-3DC9FE529D9D}.Release|x64.Build.0 = Release|x64
		{F04C302D-C056-4D7A-B761-9A9156959610}.Debug|Any CPU.ActiveCfg = Debug|Any CPU
		{F04C302D-C056-4D7A-B761-9A9156959610}.Debug|Any CPU.Build.0 = Debug|Any CPU
		{F04C302D-C056-4D7A-B761-9A9156959610}.Debug|x64.ActiveCfg = Debug|x64
		{F04C302D-C056-4D7A-B761-9A9156959610}.Debug|x64.Build.0 = Debug|x64
		{F04C302D-C056-4D7A-B761-9A9156959610}.Release|Any CPU.ActiveCfg = Release|Any CPU
		{F04C302D-C056-4D7A-B761-9A9156959610}.Release|Any CPU.Build.0 = Release|Any CPU
		{F04C302D-C056-4D7A-B761-9A9156959610}.Release|x64.ActiveCfg = Release|x64
		{F04C302D-C056-4D7A-B761-9A9156959610}.Release|x64.Build.0 = Release|x64
		{067CE0F4-E18E-4E3A-8E6A-B4BBA20D1025}.Debug|Any CPU.ActiveCfg = Debug|Any CPU
		{067CE0F4-E18E-4E3A-8E6A-B4BBA20D1025}.Debug|Any CPU.Build.0 = Debug|Any CPU
		{067CE0F4-E18E-4E3A-8E6A-B4BBA20D1025}.Debug|Any CPU.Deploy.0 = Debug|Any CPU
		{067CE0F4-E18E-4E3A-8E6A-B4BBA20D1025}.Debug|x64.ActiveCfg = Debug|Any CPU
		{067CE0F4-E18E-4E3A-8E6A-B4BBA20D1025}.Debug|x64.Build.0 = Debug|Any CPU
		{067CE0F4-E18E-4E3A-8E6A-B4BBA20D1025}.Debug|x64.Deploy.0 = Debug|Any CPU
		{067CE0F4-E18E-4E3A-8E6A-B4BBA20D1025}.Release|Any CPU.ActiveCfg = Release|Any CPU
		{067CE0F4-E18E-4E3A-8E6A-B4BBA20D1025}.Release|Any CPU.Build.0 = Release|Any CPU
		{067CE0F4-E18E-4E3A-8E6A-B4BBA20D1025}.Release|Any CPU.Deploy.0 = Release|Any CPU
		{067CE0F4-E18E-4E3A-8E6A-B4BBA20D1025}.Release|x64.ActiveCfg = Release|Any CPU
		{067CE0F4-E18E-4E3A-8E6A-B4BBA20D1025}.Release|x64.Build.0 = Release|Any CPU
		{067CE0F4-E18E-4E3A-8E6A-B4BBA20D1025}.Release|x64.Deploy.0 = Release|Any CPU
		{ABED01CB-E8B0-4B35-AD01-B333AC9D3F8D}.Debug|Any CPU.ActiveCfg = Debug|Any CPU
		{ABED01CB-E8B0-4B35-AD01-B333AC9D3F8D}.Debug|Any CPU.Build.0 = Debug|Any CPU
		{ABED01CB-E8B0-4B35-AD01-B333AC9D3F8D}.Debug|x64.ActiveCfg = Debug|x64
		{ABED01CB-E8B0-4B35-AD01-B333AC9D3F8D}.Debug|x64.Build.0 = Debug|x64
		{ABED01CB-E8B0-4B35-AD01-B333AC9D3F8D}.Release|Any CPU.ActiveCfg = Release|Any CPU
		{ABED01CB-E8B0-4B35-AD01-B333AC9D3F8D}.Release|Any CPU.Build.0 = Release|Any CPU
		{ABED01CB-E8B0-4B35-AD01-B333AC9D3F8D}.Release|x64.ActiveCfg = Release|x64
		{ABED01CB-E8B0-4B35-AD01-B333AC9D3F8D}.Release|x64.Build.0 = Release|x64
		{137469D0-5596-4F12-A844-9504BED6ABF6}.Debug|Any CPU.ActiveCfg = Debug|Any CPU
		{137469D0-5596-4F12-A844-9504BED6ABF6}.Debug|Any CPU.Build.0 = Debug|Any CPU
		{137469D0-5596-4F12-A844-9504BED6ABF6}.Debug|x64.ActiveCfg = Debug|x64
		{137469D0-5596-4F12-A844-9504BED6ABF6}.Debug|x64.Build.0 = Debug|x64
		{137469D0-5596-4F12-A844-9504BED6ABF6}.Release|Any CPU.ActiveCfg = Release|Any CPU
		{137469D0-5596-4F12-A844-9504BED6ABF6}.Release|Any CPU.Build.0 = Release|Any CPU
		{137469D0-5596-4F12-A844-9504BED6ABF6}.Release|x64.ActiveCfg = Release|x64
		{137469D0-5596-4F12-A844-9504BED6ABF6}.Release|x64.Build.0 = Release|x64
		{5BE24DA3-85FF-4903-A57D-D0B2F3D438E6}.Debug|Any CPU.ActiveCfg = Debug|Any CPU
		{5BE24DA3-85FF-4903-A57D-D0B2F3D438E6}.Debug|Any CPU.Build.0 = Debug|Any CPU
		{5BE24DA3-85FF-4903-A57D-D0B2F3D438E6}.Debug|x64.ActiveCfg = Debug|x64
		{5BE24DA3-85FF-4903-A57D-D0B2F3D438E6}.Debug|x64.Build.0 = Debug|x64
		{5BE24DA3-85FF-4903-A57D-D0B2F3D438E6}.Release|Any CPU.ActiveCfg = Release|Any CPU
		{5BE24DA3-85FF-4903-A57D-D0B2F3D438E6}.Release|Any CPU.Build.0 = Release|Any CPU
		{5BE24DA3-85FF-4903-A57D-D0B2F3D438E6}.Release|x64.ActiveCfg = Release|x64
		{5BE24DA3-85FF-4903-A57D-D0B2F3D438E6}.Release|x64.Build.0 = Release|x64
		{AC371DBF-DD16-4472-A3B8-651AA1674491}.Debug|Any CPU.ActiveCfg = Debug|Any CPU
		{AC371DBF-DD16-4472-A3B8-651AA1674491}.Debug|Any CPU.Build.0 = Debug|Any CPU
		{AC371DBF-DD16-4472-A3B8-651AA1674491}.Debug|x64.ActiveCfg = Debug|x64
		{AC371DBF-DD16-4472-A3B8-651AA1674491}.Debug|x64.Build.0 = Debug|x64
		{AC371DBF-DD16-4472-A3B8-651AA1674491}.Release|Any CPU.ActiveCfg = Release|Any CPU
		{AC371DBF-DD16-4472-A3B8-651AA1674491}.Release|Any CPU.Build.0 = Release|Any CPU
		{AC371DBF-DD16-4472-A3B8-651AA1674491}.Release|x64.ActiveCfg = Release|x64
		{AC371DBF-DD16-4472-A3B8-651AA1674491}.Release|x64.Build.0 = Release|x64
		{321B242E-3A27-DF11-419B-31C784F5F5D1}.Debug|Any CPU.ActiveCfg = Debug|Any CPU
		{321B242E-3A27-DF11-419B-31C784F5F5D1}.Debug|Any CPU.Build.0 = Debug|Any CPU
		{321B242E-3A27-DF11-419B-31C784F5F5D1}.Debug|x64.ActiveCfg = Debug|x64
		{321B242E-3A27-DF11-419B-31C784F5F5D1}.Debug|x64.Build.0 = Debug|x64
		{321B242E-3A27-DF11-419B-31C784F5F5D1}.Release|Any CPU.ActiveCfg = Release|Any CPU
		{321B242E-3A27-DF11-419B-31C784F5F5D1}.Release|Any CPU.Build.0 = Release|Any CPU
		{321B242E-3A27-DF11-419B-31C784F5F5D1}.Release|x64.ActiveCfg = Release|x64
		{321B242E-3A27-DF11-419B-31C784F5F5D1}.Release|x64.Build.0 = Release|x64
		{A28AE743-00B0-4E57-9ED9-29FB5C7D394B}.Debug|Any CPU.ActiveCfg = Debug|Any CPU
		{A28AE743-00B0-4E57-9ED9-29FB5C7D394B}.Debug|Any CPU.Build.0 = Debug|Any CPU
		{A28AE743-00B0-4E57-9ED9-29FB5C7D394B}.Debug|x64.ActiveCfg = Debug|x64
		{A28AE743-00B0-4E57-9ED9-29FB5C7D394B}.Debug|x64.Build.0 = Debug|x64
		{A28AE743-00B0-4E57-9ED9-29FB5C7D394B}.Release|Any CPU.ActiveCfg = Release|Any CPU
		{A28AE743-00B0-4E57-9ED9-29FB5C7D394B}.Release|Any CPU.Build.0 = Release|Any CPU
		{A28AE743-00B0-4E57-9ED9-29FB5C7D394B}.Release|x64.ActiveCfg = Release|x64
		{A28AE743-00B0-4E57-9ED9-29FB5C7D394B}.Release|x64.Build.0 = Release|x64
		{B7761AE4-C0A9-2BBC-1773-A7347B8A45BE}.Debug|Any CPU.ActiveCfg = Debug|Any CPU
		{B7761AE4-C0A9-2BBC-1773-A7347B8A45BE}.Debug|Any CPU.Build.0 = Debug|Any CPU
		{B7761AE4-C0A9-2BBC-1773-A7347B8A45BE}.Debug|x64.ActiveCfg = Debug|x64
		{B7761AE4-C0A9-2BBC-1773-A7347B8A45BE}.Debug|x64.Build.0 = Debug|x64
		{B7761AE4-C0A9-2BBC-1773-A7347B8A45BE}.Release|Any CPU.ActiveCfg = Release|Any CPU
		{B7761AE4-C0A9-2BBC-1773-A7347B8A45BE}.Release|Any CPU.Build.0 = Release|Any CPU
		{B7761AE4-C0A9-2BBC-1773-A7347B8A45BE}.Release|x64.ActiveCfg = Release|x64
		{B7761AE4-C0A9-2BBC-1773-A7347B8A45BE}.Release|x64.Build.0 = Release|x64
		{D9F79FDF-DF3C-AA11-74AF-DE2F996C13F7}.Debug|Any CPU.ActiveCfg = Debug|Any CPU
		{D9F79FDF-DF3C-AA11-74AF-DE2F996C13F7}.Debug|Any CPU.Build.0 = Debug|Any CPU
		{D9F79FDF-DF3C-AA11-74AF-DE2F996C13F7}.Debug|x64.ActiveCfg = Debug|x64
		{D9F79FDF-DF3C-AA11-74AF-DE2F996C13F7}.Debug|x64.Build.0 = Debug|x64
		{D9F79FDF-DF3C-AA11-74AF-DE2F996C13F7}.Debug|x64.Deploy.0 = Debug|x64
		{D9F79FDF-DF3C-AA11-74AF-DE2F996C13F7}.Release|Any CPU.ActiveCfg = Release|Any CPU
		{D9F79FDF-DF3C-AA11-74AF-DE2F996C13F7}.Release|Any CPU.Build.0 = Release|Any CPU
		{D9F79FDF-DF3C-AA11-74AF-DE2F996C13F7}.Release|x64.ActiveCfg = Release|x64
		{D9F79FDF-DF3C-AA11-74AF-DE2F996C13F7}.Release|x64.Build.0 = Release|x64
		{D9F79FDF-DF3C-AA11-74AF-DE2F996C13F7}.Release|x64.Deploy.0 = Release|x64
		{AEC85B64-D0CD-ADAE-20B2-3B35475609B0}.Debug|Any CPU.ActiveCfg = Debug|Any CPU
		{AEC85B64-D0CD-ADAE-20B2-3B35475609B0}.Debug|Any CPU.Build.0 = Debug|Any CPU
		{AEC85B64-D0CD-ADAE-20B2-3B35475609B0}.Debug|x64.ActiveCfg = Debug|x64
		{AEC85B64-D0CD-ADAE-20B2-3B35475609B0}.Debug|x64.Build.0 = Debug|x64
		{AEC85B64-D0CD-ADAE-20B2-3B35475609B0}.Release|Any CPU.ActiveCfg = Release|Any CPU
		{AEC85B64-D0CD-ADAE-20B2-3B35475609B0}.Release|Any CPU.Build.0 = Release|Any CPU
		{AEC85B64-D0CD-ADAE-20B2-3B35475609B0}.Release|x64.ActiveCfg = Release|x64
		{AEC85B64-D0CD-ADAE-20B2-3B35475609B0}.Release|x64.Build.0 = Release|x64
		{DFF36649-6895-4053-97AF-5DAC2A81AF7E}.Debug|Any CPU.ActiveCfg = Debug|Any CPU
		{DFF36649-6895-4053-97AF-5DAC2A81AF7E}.Debug|Any CPU.Build.0 = Debug|Any CPU
		{DFF36649-6895-4053-97AF-5DAC2A81AF7E}.Debug|x64.ActiveCfg = Debug|x64
		{DFF36649-6895-4053-97AF-5DAC2A81AF7E}.Debug|x64.Build.0 = Debug|x64
		{DFF36649-6895-4053-97AF-5DAC2A81AF7E}.Release|Any CPU.ActiveCfg = Release|Any CPU
		{DFF36649-6895-4053-97AF-5DAC2A81AF7E}.Release|Any CPU.Build.0 = Release|Any CPU
		{DFF36649-6895-4053-97AF-5DAC2A81AF7E}.Release|x64.ActiveCfg = Release|x64
		{DFF36649-6895-4053-97AF-5DAC2A81AF7E}.Release|x64.Build.0 = Release|x64
	EndGlobalSection
	GlobalSection(SolutionProperties) = preSolution
		HideSolutionNode = FALSE
	EndGlobalSection
	GlobalSection(NestedProjects) = preSolution
		{939C0A24-3AFB-4549-BAE2-E3D38A596EF9} = {2F66AE62-56FE-4071-B60E-25D056DA9E91}
		{D0411AF2-3BE4-474C-B945-4343AAAA32BD} = {2F66AE62-56FE-4071-B60E-25D056DA9E91}
		{6EC989A0-9C3B-4995-811C-67AAA0D62518} = {58ED8D02-C682-40C2-A855-A45FD64429F6}
		{097F45F5-1508-4246-B8E3-A3BEC692F095} = {58ED8D02-C682-40C2-A855-A45FD64429F6}
		{5D36200C-A06A-4F85-BF4D-2B4EB59BD3D2} = {58ED8D02-C682-40C2-A855-A45FD64429F6}
		{9D5B205E-A740-41EC-8437-055A2907074B} = {58ED8D02-C682-40C2-A855-A45FD64429F6}
		{7B764B8B-9EE1-4C5D-B3CB-7EEF2A40B740} = {C285ADD8-71BE-4DD9-AA55-BBAF1C03A77C}
		{4261866C-1791-4F23-A546-E144276B0F97} = {C285ADD8-71BE-4DD9-AA55-BBAF1C03A77C}
		{CE86F573-5553-4276-9098-F2827FB33236} = {C285ADD8-71BE-4DD9-AA55-BBAF1C03A77C}
		{549C1695-99E3-4A75-A285-D8B183950C73} = {C285ADD8-71BE-4DD9-AA55-BBAF1C03A77C}
		{696D2042-75EE-4A7E-A58C-D829A9924BC4} = {58ED8D02-C682-40C2-A855-A45FD64429F6}
		{BAC85AC9-F3A9-4206-ABE1-02F123EFC7D6} = {2070C619-467B-44AB-922D-D9A1FEF633D7}
		{0FC112FB-35BB-457F-9AAF-2FA511B449BD} = {2070C619-467B-44AB-922D-D9A1FEF633D7}
		{12F7BF00-A0EE-41D2-B9C4-A4EAB7C690A1} = {2070C619-467B-44AB-922D-D9A1FEF633D7}
		{A18071A3-28AF-4394-8A85-29082C6F5CD0} = {2F66AE62-56FE-4071-B60E-25D056DA9E91}
		{11ED90E9-85B8-4545-94E9-2919ACD51F12} = {C285ADD8-71BE-4DD9-AA55-BBAF1C03A77C}
		{BAD5CEB8-E157-46F9-B620-1749858CBDD0} = {2070C619-467B-44AB-922D-D9A1FEF633D7}
		{22346221-F1D6-4093-BE74-E1B7232B3D20} = {58ED8D02-C682-40C2-A855-A45FD64429F6}
		{7637AB55-A272-4390-8222-8397150FE18F} = {2070C619-467B-44AB-922D-D9A1FEF633D7}
		{41C5F645-689F-49D5-8A77-1C7F1DF963EE} = {2070C619-467B-44AB-922D-D9A1FEF633D7}
		{5E998D96-93A5-453B-B8EE-D6EBD2967E18} = {7630AAE4-5AEB-4543-B918-39CB1DDC2DE0}
		{151A0D98-7E72-4D78-8C7E-C2BBDBA4D75D} = {A0A6CD7F-C9B6-4BB4-9756-AF601CAD6732}
		{4FF56F83-7124-4975-B086-2F9C4FCC59E4} = {2070C619-467B-44AB-922D-D9A1FEF633D7}
		{F50A869E-655E-412E-979F-B802FD3AA240} = {2070C619-467B-44AB-922D-D9A1FEF633D7}
		{93546599-6988-412F-B4DC-0329E5101FFB} = {7630AAE4-5AEB-4543-B918-39CB1DDC2DE0}
		{11AB8634-1E12-475C-AF8F-B8DDA5088BCF} = {2070C619-467B-44AB-922D-D9A1FEF633D7}
		{9AE04283-8CE8-4D2F-847F-9123AE5897BB} = {2070C619-467B-44AB-922D-D9A1FEF633D7}
		{1A6E0A28-0F13-4935-9816-8277350745F3} = {A0A6CD7F-C9B6-4BB4-9756-AF601CAD6732}
		{9B7D1E5C-F364-4F2A-A9B8-D502FEED010A} = {2070C619-467B-44AB-922D-D9A1FEF633D7}
		{DBE49244-F6A1-46ED-837C-B1F308DB2208} = {060B16F4-E80A-49AD-8696-E40F6B8972CB}
		{8127CD8E-D690-4313-8CF3-2862DFF9C6AB} = {060B16F4-E80A-49AD-8696-E40F6B8972CB}
		{B8976F14-8FE9-4EC7-B361-B989F332F9F7} = {58ED8D02-C682-40C2-A855-A45FD64429F6}
		{FB83EAA4-9995-4E2D-A68F-FCF8198D3474} = {2070C619-467B-44AB-922D-D9A1FEF633D7}
		{842C66E7-4D5D-4B95-B704-A99A18BCFAF3} = {2070C619-467B-44AB-922D-D9A1FEF633D7}
		{8B3B939C-CD86-453F-B69F-73D3318E91A8} = {58ED8D02-C682-40C2-A855-A45FD64429F6}
		{B7707B4C-81F0-42FF-BD4D-6034B85BC7D8} = {2070C619-467B-44AB-922D-D9A1FEF633D7}
		{933C7A64-CE8A-404D-BA3D-F80820943958} = {D2CAB330-1986-4612-928B-645318158099}
		{9C6ED744-1023-4DD9-B3F8-61EBD565DB10} = {D2CAB330-1986-4612-928B-645318158099}
		{AC81C2CA-7870-466A-BEF4-D4F6F9B3B731} = {D2CAB330-1986-4612-928B-645318158099}
		{46AD1C9E-16E0-4B64-ACF5-D7E5F59C9C75} = {2070C619-467B-44AB-922D-D9A1FEF633D7}
		{BA5EA4E2-F237-4E51-A788-3638B78E4D88} = {2070C619-467B-44AB-922D-D9A1FEF633D7}
		{0EC978D8-8011-402E-A070-EE602F24A744} = {2070C619-467B-44AB-922D-D9A1FEF633D7}
		{413B694C-086A-4359-A3BE-9C90737EC1C8} = {2070C619-467B-44AB-922D-D9A1FEF633D7}
		{943D6BD5-E243-4AB8-8923-BFBA60965567} = {060B16F4-E80A-49AD-8696-E40F6B8972CB}
		{2E782DAE-A4A2-41F4-90BE-54964CB99A50} = {2F66AE62-56FE-4071-B60E-25D056DA9E91}
		{9996C2D5-6AA5-4E6C-9B1F-0ADE503652C7} = {2E782DAE-A4A2-41F4-90BE-54964CB99A50}
		{3639A75D-F92C-4A2F-9219-C29E928B01E5} = {2E782DAE-A4A2-41F4-90BE-54964CB99A50}
		{5EBB7338-D164-473B-9777-5C8E7BA91287} = {2E782DAE-A4A2-41F4-90BE-54964CB99A50}
		{0F345087-1FF0-498C-B286-3F6479755DF9} = {2070C619-467B-44AB-922D-D9A1FEF633D7}
		{E77383AA-55FB-45E3-A5CF-79CDC9BAD47F} = {2E782DAE-A4A2-41F4-90BE-54964CB99A50}
		{F1FE651A-5990-497A-89B2-80E9E8871254} = {2070C619-467B-44AB-922D-D9A1FEF633D7}
		{26633B4D-A22D-4D41-83C9-75C5A44D4CB2} = {543026EC-B403-403C-A7FA-027ABF30133B}
		{33EC6DFD-55C3-40BA-A710-74B02D4F9B37} = {2070C619-467B-44AB-922D-D9A1FEF633D7}
		{BA4958B8-5BD5-4396-B305-2588632001D6} = {6E86180E-96AC-44AB-94CA-985652DDE378}
		{D76A4E77-55C9-4CAF-9937-244390D48E9D} = {543026EC-B403-403C-A7FA-027ABF30133B}
		{1C2AE7BD-FA40-4334-82B7-E94CE0DF3F66} = {543026EC-B403-403C-A7FA-027ABF30133B}
		{501F1B92-D6F9-4BD2-A902-D0DC35AF5060} = {543026EC-B403-403C-A7FA-027ABF30133B}
		{4A59D552-3ACD-45DB-BF36-D7C79634B72E} = {543026EC-B403-403C-A7FA-027ABF30133B}
		{F8456E53-295C-4727-8F19-3DC9FE529D9D} = {543026EC-B403-403C-A7FA-027ABF30133B}
		{F04C302D-C056-4D7A-B761-9A9156959610} = {543026EC-B403-403C-A7FA-027ABF30133B}
		{543026EC-B403-403C-A7FA-027ABF30133B} = {2E782DAE-A4A2-41F4-90BE-54964CB99A50}
		{067CE0F4-E18E-4E3A-8E6A-B4BBA20D1025} = {543026EC-B403-403C-A7FA-027ABF30133B}
		{ABED01CB-E8B0-4B35-AD01-B333AC9D3F8D} = {D2CAB330-1986-4612-928B-645318158099}
		{137469D0-5596-4F12-A844-9504BED6ABF6} = {7630AAE4-5AEB-4543-B918-39CB1DDC2DE0}
		{5BE24DA3-85FF-4903-A57D-D0B2F3D438E6} = {2070C619-467B-44AB-922D-D9A1FEF633D7}
		{AC371DBF-DD16-4472-A3B8-651AA1674491} = {2070C619-467B-44AB-922D-D9A1FEF633D7}
		{321B242E-3A27-DF11-419B-31C784F5F5D1} = {7630AAE4-5AEB-4543-B918-39CB1DDC2DE0}
		{02EA681E-C7D8-13C7-8484-4AC65E1B71E8} = {2F66AE62-56FE-4071-B60E-25D056DA9E91}
		{A28AE743-00B0-4E57-9ED9-29FB5C7D394B} = {060B16F4-E80A-49AD-8696-E40F6B8972CB}
		{B7761AE4-C0A9-2BBC-1773-A7347B8A45BE} = {02EA681E-C7D8-13C7-8484-4AC65E1B71E8}
		{D9F79FDF-DF3C-AA11-74AF-DE2F996C13F7} = {02EA681E-C7D8-13C7-8484-4AC65E1B71E8}
		{AEC85B64-D0CD-ADAE-20B2-3B35475609B0} = {02EA681E-C7D8-13C7-8484-4AC65E1B71E8}
		{DFF36649-6895-4053-97AF-5DAC2A81AF7E} = {2070C619-467B-44AB-922D-D9A1FEF633D7}
	EndGlobalSection
	GlobalSection(ExtensibilityGlobals) = postSolution
		SolutionGuid = {9C8DD7BC-85A1-44DB-81ED-5DA8F4312EEA}
	EndGlobalSection
EndGlobal
